Microsoft Visual Studio Solution File, Format Version 11.00
# Visual Studio 2010
Project("{8BC9CEB8-8B4A-11D0-8D11-00A0C91BC942}") = "blobs", "blobs.vcxproj", "{72ABF3AE-CF7A-11DA-85E2-A4E5714C712A}"
EndProject
Project("{8BC9CEB8-8B4A-11D0-8D11-00A0C91BC942}") = "burstoff", "burstoff.vcxproj", "{7B2A50F2-CF7A-11DA-85E2-A4E5714C712A}"
EndProject
Project("{8BC9CEB8-8B4A-11D0-8D11-00A0C91BC942}") = "cursor", "cursor.vcxproj", "{97D467CE-CF7A-11DA-85E2-A4E5714C712A}"
EndProject
Project("{8BC9CEB8-8B4A-11D0-8D11-00A0C91BC942}") = "cutter", "cutter.vcxproj", "{6E10B655-C324-491F-B202-73565D6B30FB}"
EndProject
Project("{8BC9CEB8-8B4A-11D0-8D11-00A0C91BC942}") = "dk1t", "dk1t.vcxproj", "{58F7DCEF-D5DE-402D-8F50-39B67C8B9E9E}"
EndProject
Project("{8BC9CEB8-8B4A-11D0-8D11-00A0C91BC942}") = "dksrv", "dksrv.vcxproj", "{58867EBA-CA07-4F41-A966-6245FF14773E}"
EndProject
Project("{8BC9CEB8-8B4A-11D0-8D11-00A0C91BC942}") = "getdata", "getdata.vcxproj", "{AFB15514-CF7A-11DA-85E2-A4E5714C712A}"
EndProject
Project("{8BC9CEB8-8B4A-11D0-8D11-00A0C91BC942}") = "hosting_perl", "hosting_perl.vcxproj", "{354809B6-CF7B-11DA-85E2-A4E5714C712A}"
EndProject
Project("{8BC9CEB8-8B4A-11D0-8D11-00A0C91BC942}") = "hosting_python", "hosting_python.vcxproj", "{B525A234-CF7A-11DA-85E2-A4E5714C712A}"
EndProject
Project("{8BC9CEB8-8B4A-11D0-8D11-00A0C91BC942}") = "im", "im.vcxproj", "{C152ADCC-CF7A-11DA-85E2-A4E5714C712A}"
EndProject
Project("{8BC9CEB8-8B4A-11D0-8D11-00A0C91BC942}") = "ins", "ins.vcxproj", "{C6C66924-CF7A-11DA-85E2-A4E5714C712A}"
EndProject
Project("{8BC9CEB8-8B4A-11D0-8D11-00A0C91BC942}") = "isql", "isql_native.vcxproj", "{AFB1D909-86D0-49DE-8BD8-DF89349F934E}"
EndProject
Project("{8BC9CEB8-8B4A-11D0-8D11-00A0C91BC942}") = "libvirtuoso-t", "libvirtuoso_odbc_t.vcxproj", "{FB836C59-41E1-48EA-A59B-460AB56587EE}"
EndProject
Project("{8BC9CEB8-8B4A-11D0-8D11-00A0C91BC942}") = "isqlo", "isql.vcxproj", "{9FF2579E-CF7B-11DA-85E2-A4E5714C712A}"
EndProject
Project("{8BC9CEB8-8B4A-11D0-8D11-00A0C91BC942}") = "scroll", "scroll.vcxproj", "{C9EC4A56-CF7A-11DA-85E2-A4E5714C712A}"
EndProject
Project("{8BC9CEB8-8B4A-11D0-8D11-00A0C91BC942}") = "setcurs", "setcurs.vcxproj", "{DCA407C4-CF7A-11DA-85E2-A4E5714C712A}"
EndProject
Project("{8BC9CEB8-8B4A-11D0-8D11-00A0C91BC942}") = "threads", "threads.vcxproj", "{B619BB2C-A9AC-453D-BA98-3A8F3217B1AB}"
EndProject
Project("{8BC9CEB8-8B4A-11D0-8D11-00A0C91BC942}") = "threadw", "threadw.vcxproj", "{D3A2882C-410A-4F58-8ACE-A771888073E8}"
EndProject
Project("{8BC9CEB8-8B4A-11D0-8D11-00A0C91BC942}") = "tidy", "tidy.vcxproj", "{D9E130E1-7734-43DF-A7EF-15CD95E467EE}"
EndProject
Project("{8BC9CEB8-8B4A-11D0-8D11-00A0C91BC942}") = "tpcc", "tpcc.vcxproj", "{E5D3D9AA-CF7A-11DA-85E2-A4E5714C712A}"
EndProject
Project("{8BC9CEB8-8B4A-11D0-8D11-00A0C91BC942}") = "urlsimu", "urlsimu.vcxproj", "{EF98F42A-CF7A-11DA-85E2-A4E5714C712A}"
EndProject
Project("{8BC9CEB8-8B4A-11D0-8D11-00A0C91BC942}") = "util", "util.vcxproj", "{031DB868-5294-4738-90BA-F80BB2CEA9DC}"
	ProjectSection(ProjectDependencies) = postProject
		{A66E395B-18EE-4877-8F0D-386A7BBAB370} = {A66E395B-18EE-4877-8F0D-386A7BBAB370}
		{86645C8E-3BBE-4E1E-A8AE-C6990B4ECC64} = {86645C8E-3BBE-4E1E-A8AE-C6990B4ECC64}
		{0C234EF0-7725-4BDA-A1C3-47F5835A3837} = {0C234EF0-7725-4BDA-A1C3-47F5835A3837}
	EndProjectSection
EndProject
Project("{8BC9CEB8-8B4A-11D0-8D11-00A0C91BC942}") = "virtodbc", "virtodbc.vcxproj", "{3D1A94CE-CF7B-11DA-85E2-A4E5714C712A}"
EndProject
Project("{8BC9CEB8-8B4A-11D0-8D11-00A0C91BC942}") = "virtoledb", "virtoledb.vcxproj", "{F357CF96-CF7A-11DA-85E2-A4E5714C712A}"
EndProject
Project("{8BC9CEB8-8B4A-11D0-8D11-00A0C91BC942}") = "virtuoso-clr-t", "virtuoso_odbc_clr_t.vcxproj", "{8D07389F-F48A-49B9-BED9-F71FCBACC4A8}"
EndProject
Project("{8BC9CEB8-8B4A-11D0-8D11-00A0C91BC942}") = "virtuoso-javavm-t", "virtuoso_odbc_javavm_t.vcxproj", "{02AD88A0-CF7B-11DA-85E2-A4E5714C712A}"
EndProject
Project("{8BC9CEB8-8B4A-11D0-8D11-00A0C91BC942}") = "virtuoso-sample-t", "virtuoso_odbc_sample_t.vcxproj", "{0E838FA8-CF7B-11DA-85E2-A4E5714C712A}"
EndProject
Project("{8BC9CEB8-8B4A-11D0-8D11-00A0C91BC942}") = "virtuoso-t", "virtuoso_odbc_t.vcxproj", "{F4E88BFA-FC96-439D-9E67-0A92AB541EE0}"
	ProjectSection(ProjectDependencies) = postProject
		{B619BB2C-A9AC-453D-BA98-3A8F3217B1AB} = {B619BB2C-A9AC-453D-BA98-3A8F3217B1AB}
		{A66E395B-18EE-4877-8F0D-386A7BBAB370} = {A66E395B-18EE-4877-8F0D-386A7BBAB370}
	EndProjectSection
EndProject
Project("{8BC9CEB8-8B4A-11D0-8D11-00A0C91BC942}") = "wi", "wi.vcxproj", "{93051962-7797-49F0-8958-BB1CE60FFE6F}"
	ProjectSection(ProjectDependencies) = postProject
		{D3A2882C-410A-4F58-8ACE-A771888073E8} = {D3A2882C-410A-4F58-8ACE-A771888073E8}
		{B619BB2C-A9AC-453D-BA98-3A8F3217B1AB} = {B619BB2C-A9AC-453D-BA98-3A8F3217B1AB}
		{86645C8E-3BBE-4E1E-A8AE-C6990B4ECC64} = {86645C8E-3BBE-4E1E-A8AE-C6990B4ECC64}
		{58867EBA-CA07-4F41-A966-6245FF14773E} = {58867EBA-CA07-4F41-A966-6245FF14773E}
		{D9E130E1-7734-43DF-A7EF-15CD95E467EE} = {D9E130E1-7734-43DF-A7EF-15CD95E467EE}
		{58F7DCEF-D5DE-402D-8F50-39B67C8B9E9E} = {58F7DCEF-D5DE-402D-8F50-39B67C8B9E9E}
		{0C234EF0-7725-4BDA-A1C3-47F5835A3837} = {0C234EF0-7725-4BDA-A1C3-47F5835A3837}
	EndProjectSection
EndProject
Project("{8BC9CEB8-8B4A-11D0-8D11-00A0C91BC942}") = "wic", "wic.vcxproj", "{A66E395B-18EE-4877-8F0D-386A7BBAB370}"
EndProject
Project("{8BC9CEB8-8B4A-11D0-8D11-00A0C91BC942}") = "wikiv", "wikiv.vcxproj", "{A326A0DF-4F93-4DF6-813D-0B64F98B389F}"
EndProject
Project("{8BC9CEB8-8B4A-11D0-8D11-00A0C91BC942}") = "xml", "xml.vcxproj", "{0C234EF0-7725-4BDA-A1C3-47F5835A3837}"
EndProject
Project("{8BC9CEB8-8B4A-11D0-8D11-00A0C91BC942}") = "zlib", "zlib.vcxproj", "{86645C8E-3BBE-4E1E-A8AE-C6990B4ECC64}"
EndProject
Project("{8BC9CEB8-8B4A-11D0-8D11-00A0C91BC942}") = "maildrop", "maildrop.vcxproj", "{C5F98602-E5B9-11DA-85E2-A4E5714C712A}"
EndProject
Project("{8BC9CEB8-8B4A-11D0-8D11-00A0C91BC942}") = "virtmail", "odbcmail.vcxproj", "{4C517D78-E5B9-11DA-85E2-A4E5714C712A}"
EndProject
Project("{8BC9CEB8-8B4A-11D0-8D11-00A0C91BC942}") = "hosting_php", "hosting_php.vcxproj", "{9D059C10-A1AE-11DC-AE66-B7BFA9FB648A}"
EndProject
Project("{8BC9CEB8-8B4A-11D0-8D11-00A0C91BC942}") = "creolewiki", "creolewiki.vcxproj", "{ABE43C46-E1C4-11DB-930B-CD6B662399AA}"
EndProject
Project("{8BC9CEB8-8B4A-11D0-8D11-00A0C91BC942}") = "mediawiki", "mediawiki.vcxproj", "{408E2482-2623-11DB-9BB9-97600548391D}"
EndProject
Project("{8BC9CEB8-8B4A-11D0-8D11-00A0C91BC942}") = "wbxml2", "wbxml2.vcxproj", "{5582D8D0-DB93-11DB-930B-CD6B662399AA}"
	ProjectSection(ProjectDependencies) = postProject
		{93051962-7797-49F0-8958-BB1CE60FFE6F} = {93051962-7797-49F0-8958-BB1CE60FFE6F}
		{031DB868-5294-4738-90BA-F80BB2CEA9DC} = {031DB868-5294-4738-90BA-F80BB2CEA9DC}
	EndProjectSection
EndProject
Project("{FAE04EC0-301F-11D3-BF4B-00C04F79EFBC}") = "VirtuosoClient.NET.vc2005", "..\binsrc\VirtuosoClient.Net\VirtuosoClient.NET.vc2005.csproj", "{50E2DD3F-5B5E-4E62-9206-A41824905CD7}"
EndProject
Global
	GlobalSection(SolutionConfigurationPlatforms) = preSolution
		Debug|Any CPU = Debug|Any CPU
		Debug|Win32 = Debug|Win32
		Debug|x64 = Debug|x64
		Debug|x86 = Debug|x86
		Release|Any CPU = Release|Any CPU
		Release|Win32 = Release|Win32
		Release|x64 = Release|x64
		Release|x86 = Release|x86
	EndGlobalSection
	GlobalSection(ProjectConfigurationPlatforms) = postSolution
		{72ABF3AE-CF7A-11DA-85E2-A4E5714C712A}.Debug|Any CPU.ActiveCfg = Release|x64
		{72ABF3AE-CF7A-11DA-85E2-A4E5714C712A}.Debug|Win32.ActiveCfg = Release|x64
		{72ABF3AE-CF7A-11DA-85E2-A4E5714C712A}.Debug|x64.ActiveCfg = Release|x64
		{72ABF3AE-CF7A-11DA-85E2-A4E5714C712A}.Debug|x64.Build.0 = Release|x64
		{72ABF3AE-CF7A-11DA-85E2-A4E5714C712A}.Debug|x86.ActiveCfg = Release|x64
		{72ABF3AE-CF7A-11DA-85E2-A4E5714C712A}.Release|Any CPU.ActiveCfg = Release|x64
		{72ABF3AE-CF7A-11DA-85E2-A4E5714C712A}.Release|Win32.ActiveCfg = Release|Win32
		{72ABF3AE-CF7A-11DA-85E2-A4E5714C712A}.Release|Win32.Build.0 = Release|Win32
		{72ABF3AE-CF7A-11DA-85E2-A4E5714C712A}.Release|x64.ActiveCfg = Release|x64
		{72ABF3AE-CF7A-11DA-85E2-A4E5714C712A}.Release|x64.Build.0 = Release|x64
		{72ABF3AE-CF7A-11DA-85E2-A4E5714C712A}.Release|x86.ActiveCfg = Release|x64
		{7B2A50F2-CF7A-11DA-85E2-A4E5714C712A}.Debug|Any CPU.ActiveCfg = Release|x64
		{7B2A50F2-CF7A-11DA-85E2-A4E5714C712A}.Debug|Win32.ActiveCfg = Release|x64
		{7B2A50F2-CF7A-11DA-85E2-A4E5714C712A}.Debug|x64.ActiveCfg = Release|x64
		{7B2A50F2-CF7A-11DA-85E2-A4E5714C712A}.Debug|x64.Build.0 = Release|x64
		{7B2A50F2-CF7A-11DA-85E2-A4E5714C712A}.Debug|x86.ActiveCfg = Release|x64
		{7B2A50F2-CF7A-11DA-85E2-A4E5714C712A}.Release|Any CPU.ActiveCfg = Release|x64
		{7B2A50F2-CF7A-11DA-85E2-A4E5714C712A}.Release|Win32.ActiveCfg = Release|Win32
		{7B2A50F2-CF7A-11DA-85E2-A4E5714C712A}.Release|Win32.Build.0 = Release|Win32
		{7B2A50F2-CF7A-11DA-85E2-A4E5714C712A}.Release|x64.ActiveCfg = Release|x64
		{7B2A50F2-CF7A-11DA-85E2-A4E5714C712A}.Release|x64.Build.0 = Release|x64
		{7B2A50F2-CF7A-11DA-85E2-A4E5714C712A}.Release|x86.ActiveCfg = Release|x64
		{97D467CE-CF7A-11DA-85E2-A4E5714C712A}.Debug|Any CPU.ActiveCfg = Release|x64
		{97D467CE-CF7A-11DA-85E2-A4E5714C712A}.Debug|Win32.ActiveCfg = Release|x64
		{97D467CE-CF7A-11DA-85E2-A4E5714C712A}.Debug|x64.ActiveCfg = Release|x64
		{97D467CE-CF7A-11DA-85E2-A4E5714C712A}.Debug|x64.Build.0 = Release|x64
		{97D467CE-CF7A-11DA-85E2-A4E5714C712A}.Debug|x86.ActiveCfg = Release|x64
		{97D467CE-CF7A-11DA-85E2-A4E5714C712A}.Release|Any CPU.ActiveCfg = Release|x64
		{97D467CE-CF7A-11DA-85E2-A4E5714C712A}.Release|Win32.ActiveCfg = Release|Win32
		{97D467CE-CF7A-11DA-85E2-A4E5714C712A}.Release|Win32.Build.0 = Release|Win32
		{97D467CE-CF7A-11DA-85E2-A4E5714C712A}.Release|x64.ActiveCfg = Release|x64
		{97D467CE-CF7A-11DA-85E2-A4E5714C712A}.Release|x64.Build.0 = Release|x64
		{97D467CE-CF7A-11DA-85E2-A4E5714C712A}.Release|x86.ActiveCfg = Release|x64
		{6E10B655-C324-491F-B202-73565D6B30FB}.Debug|Any CPU.ActiveCfg = Release|x64
		{6E10B655-C324-491F-B202-73565D6B30FB}.Debug|Win32.ActiveCfg = Release|x64
		{6E10B655-C324-491F-B202-73565D6B30FB}.Debug|x64.ActiveCfg = Release|x64
		{6E10B655-C324-491F-B202-73565D6B30FB}.Debug|x64.Build.0 = Release|x64
		{6E10B655-C324-491F-B202-73565D6B30FB}.Debug|x86.ActiveCfg = Release|x64
		{6E10B655-C324-491F-B202-73565D6B30FB}.Release|Any CPU.ActiveCfg = Release|x64
		{6E10B655-C324-491F-B202-73565D6B30FB}.Release|Win32.ActiveCfg = Release|Win32
		{6E10B655-C324-491F-B202-73565D6B30FB}.Release|Win32.Build.0 = Release|Win32
		{6E10B655-C324-491F-B202-73565D6B30FB}.Release|x64.ActiveCfg = Release|x64
		{6E10B655-C324-491F-B202-73565D6B30FB}.Release|x64.Build.0 = Release|x64
		{6E10B655-C324-491F-B202-73565D6B30FB}.Release|x86.ActiveCfg = Release|x64
		{58F7DCEF-D5DE-402D-8F50-39B67C8B9E9E}.Debug|Any CPU.ActiveCfg = Release|x64
		{58F7DCEF-D5DE-402D-8F50-39B67C8B9E9E}.Debug|Win32.ActiveCfg = Release|x64
		{58F7DCEF-D5DE-402D-8F50-39B67C8B9E9E}.Debug|x64.ActiveCfg = Release|x64
		{58F7DCEF-D5DE-402D-8F50-39B67C8B9E9E}.Debug|x64.Build.0 = Release|x64
		{58F7DCEF-D5DE-402D-8F50-39B67C8B9E9E}.Debug|x86.ActiveCfg = Release|x64
		{58F7DCEF-D5DE-402D-8F50-39B67C8B9E9E}.Release|Any CPU.ActiveCfg = Release|x64
		{58F7DCEF-D5DE-402D-8F50-39B67C8B9E9E}.Release|Win32.ActiveCfg = Release|Win32
		{58F7DCEF-D5DE-402D-8F50-39B67C8B9E9E}.Release|Win32.Build.0 = Release|Win32
		{58F7DCEF-D5DE-402D-8F50-39B67C8B9E9E}.Release|x64.ActiveCfg = Release|x64
		{58F7DCEF-D5DE-402D-8F50-39B67C8B9E9E}.Release|x64.Build.0 = Release|x64
		{58F7DCEF-D5DE-402D-8F50-39B67C8B9E9E}.Release|x86.ActiveCfg = Release|x64
		{58867EBA-CA07-4F41-A966-6245FF14773E}.Debug|Any CPU.ActiveCfg = Release|x64
		{58867EBA-CA07-4F41-A966-6245FF14773E}.Debug|Win32.ActiveCfg = Release|x64
		{58867EBA-CA07-4F41-A966-6245FF14773E}.Debug|x64.ActiveCfg = Release|x64
		{58867EBA-CA07-4F41-A966-6245FF14773E}.Debug|x64.Build.0 = Release|x64
		{58867EBA-CA07-4F41-A966-6245FF14773E}.Debug|x86.ActiveCfg = Release|x64
		{58867EBA-CA07-4F41-A966-6245FF14773E}.Release|Any CPU.ActiveCfg = Release|x64
		{58867EBA-CA07-4F41-A966-6245FF14773E}.Release|Win32.ActiveCfg = Release|Win32
		{58867EBA-CA07-4F41-A966-6245FF14773E}.Release|Win32.Build.0 = Release|Win32
		{58867EBA-CA07-4F41-A966-6245FF14773E}.Release|x64.ActiveCfg = Release|x64
		{58867EBA-CA07-4F41-A966-6245FF14773E}.Release|x64.Build.0 = Release|x64
		{58867EBA-CA07-4F41-A966-6245FF14773E}.Release|x86.ActiveCfg = Release|x64
		{AFB15514-CF7A-11DA-85E2-A4E5714C712A}.Debug|Any CPU.ActiveCfg = Release|x64
		{AFB15514-CF7A-11DA-85E2-A4E5714C712A}.Debug|Win32.ActiveCfg = Release|x64
		{AFB15514-CF7A-11DA-85E2-A4E5714C712A}.Debug|x64.ActiveCfg = Release|x64
		{AFB15514-CF7A-11DA-85E2-A4E5714C712A}.Debug|x64.Build.0 = Release|x64
		{AFB15514-CF7A-11DA-85E2-A4E5714C712A}.Debug|x86.ActiveCfg = Release|x64
		{AFB15514-CF7A-11DA-85E2-A4E5714C712A}.Release|Any CPU.ActiveCfg = Release|x64
		{AFB15514-CF7A-11DA-85E2-A4E5714C712A}.Release|Win32.ActiveCfg = Release|Win32
		{AFB15514-CF7A-11DA-85E2-A4E5714C712A}.Release|Win32.Build.0 = Release|Win32
		{AFB15514-CF7A-11DA-85E2-A4E5714C712A}.Release|x64.ActiveCfg = Release|x64
		{AFB15514-CF7A-11DA-85E2-A4E5714C712A}.Release|x64.Build.0 = Release|x64
		{AFB15514-CF7A-11DA-85E2-A4E5714C712A}.Release|x86.ActiveCfg = Release|x64
		{354809B6-CF7B-11DA-85E2-A4E5714C712A}.Debug|Any CPU.ActiveCfg = Release|x64
		{354809B6-CF7B-11DA-85E2-A4E5714C712A}.Debug|Win32.ActiveCfg = Release|x64
		{354809B6-CF7B-11DA-85E2-A4E5714C712A}.Debug|x64.ActiveCfg = Release|x64
		{354809B6-CF7B-11DA-85E2-A4E5714C712A}.Debug|x64.Build.0 = Release|x64
		{354809B6-CF7B-11DA-85E2-A4E5714C712A}.Debug|x86.ActiveCfg = Release|x64
		{354809B6-CF7B-11DA-85E2-A4E5714C712A}.Release|Any CPU.ActiveCfg = Release|x64
		{354809B6-CF7B-11DA-85E2-A4E5714C712A}.Release|Win32.ActiveCfg = Release|Win32
		{354809B6-CF7B-11DA-85E2-A4E5714C712A}.Release|x64.ActiveCfg = Release|x64
		{354809B6-CF7B-11DA-85E2-A4E5714C712A}.Release|x86.ActiveCfg = Release|x64
		{B525A234-CF7A-11DA-85E2-A4E5714C712A}.Debug|Any CPU.ActiveCfg = Release|x64
		{B525A234-CF7A-11DA-85E2-A4E5714C712A}.Debug|Win32.ActiveCfg = Release|x64
		{B525A234-CF7A-11DA-85E2-A4E5714C712A}.Debug|x64.ActiveCfg = Release|x64
		{B525A234-CF7A-11DA-85E2-A4E5714C712A}.Debug|x64.Build.0 = Release|x64
		{B525A234-CF7A-11DA-85E2-A4E5714C712A}.Debug|x86.ActiveCfg = Release|x64
		{B525A234-CF7A-11DA-85E2-A4E5714C712A}.Release|Any CPU.ActiveCfg = Release|x64
		{B525A234-CF7A-11DA-85E2-A4E5714C712A}.Release|Win32.ActiveCfg = Release|Win32
		{B525A234-CF7A-11DA-85E2-A4E5714C712A}.Release|x64.ActiveCfg = Release|x64
		{B525A234-CF7A-11DA-85E2-A4E5714C712A}.Release|x86.ActiveCfg = Release|x64
		{C152ADCC-CF7A-11DA-85E2-A4E5714C712A}.Debug|Any CPU.ActiveCfg = Release|x64
		{C152ADCC-CF7A-11DA-85E2-A4E5714C712A}.Debug|Win32.ActiveCfg = Release|x64
		{C152ADCC-CF7A-11DA-85E2-A4E5714C712A}.Debug|x64.ActiveCfg = Release|x64
		{C152ADCC-CF7A-11DA-85E2-A4E5714C712A}.Debug|x64.Build.0 = Release|x64
		{C152ADCC-CF7A-11DA-85E2-A4E5714C712A}.Debug|x86.ActiveCfg = Release|x64
		{C152ADCC-CF7A-11DA-85E2-A4E5714C712A}.Release|Any CPU.ActiveCfg = Release|x64
		{C152ADCC-CF7A-11DA-85E2-A4E5714C712A}.Release|Win32.ActiveCfg = Release|Win32
		{C152ADCC-CF7A-11DA-85E2-A4E5714C712A}.Release|Win32.Build.0 = Release|Win32
		{C152ADCC-CF7A-11DA-85E2-A4E5714C712A}.Release|x64.ActiveCfg = Release|x64
		{C152ADCC-CF7A-11DA-85E2-A4E5714C712A}.Release|x64.Build.0 = Release|x64
		{C152ADCC-CF7A-11DA-85E2-A4E5714C712A}.Release|x86.ActiveCfg = Release|x64
		{C6C66924-CF7A-11DA-85E2-A4E5714C712A}.Debug|Any CPU.ActiveCfg = Release|x64
		{C6C66924-CF7A-11DA-85E2-A4E5714C712A}.Debug|Win32.ActiveCfg = Release|x64
		{C6C66924-CF7A-11DA-85E2-A4E5714C712A}.Debug|x64.ActiveCfg = Release|x64
		{C6C66924-CF7A-11DA-85E2-A4E5714C712A}.Debug|x64.Build.0 = Release|x64
		{C6C66924-CF7A-11DA-85E2-A4E5714C712A}.Debug|x86.ActiveCfg = Release|x64
		{C6C66924-CF7A-11DA-85E2-A4E5714C712A}.Release|Any CPU.ActiveCfg = Release|x64
		{C6C66924-CF7A-11DA-85E2-A4E5714C712A}.Release|Win32.ActiveCfg = Release|Win32
		{C6C66924-CF7A-11DA-85E2-A4E5714C712A}.Release|Win32.Build.0 = Release|Win32
		{C6C66924-CF7A-11DA-85E2-A4E5714C712A}.Release|x64.ActiveCfg = Release|x64
		{C6C66924-CF7A-11DA-85E2-A4E5714C712A}.Release|x64.Build.0 = Release|x64
		{C6C66924-CF7A-11DA-85E2-A4E5714C712A}.Release|x86.ActiveCfg = Release|x64
		{AFB1D909-86D0-49DE-8BD8-DF89349F934E}.Debug|Any CPU.ActiveCfg = Release|x64
		{AFB1D909-86D0-49DE-8BD8-DF89349F934E}.Debug|Win32.ActiveCfg = Release|x64
		{AFB1D909-86D0-49DE-8BD8-DF89349F934E}.Debug|x64.ActiveCfg = Release|x64
		{AFB1D909-86D0-49DE-8BD8-DF89349F934E}.Debug|x64.Build.0 = Release|x64
		{AFB1D909-86D0-49DE-8BD8-DF89349F934E}.Debug|x86.ActiveCfg = Release|x64
		{AFB1D909-86D0-49DE-8BD8-DF89349F934E}.Release|Any CPU.ActiveCfg = Release|x64
		{AFB1D909-86D0-49DE-8BD8-DF89349F934E}.Release|Win32.ActiveCfg = Release|Win32
		{AFB1D909-86D0-49DE-8BD8-DF89349F934E}.Release|Win32.Build.0 = Release|Win32
		{AFB1D909-86D0-49DE-8BD8-DF89349F934E}.Release|x64.ActiveCfg = Release|x64
		{AFB1D909-86D0-49DE-8BD8-DF89349F934E}.Release|x64.Build.0 = Release|x64
		{AFB1D909-86D0-49DE-8BD8-DF89349F934E}.Release|x86.ActiveCfg = Release|x64
		{FB836C59-41E1-48EA-A59B-460AB56587EE}.Debug|Any CPU.ActiveCfg = Release|x64
		{FB836C59-41E1-48EA-A59B-460AB56587EE}.Debug|Win32.ActiveCfg = Release|x64
		{FB836C59-41E1-48EA-A59B-460AB56587EE}.Debug|x64.ActiveCfg = Release|x64
		{FB836C59-41E1-48EA-A59B-460AB56587EE}.Debug|x64.Build.0 = Release|x64
		{FB836C59-41E1-48EA-A59B-460AB56587EE}.Debug|x86.ActiveCfg = Release|x64
		{FB836C59-41E1-48EA-A59B-460AB56587EE}.Release|Any CPU.ActiveCfg = Release|x64
		{FB836C59-41E1-48EA-A59B-460AB56587EE}.Release|Win32.ActiveCfg = Release|Win32
		{FB836C59-41E1-48EA-A59B-460AB56587EE}.Release|Win32.Build.0 = Release|Win32
		{FB836C59-41E1-48EA-A59B-460AB56587EE}.Release|x64.ActiveCfg = Release|x64
		{FB836C59-41E1-48EA-A59B-460AB56587EE}.Release|x64.Build.0 = Release|x64
		{FB836C59-41E1-48EA-A59B-460AB56587EE}.Release|x86.ActiveCfg = Release|x64
		{9FF2579E-CF7B-11DA-85E2-A4E5714C712A}.Debug|Any CPU.ActiveCfg = Release|x64
		{9FF2579E-CF7B-11DA-85E2-A4E5714C712A}.Debug|Win32.ActiveCfg = Release|x64
		{9FF2579E-CF7B-11DA-85E2-A4E5714C712A}.Debug|x64.ActiveCfg = Release|x64
		{9FF2579E-CF7B-11DA-85E2-A4E5714C712A}.Debug|x64.Build.0 = Release|x64
		{9FF2579E-CF7B-11DA-85E2-A4E5714C712A}.Debug|x86.ActiveCfg = Release|x64
		{9FF2579E-CF7B-11DA-85E2-A4E5714C712A}.Release|Any CPU.ActiveCfg = Release|x64
		{9FF2579E-CF7B-11DA-85E2-A4E5714C712A}.Release|Win32.ActiveCfg = Release|Win32
		{9FF2579E-CF7B-11DA-85E2-A4E5714C712A}.Release|Win32.Build.0 = Release|Win32
		{9FF2579E-CF7B-11DA-85E2-A4E5714C712A}.Release|x64.ActiveCfg = Release|x64
		{9FF2579E-CF7B-11DA-85E2-A4E5714C712A}.Release|x64.Build.0 = Release|x64
		{9FF2579E-CF7B-11DA-85E2-A4E5714C712A}.Release|x86.ActiveCfg = Release|x64
		{C9EC4A56-CF7A-11DA-85E2-A4E5714C712A}.Debug|Any CPU.ActiveCfg = Release|x64
		{C9EC4A56-CF7A-11DA-85E2-A4E5714C712A}.Debug|Win32.ActiveCfg = Release|x64
		{C9EC4A56-CF7A-11DA-85E2-A4E5714C712A}.Debug|x64.ActiveCfg = Release|x64
		{C9EC4A56-CF7A-11DA-85E2-A4E5714C712A}.Debug|x64.Build.0 = Release|x64
		{C9EC4A56-CF7A-11DA-85E2-A4E5714C712A}.Debug|x86.ActiveCfg = Release|x64
		{C9EC4A56-CF7A-11DA-85E2-A4E5714C712A}.Release|Any CPU.ActiveCfg = Release|x64
		{C9EC4A56-CF7A-11DA-85E2-A4E5714C712A}.Release|Win32.ActiveCfg = Release|Win32
		{C9EC4A56-CF7A-11DA-85E2-A4E5714C712A}.Release|Win32.Build.0 = Release|Win32
		{C9EC4A56-CF7A-11DA-85E2-A4E5714C712A}.Release|x64.ActiveCfg = Release|x64
		{C9EC4A56-CF7A-11DA-85E2-A4E5714C712A}.Release|x64.Build.0 = Release|x64
		{C9EC4A56-CF7A-11DA-85E2-A4E5714C712A}.Release|x86.ActiveCfg = Release|x64
		{DCA407C4-CF7A-11DA-85E2-A4E5714C712A}.Debug|Any CPU.ActiveCfg = Release|x64
		{DCA407C4-CF7A-11DA-85E2-A4E5714C712A}.Debug|Win32.ActiveCfg = Release|x64
		{DCA407C4-CF7A-11DA-85E2-A4E5714C712A}.Debug|x64.ActiveCfg = Release|x64
		{DCA407C4-CF7A-11DA-85E2-A4E5714C712A}.Debug|x64.Build.0 = Release|x64
		{DCA407C4-CF7A-11DA-85E2-A4E5714C712A}.Debug|x86.ActiveCfg = Release|x64
		{DCA407C4-CF7A-11DA-85E2-A4E5714C712A}.Release|Any CPU.ActiveCfg = Release|x64
		{DCA407C4-CF7A-11DA-85E2-A4E5714C712A}.Release|Win32.ActiveCfg = Release|Win32
		{DCA407C4-CF7A-11DA-85E2-A4E5714C712A}.Release|Win32.Build.0 = Release|Win32
		{DCA407C4-CF7A-11DA-85E2-A4E5714C712A}.Release|x64.ActiveCfg = Release|x64
		{DCA407C4-CF7A-11DA-85E2-A4E5714C712A}.Release|x64.Build.0 = Release|x64
		{DCA407C4-CF7A-11DA-85E2-A4E5714C712A}.Release|x86.ActiveCfg = Release|x64
		{B619BB2C-A9AC-453D-BA98-3A8F3217B1AB}.Debug|Any CPU.ActiveCfg = Release|x64
		{B619BB2C-A9AC-453D-BA98-3A8F3217B1AB}.Debug|Win32.ActiveCfg = Release|x64
		{B619BB2C-A9AC-453D-BA98-3A8F3217B1AB}.Debug|x64.ActiveCfg = Release|x64
		{B619BB2C-A9AC-453D-BA98-3A8F3217B1AB}.Debug|x64.Build.0 = Release|x64
		{B619BB2C-A9AC-453D-BA98-3A8F3217B1AB}.Debug|x86.ActiveCfg = Release|x64
		{B619BB2C-A9AC-453D-BA98-3A8F3217B1AB}.Release|Any CPU.ActiveCfg = Release|x64
		{B619BB2C-A9AC-453D-BA98-3A8F3217B1AB}.Release|Win32.ActiveCfg = Release|Win32
		{B619BB2C-A9AC-453D-BA98-3A8F3217B1AB}.Release|Win32.Build.0 = Release|Win32
		{B619BB2C-A9AC-453D-BA98-3A8F3217B1AB}.Release|x64.ActiveCfg = Release|x64
		{B619BB2C-A9AC-453D-BA98-3A8F3217B1AB}.Release|x64.Build.0 = Release|x64
		{B619BB2C-A9AC-453D-BA98-3A8F3217B1AB}.Release|x86.ActiveCfg = Release|x64
		{D3A2882C-410A-4F58-8ACE-A771888073E8}.Debug|Any CPU.ActiveCfg = Release|x64
		{D3A2882C-410A-4F58-8ACE-A771888073E8}.Debug|Win32.ActiveCfg = Release|x64
		{D3A2882C-410A-4F58-8ACE-A771888073E8}.Debug|x64.ActiveCfg = Release|x64
		{D3A2882C-410A-4F58-8ACE-A771888073E8}.Debug|x64.Build.0 = Release|x64
		{D3A2882C-410A-4F58-8ACE-A771888073E8}.Debug|x86.ActiveCfg = Release|x64
		{D3A2882C-410A-4F58-8ACE-A771888073E8}.Release|Any CPU.ActiveCfg = Release|x64
		{D3A2882C-410A-4F58-8ACE-A771888073E8}.Release|Win32.ActiveCfg = Release|Win32
		{D3A2882C-410A-4F58-8ACE-A771888073E8}.Release|Win32.Build.0 = Release|Win32
		{D3A2882C-410A-4F58-8ACE-A771888073E8}.Release|x64.ActiveCfg = Release|x64
		{D3A2882C-410A-4F58-8ACE-A771888073E8}.Release|x64.Build.0 = Release|x64
		{D3A2882C-410A-4F58-8ACE-A771888073E8}.Release|x86.ActiveCfg = Release|x64
		{D9E130E1-7734-43DF-A7EF-15CD95E467EE}.Debug|Any CPU.ActiveCfg = Release|x64
		{D9E130E1-7734-43DF-A7EF-15CD95E467EE}.Debug|Win32.ActiveCfg = Release|x64
		{D9E130E1-7734-43DF-A7EF-15CD95E467EE}.Debug|x64.ActiveCfg = Release|x64
		{D9E130E1-7734-43DF-A7EF-15CD95E467EE}.Debug|x64.Build.0 = Release|x64
		{D9E130E1-7734-43DF-A7EF-15CD95E467EE}.Debug|x86.ActiveCfg = Release|x64
		{D9E130E1-7734-43DF-A7EF-15CD95E467EE}.Release|Any CPU.ActiveCfg = Release|x64
		{D9E130E1-7734-43DF-A7EF-15CD95E467EE}.Release|Win32.ActiveCfg = Release|Win32
		{D9E130E1-7734-43DF-A7EF-15CD95E467EE}.Release|Win32.Build.0 = Release|Win32
		{D9E130E1-7734-43DF-A7EF-15CD95E467EE}.Release|x64.ActiveCfg = Release|x64
		{D9E130E1-7734-43DF-A7EF-15CD95E467EE}.Release|x64.Build.0 = Release|x64
		{D9E130E1-7734-43DF-A7EF-15CD95E467EE}.Release|x86.ActiveCfg = Release|x64
		{E5D3D9AA-CF7A-11DA-85E2-A4E5714C712A}.Debug|Any CPU.ActiveCfg = Release|x64
		{E5D3D9AA-CF7A-11DA-85E2-A4E5714C712A}.Debug|Win32.ActiveCfg = Release|x64
		{E5D3D9AA-CF7A-11DA-85E2-A4E5714C712A}.Debug|x64.ActiveCfg = Release|x64
		{E5D3D9AA-CF7A-11DA-85E2-A4E5714C712A}.Debug|x64.Build.0 = Release|x64
		{E5D3D9AA-CF7A-11DA-85E2-A4E5714C712A}.Debug|x86.ActiveCfg = Release|x64
		{E5D3D9AA-CF7A-11DA-85E2-A4E5714C712A}.Release|Any CPU.ActiveCfg = Release|x64
		{E5D3D9AA-CF7A-11DA-85E2-A4E5714C712A}.Release|Win32.ActiveCfg = Release|Win32
		{E5D3D9AA-CF7A-11DA-85E2-A4E5714C712A}.Release|Win32.Build.0 = Release|Win32
		{E5D3D9AA-CF7A-11DA-85E2-A4E5714C712A}.Release|x64.ActiveCfg = Release|x64
		{E5D3D9AA-CF7A-11DA-85E2-A4E5714C712A}.Release|x64.Build.0 = Release|x64
		{E5D3D9AA-CF7A-11DA-85E2-A4E5714C712A}.Release|x86.ActiveCfg = Release|x64
		{EF98F42A-CF7A-11DA-85E2-A4E5714C712A}.Debug|Any CPU.ActiveCfg = Release|x64
		{EF98F42A-CF7A-11DA-85E2-A4E5714C712A}.Debug|Win32.ActiveCfg = Release|x64
		{EF98F42A-CF7A-11DA-85E2-A4E5714C712A}.Debug|x64.ActiveCfg = Release|x64
		{EF98F42A-CF7A-11DA-85E2-A4E5714C712A}.Debug|x64.Build.0 = Release|x64
		{EF98F42A-CF7A-11DA-85E2-A4E5714C712A}.Debug|x86.ActiveCfg = Release|x64
		{EF98F42A-CF7A-11DA-85E2-A4E5714C712A}.Release|Any CPU.ActiveCfg = Release|x64
		{EF98F42A-CF7A-11DA-85E2-A4E5714C712A}.Release|Win32.ActiveCfg = Release|Win32
		{EF98F42A-CF7A-11DA-85E2-A4E5714C712A}.Release|Win32.Build.0 = Release|Win32
		{EF98F42A-CF7A-11DA-85E2-A4E5714C712A}.Release|x64.ActiveCfg = Release|x64
		{EF98F42A-CF7A-11DA-85E2-A4E5714C712A}.Release|x64.Build.0 = Release|x64
		{EF98F42A-CF7A-11DA-85E2-A4E5714C712A}.Release|x86.ActiveCfg = Release|x64
		{031DB868-5294-4738-90BA-F80BB2CEA9DC}.Debug|Any CPU.ActiveCfg = Release|x64
		{031DB868-5294-4738-90BA-F80BB2CEA9DC}.Debug|Win32.ActiveCfg = Release|x64
		{031DB868-5294-4738-90BA-F80BB2CEA9DC}.Debug|x64.ActiveCfg = Release|x64
		{031DB868-5294-4738-90BA-F80BB2CEA9DC}.Debug|x64.Build.0 = Release|x64
		{031DB868-5294-4738-90BA-F80BB2CEA9DC}.Debug|x86.ActiveCfg = Release|x64
		{031DB868-5294-4738-90BA-F80BB2CEA9DC}.Release|Any CPU.ActiveCfg = Release|x64
		{031DB868-5294-4738-90BA-F80BB2CEA9DC}.Release|Win32.ActiveCfg = Release|Win32
		{031DB868-5294-4738-90BA-F80BB2CEA9DC}.Release|Win32.Build.0 = Release|Win32
		{031DB868-5294-4738-90BA-F80BB2CEA9DC}.Release|x64.ActiveCfg = Release|x64
		{031DB868-5294-4738-90BA-F80BB2CEA9DC}.Release|x64.Build.0 = Release|x64
		{031DB868-5294-4738-90BA-F80BB2CEA9DC}.Release|x86.ActiveCfg = Release|x64
		{3D1A94CE-CF7B-11DA-85E2-A4E5714C712A}.Debug|Any CPU.ActiveCfg = Release|x64
		{3D1A94CE-CF7B-11DA-85E2-A4E5714C712A}.Debug|Win32.ActiveCfg = Release|x64
		{3D1A94CE-CF7B-11DA-85E2-A4E5714C712A}.Debug|x64.ActiveCfg = Release|x64
		{3D1A94CE-CF7B-11DA-85E2-A4E5714C712A}.Debug|x64.Build.0 = Release|x64
		{3D1A94CE-CF7B-11DA-85E2-A4E5714C712A}.Debug|x86.ActiveCfg = Release|x64
		{3D1A94CE-CF7B-11DA-85E2-A4E5714C712A}.Release|Any CPU.ActiveCfg = Release|x64
		{3D1A94CE-CF7B-11DA-85E2-A4E5714C712A}.Release|Win32.ActiveCfg = Release|Win32
		{3D1A94CE-CF7B-11DA-85E2-A4E5714C712A}.Release|Win32.Build.0 = Release|Win32
		{3D1A94CE-CF7B-11DA-85E2-A4E5714C712A}.Release|x64.ActiveCfg = Release|x64
		{3D1A94CE-CF7B-11DA-85E2-A4E5714C712A}.Release|x64.Build.0 = Release|x64
		{3D1A94CE-CF7B-11DA-85E2-A4E5714C712A}.Release|x86.ActiveCfg = Release|x64
		{F357CF96-CF7A-11DA-85E2-A4E5714C712A}.Debug|Any CPU.ActiveCfg = Release|x64
		{F357CF96-CF7A-11DA-85E2-A4E5714C712A}.Debug|Win32.ActiveCfg = Release|x64
		{F357CF96-CF7A-11DA-85E2-A4E5714C712A}.Debug|x64.ActiveCfg = Release|x64
		{F357CF96-CF7A-11DA-85E2-A4E5714C712A}.Debug|x64.Build.0 = Release|x64
		{F357CF96-CF7A-11DA-85E2-A4E5714C712A}.Debug|x86.ActiveCfg = Release|x64
		{F357CF96-CF7A-11DA-85E2-A4E5714C712A}.Release|Any CPU.ActiveCfg = Release|x64
		{F357CF96-CF7A-11DA-85E2-A4E5714C712A}.Release|Win32.ActiveCfg = Release|Win32
		{F357CF96-CF7A-11DA-85E2-A4E5714C712A}.Release|x64.ActiveCfg = Release|x64
		{F357CF96-CF7A-11DA-85E2-A4E5714C712A}.Release|x86.ActiveCfg = Release|x64
		{8D07389F-F48A-49B9-BED9-F71FCBACC4A8}.Debug|Any CPU.ActiveCfg = Release|x64
		{8D07389F-F48A-49B9-BED9-F71FCBACC4A8}.Debug|Win32.ActiveCfg = Release|x64
		{8D07389F-F48A-49B9-BED9-F71FCBACC4A8}.Debug|x64.ActiveCfg = Release|x64
		{8D07389F-F48A-49B9-BED9-F71FCBACC4A8}.Debug|x64.Build.0 = Release|x64
		{8D07389F-F48A-49B9-BED9-F71FCBACC4A8}.Debug|x86.ActiveCfg = Release|x64
		{8D07389F-F48A-49B9-BED9-F71FCBACC4A8}.Release|Any CPU.ActiveCfg = Release|x64
		{8D07389F-F48A-49B9-BED9-F71FCBACC4A8}.Release|Win32.ActiveCfg = Release|Win32
		{8D07389F-F48A-49B9-BED9-F71FCBACC4A8}.Release|Win32.Build.0 = Release|Win32
		{8D07389F-F48A-49B9-BED9-F71FCBACC4A8}.Release|x64.ActiveCfg = Release|x64
		{8D07389F-F48A-49B9-BED9-F71FCBACC4A8}.Release|x64.Build.0 = Release|x64
		{8D07389F-F48A-49B9-BED9-F71FCBACC4A8}.Release|x86.ActiveCfg = Release|x64
		{02AD88A0-CF7B-11DA-85E2-A4E5714C712A}.Debug|Any CPU.ActiveCfg = Release|x64
		{02AD88A0-CF7B-11DA-85E2-A4E5714C712A}.Debug|Win32.ActiveCfg = Release|x64
		{02AD88A0-CF7B-11DA-85E2-A4E5714C712A}.Debug|x64.ActiveCfg = Release|x64
		{02AD88A0-CF7B-11DA-85E2-A4E5714C712A}.Debug|x64.Build.0 = Release|x64
		{02AD88A0-CF7B-11DA-85E2-A4E5714C712A}.Debug|x86.ActiveCfg = Release|x64
		{02AD88A0-CF7B-11DA-85E2-A4E5714C712A}.Release|Any CPU.ActiveCfg = Release|x64
		{02AD88A0-CF7B-11DA-85E2-A4E5714C712A}.Release|Win32.ActiveCfg = Release|Win32
		{02AD88A0-CF7B-11DA-85E2-A4E5714C712A}.Release|x64.ActiveCfg = Release|x64
		{02AD88A0-CF7B-11DA-85E2-A4E5714C712A}.Release|x64.Build.0 = Release|x64
		{02AD88A0-CF7B-11DA-85E2-A4E5714C712A}.Release|x86.ActiveCfg = Release|x64
		{0E838FA8-CF7B-11DA-85E2-A4E5714C712A}.Debug|Any CPU.ActiveCfg = Release|x64
		{0E838FA8-CF7B-11DA-85E2-A4E5714C712A}.Debug|Win32.ActiveCfg = Release|x64
		{0E838FA8-CF7B-11DA-85E2-A4E5714C712A}.Debug|x64.ActiveCfg = Release|x64
		{0E838FA8-CF7B-11DA-85E2-A4E5714C712A}.Debug|x64.Build.0 = Release|x64
		{0E838FA8-CF7B-11DA-85E2-A4E5714C712A}.Debug|x86.ActiveCfg = Release|x64
		{0E838FA8-CF7B-11DA-85E2-A4E5714C712A}.Release|Any CPU.ActiveCfg = Release|x64
		{0E838FA8-CF7B-11DA-85E2-A4E5714C712A}.Release|Win32.ActiveCfg = Release|Win32
		{0E838FA8-CF7B-11DA-85E2-A4E5714C712A}.Release|Win32.Build.0 = Release|Win32
		{0E838FA8-CF7B-11DA-85E2-A4E5714C712A}.Release|x64.ActiveCfg = Release|x64
		{0E838FA8-CF7B-11DA-85E2-A4E5714C712A}.Release|x64.Build.0 = Release|x64
		{0E838FA8-CF7B-11DA-85E2-A4E5714C712A}.Release|x86.ActiveCfg = Release|x64
		{F4E88BFA-FC96-439D-9E67-0A92AB541EE0}.Debug|Any CPU.ActiveCfg = Release|x64
		{F4E88BFA-FC96-439D-9E67-0A92AB541EE0}.Debug|Win32.ActiveCfg = Release|x64
		{F4E88BFA-FC96-439D-9E67-0A92AB541EE0}.Debug|x64.ActiveCfg = Release|x64
		{F4E88BFA-FC96-439D-9E67-0A92AB541EE0}.Debug|x64.Build.0 = Release|x64
		{F4E88BFA-FC96-439D-9E67-0A92AB541EE0}.Debug|x86.ActiveCfg = Release|x64
		{F4E88BFA-FC96-439D-9E67-0A92AB541EE0}.Release|Any CPU.ActiveCfg = Release|x64
		{F4E88BFA-FC96-439D-9E67-0A92AB541EE0}.Release|Win32.ActiveCfg = Release|Win32
		{F4E88BFA-FC96-439D-9E67-0A92AB541EE0}.Release|Win32.Build.0 = Release|Win32
		{F4E88BFA-FC96-439D-9E67-0A92AB541EE0}.Release|x64.ActiveCfg = Release|x64
		{F4E88BFA-FC96-439D-9E67-0A92AB541EE0}.Release|x64.Build.0 = Release|x64
		{F4E88BFA-FC96-439D-9E67-0A92AB541EE0}.Release|x86.ActiveCfg = Release|x64
		{93051962-7797-49F0-8958-BB1CE60FFE6F}.Debug|Any CPU.ActiveCfg = Release|x64
		{93051962-7797-49F0-8958-BB1CE60FFE6F}.Debug|Win32.ActiveCfg = Release|x64
		{93051962-7797-49F0-8958-BB1CE60FFE6F}.Debug|x64.ActiveCfg = Release|x64
		{93051962-7797-49F0-8958-BB1CE60FFE6F}.Debug|x64.Build.0 = Release|x64
		{93051962-7797-49F0-8958-BB1CE60FFE6F}.Debug|x86.ActiveCfg = Release|x64
		{93051962-7797-49F0-8958-BB1CE60FFE6F}.Release|Any CPU.ActiveCfg = Release|x64
		{93051962-7797-49F0-8958-BB1CE60FFE6F}.Release|Win32.ActiveCfg = Release|Win32
		{93051962-7797-49F0-8958-BB1CE60FFE6F}.Release|Win32.Build.0 = Release|Win32
		{93051962-7797-49F0-8958-BB1CE60FFE6F}.Release|x64.ActiveCfg = Release|x64
		{93051962-7797-49F0-8958-BB1CE60FFE6F}.Release|x64.Build.0 = Release|x64
		{93051962-7797-49F0-8958-BB1CE60FFE6F}.Release|x86.ActiveCfg = Release|x64
		{A66E395B-18EE-4877-8F0D-386A7BBAB370}.Debug|Any CPU.ActiveCfg = Release|x64
		{A66E395B-18EE-4877-8F0D-386A7BBAB370}.Debug|Win32.ActiveCfg = Release|x64
		{A66E395B-18EE-4877-8F0D-386A7BBAB370}.Debug|x64.ActiveCfg = Release|x64
		{A66E395B-18EE-4877-8F0D-386A7BBAB370}.Debug|x64.Build.0 = Release|x64
		{A66E395B-18EE-4877-8F0D-386A7BBAB370}.Debug|x86.ActiveCfg = Release|x64
		{A66E395B-18EE-4877-8F0D-386A7BBAB370}.Release|Any CPU.ActiveCfg = Release|x64
		{A66E395B-18EE-4877-8F0D-386A7BBAB370}.Release|Win32.ActiveCfg = Release|Win32
		{A66E395B-18EE-4877-8F0D-386A7BBAB370}.Release|Win32.Build.0 = Release|Win32
		{A66E395B-18EE-4877-8F0D-386A7BBAB370}.Release|x64.ActiveCfg = Release|x64
		{A66E395B-18EE-4877-8F0D-386A7BBAB370}.Release|x64.Build.0 = Release|x64
		{A66E395B-18EE-4877-8F0D-386A7BBAB370}.Release|x86.ActiveCfg = Release|x64
		{A326A0DF-4F93-4DF6-813D-0B64F98B389F}.Debug|Any CPU.ActiveCfg = Release|x64
		{A326A0DF-4F93-4DF6-813D-0B64F98B389F}.Debug|Win32.ActiveCfg = Release|x64
		{A326A0DF-4F93-4DF6-813D-0B64F98B389F}.Debug|x64.ActiveCfg = Release|x64
		{A326A0DF-4F93-4DF6-813D-0B64F98B389F}.Debug|x64.Build.0 = Release|x64
		{A326A0DF-4F93-4DF6-813D-0B64F98B389F}.Debug|x86.ActiveCfg = Release|x64
		{A326A0DF-4F93-4DF6-813D-0B64F98B389F}.Release|Any CPU.ActiveCfg = Release|x64
		{A326A0DF-4F93-4DF6-813D-0B64F98B389F}.Release|Win32.ActiveCfg = Release|Win32
		{A326A0DF-4F93-4DF6-813D-0B64F98B389F}.Release|Win32.Build.0 = Release|Win32
		{A326A0DF-4F93-4DF6-813D-0B64F98B389F}.Release|x64.ActiveCfg = Release|x64
		{A326A0DF-4F93-4DF6-813D-0B64F98B389F}.Release|x64.Build.0 = Release|x64
		{A326A0DF-4F93-4DF6-813D-0B64F98B389F}.Release|x86.ActiveCfg = Release|x64
		{0C234EF0-7725-4BDA-A1C3-47F5835A3837}.Debug|Any CPU.ActiveCfg = Release|x64
		{0C234EF0-7725-4BDA-A1C3-47F5835A3837}.Debug|Win32.ActiveCfg = Release|x64
		{0C234EF0-7725-4BDA-A1C3-47F5835A3837}.Debug|x64.ActiveCfg = Release|x64
		{0C234EF0-7725-4BDA-A1C3-47F5835A3837}.Debug|x64.Build.0 = Release|x64
		{0C234EF0-7725-4BDA-A1C3-47F5835A3837}.Debug|x86.ActiveCfg = Release|x64
		{0C234EF0-7725-4BDA-A1C3-47F5835A3837}.Release|Any CPU.ActiveCfg = Release|x64
		{0C234EF0-7725-4BDA-A1C3-47F5835A3837}.Release|Win32.ActiveCfg = Release|Win32
		{0C234EF0-7725-4BDA-A1C3-47F5835A3837}.Release|Win32.Build.0 = Release|Win32
		{0C234EF0-7725-4BDA-A1C3-47F5835A3837}.Release|x64.ActiveCfg = Release|x64
		{0C234EF0-7725-4BDA-A1C3-47F5835A3837}.Release|x64.Build.0 = Release|x64
		{0C234EF0-7725-4BDA-A1C3-47F5835A3837}.Release|x86.ActiveCfg = Release|x64
		{86645C8E-3BBE-4E1E-A8AE-C6990B4ECC64}.Debug|Any CPU.ActiveCfg = Release|x64
		{86645C8E-3BBE-4E1E-A8AE-C6990B4ECC64}.Debug|Win32.ActiveCfg = Release|x64
		{86645C8E-3BBE-4E1E-A8AE-C6990B4ECC64}.Debug|x64.ActiveCfg = Release|x64
		{86645C8E-3BBE-4E1E-A8AE-C6990B4ECC64}.Debug|x64.Build.0 = Release|x64
		{86645C8E-3BBE-4E1E-A8AE-C6990B4ECC64}.Debug|x86.ActiveCfg = Release|x64
		{86645C8E-3BBE-4E1E-A8AE-C6990B4ECC64}.Release|Any CPU.ActiveCfg = Release|x64
		{86645C8E-3BBE-4E1E-A8AE-C6990B4ECC64}.Release|Win32.ActiveCfg = Release|Win32
		{86645C8E-3BBE-4E1E-A8AE-C6990B4ECC64}.Release|Win32.Build.0 = Release|Win32
		{86645C8E-3BBE-4E1E-A8AE-C6990B4ECC64}.Release|x64.ActiveCfg = Release|x64
		{86645C8E-3BBE-4E1E-A8AE-C6990B4ECC64}.Release|x64.Build.0 = Release|x64
		{86645C8E-3BBE-4E1E-A8AE-C6990B4ECC64}.Release|x86.ActiveCfg = Release|x64
		{C5F98602-E5B9-11DA-85E2-A4E5714C712A}.Debug|Any CPU.ActiveCfg = Release|x64
		{C5F98602-E5B9-11DA-85E2-A4E5714C712A}.Debug|Win32.ActiveCfg = Release|x64
		{C5F98602-E5B9-11DA-85E2-A4E5714C712A}.Debug|x64.ActiveCfg = Release|x64
		{C5F98602-E5B9-11DA-85E2-A4E5714C712A}.Debug|x64.Build.0 = Release|x64
		{C5F98602-E5B9-11DA-85E2-A4E5714C712A}.Debug|x86.ActiveCfg = Release|x64
		{C5F98602-E5B9-11DA-85E2-A4E5714C712A}.Release|Any CPU.ActiveCfg = Release|x64
		{C5F98602-E5B9-11DA-85E2-A4E5714C712A}.Release|Win32.ActiveCfg = Release|Win32
		{C5F98602-E5B9-11DA-85E2-A4E5714C712A}.Release|x64.ActiveCfg = Release|x64
		{C5F98602-E5B9-11DA-85E2-A4E5714C712A}.Release|x86.ActiveCfg = Release|x64
		{4C517D78-E5B9-11DA-85E2-A4E5714C712A}.Debug|Any CPU.ActiveCfg = Release|x64
		{4C517D78-E5B9-11DA-85E2-A4E5714C712A}.Debug|Win32.ActiveCfg = Release|x64
		{4C517D78-E5B9-11DA-85E2-A4E5714C712A}.Debug|x64.ActiveCfg = Release|x64
		{4C517D78-E5B9-11DA-85E2-A4E5714C712A}.Debug|x64.Build.0 = Release|x64
		{4C517D78-E5B9-11DA-85E2-A4E5714C712A}.Debug|x86.ActiveCfg = Release|x64
		{4C517D78-E5B9-11DA-85E2-A4E5714C712A}.Release|Any CPU.ActiveCfg = Release|x64
		{4C517D78-E5B9-11DA-85E2-A4E5714C712A}.Release|Win32.ActiveCfg = Release|Win32
		{4C517D78-E5B9-11DA-85E2-A4E5714C712A}.Release|x64.ActiveCfg = Release|x64
		{4C517D78-E5B9-11DA-85E2-A4E5714C712A}.Release|x86.ActiveCfg = Release|x64
		{9D059C10-A1AE-11DC-AE66-B7BFA9FB648A}.Debug|Any CPU.ActiveCfg = Release|x64
		{9D059C10-A1AE-11DC-AE66-B7BFA9FB648A}.Debug|Win32.ActiveCfg = Release|x64
		{9D059C10-A1AE-11DC-AE66-B7BFA9FB648A}.Debug|x64.ActiveCfg = Release|x64
		{9D059C10-A1AE-11DC-AE66-B7BFA9FB648A}.Debug|x64.Build.0 = Release|x64
		{9D059C10-A1AE-11DC-AE66-B7BFA9FB648A}.Debug|x86.ActiveCfg = Release|x64
		{9D059C10-A1AE-11DC-AE66-B7BFA9FB648A}.Release|Any CPU.ActiveCfg = Release|x64
		{9D059C10-A1AE-11DC-AE66-B7BFA9FB648A}.Release|Win32.ActiveCfg = Release|Win32
		{9D059C10-A1AE-11DC-AE66-B7BFA9FB648A}.Release|Win32.Build.0 = Release|Win32
		{9D059C10-A1AE-11DC-AE66-B7BFA9FB648A}.Release|x64.ActiveCfg = Release|x64
		{9D059C10-A1AE-11DC-AE66-B7BFA9FB648A}.Release|x64.Build.0 = Release|x64
		{9D059C10-A1AE-11DC-AE66-B7BFA9FB648A}.Release|x86.ActiveCfg = Release|x64
		{ABE43C46-E1C4-11DB-930B-CD6B662399AA}.Debug|Any CPU.ActiveCfg = Release|x64
		{ABE43C46-E1C4-11DB-930B-CD6B662399AA}.Debug|Win32.ActiveCfg = Release|x64
		{ABE43C46-E1C4-11DB-930B-CD6B662399AA}.Debug|x64.ActiveCfg = Release|x64
		{ABE43C46-E1C4-11DB-930B-CD6B662399AA}.Debug|x64.Build.0 = Release|x64
		{ABE43C46-E1C4-11DB-930B-CD6B662399AA}.Debug|x86.ActiveCfg = Release|x64
		{ABE43C46-E1C4-11DB-930B-CD6B662399AA}.Release|Any CPU.ActiveCfg = Release|x64
		{ABE43C46-E1C4-11DB-930B-CD6B662399AA}.Release|Win32.ActiveCfg = Release|Win32
		{ABE43C46-E1C4-11DB-930B-CD6B662399AA}.Release|Win32.Build.0 = Release|Win32
		{ABE43C46-E1C4-11DB-930B-CD6B662399AA}.Release|x64.ActiveCfg = Release|x64
		{ABE43C46-E1C4-11DB-930B-CD6B662399AA}.Release|x64.Build.0 = Release|x64
		{ABE43C46-E1C4-11DB-930B-CD6B662399AA}.Release|x86.ActiveCfg = Release|x64
		{408E2482-2623-11DB-9BB9-97600548391D}.Debug|Any CPU.ActiveCfg = Release|x64
		{408E2482-2623-11DB-9BB9-97600548391D}.Debug|Win32.ActiveCfg = Release|x64
		{408E2482-2623-11DB-9BB9-97600548391D}.Debug|x64.ActiveCfg = Release|x64
		{408E2482-2623-11DB-9BB9-97600548391D}.Debug|x64.Build.0 = Release|x64
		{408E2482-2623-11DB-9BB9-97600548391D}.Debug|x86.ActiveCfg = Release|x64
		{408E2482-2623-11DB-9BB9-97600548391D}.Release|Any CPU.ActiveCfg = Release|x64
		{408E2482-2623-11DB-9BB9-97600548391D}.Release|Win32.ActiveCfg = Release|Win32
		{408E2482-2623-11DB-9BB9-97600548391D}.Release|Win32.Build.0 = Release|Win32
		{408E2482-2623-11DB-9BB9-97600548391D}.Release|x64.ActiveCfg = Release|x64
		{408E2482-2623-11DB-9BB9-97600548391D}.Release|x64.Build.0 = Release|x64
		{408E2482-2623-11DB-9BB9-97600548391D}.Release|x86.ActiveCfg = Release|x64
		{5582D8D0-DB93-11DB-930B-CD6B662399AA}.Debug|Any CPU.ActiveCfg = Release|x64
		{5582D8D0-DB93-11DB-930B-CD6B662399AA}.Debug|Win32.ActiveCfg = Release|x64
		{5582D8D0-DB93-11DB-930B-CD6B662399AA}.Debug|x64.ActiveCfg = Release|x64
		{5582D8D0-DB93-11DB-930B-CD6B662399AA}.Debug|x64.Build.0 = Release|x64
		{5582D8D0-DB93-11DB-930B-CD6B662399AA}.Debug|x86.ActiveCfg = Release|x64
		{5582D8D0-DB93-11DB-930B-CD6B662399AA}.Release|Any CPU.ActiveCfg = Release|x64
		{5582D8D0-DB93-11DB-930B-CD6B662399AA}.Release|Win32.ActiveCfg = Release|Win32
		{5582D8D0-DB93-11DB-930B-CD6B662399AA}.Release|x64.ActiveCfg = Release|x64
		{5582D8D0-DB93-11DB-930B-CD6B662399AA}.Release|x86.ActiveCfg = Release|x64
		{50E2DD3F-5B5E-4E62-9206-A41824905CD7}.Debug|Any CPU.ActiveCfg = Debug|Any CPU
		{50E2DD3F-5B5E-4E62-9206-A41824905CD7}.Debug|Any CPU.Build.0 = Debug|Any CPU
		{50E2DD3F-5B5E-4E62-9206-A41824905CD7}.Debug|Win32.ActiveCfg = Debug|x86
		{50E2DD3F-5B5E-4E62-9206-A41824905CD7}.Debug|x64.ActiveCfg = Debug|x64
		{50E2DD3F-5B5E-4E62-9206-A41824905CD7}.Debug|x64.Build.0 = Debug|x64
		{50E2DD3F-5B5E-4E62-9206-A41824905CD7}.Debug|x86.ActiveCfg = Debug|x86
		{50E2DD3F-5B5E-4E62-9206-A41824905CD7}.Debug|x86.Build.0 = Debug|x86
		{50E2DD3F-5B5E-4E62-9206-A41824905CD7}.Release|Any CPU.ActiveCfg = Release|Any CPU
		{50E2DD3F-5B5E-4E62-9206-A41824905CD7}.Release|Any CPU.Build.0 = Release|Any CPU
		{50E2DD3F-5B5E-4E62-9206-A41824905CD7}.Release|Win32.ActiveCfg = Release|Any CPU
		{50E2DD3F-5B5E-4E62-9206-A41824905CD7}.Release|Win32.Build.0 = Release|Any CPU
		{50E2DD3F-5B5E-4E62-9206-A41824905CD7}.Release|x64.ActiveCfg = Release|Any CPU
		{50E2DD3F-5B5E-4E62-9206-A41824905CD7}.Release|x86.ActiveCfg = Release|x86
		{50E2DD3F-5B5E-4E62-9206-A41824905CD7}.Release|x86.Build.0 = Release|x86
	EndGlobalSection
	GlobalSection(SolutionProperties) = preSolution
		HideSolutionNode = FALSE
	EndGlobalSection
EndGlobal
