Microsoft Visual Studio Solution File, Format Version 8.00
Project("{8BC9CEB8-8B4A-11D0-8D11-00A0C91BC942}") = "virtuoso_t", "Virtuoso_odbc_t.vcproj", "{69204472-6F3E-4D1F-B264-89AA58C523ED}"
	ProjectSection(ProjectDependencies) = postProject
		{B1C0F012-0314-491A-981C-FEC0C0E87B5E} = {B1C0F012-0314-491A-981C-FEC0C0E87B5E}
		{41AE0C69-33A0-4683-AE2C-6E85E891E001} = {41AE0C69-33A0-4683-AE2C-6E85E891E001}
		{6618AB6D-22D1-4CE2-A8CA-C2B054C577F7} = {6618AB6D-22D1-4CE2-A8CA-C2B054C577F7}
		{1194CA71-0A3F-499F-8B09-18A51EFB8237} = {1194CA71-0A3F-499F-8B09-18A51EFB8237}
		{D7282B82-0877-4F65-80DF-7868421921FE} = {D7282B82-0877-4F65-80DF-7868421921FE}
		{98DB19BA-0464-49A9-B087-28025C182849} = {98DB19BA-0464-49A9-B087-28025C182849}
		{82BC51DB-BC68-4016-B477-F02CB908343E} = {82BC51DB-BC68-4016-B477-F02CB908343E}
	EndProjectSection
EndProject
Project("{8BC9CEB8-8B4A-11D0-8D11-00A0C91BC942}") = "dk1t", "dk1t.vcproj", "{DBD2BEFD-3539-4CAC-9F08-2A55E9E04396}"
	ProjectSection(ProjectDependencies) = postProject
	EndProjectSection
EndProject
Project("{8BC9CEB8-8B4A-11D0-8D11-00A0C91BC942}") = "dksrv", "dksrv.vcproj", "{98DB19BA-0464-49A9-B087-28025C182849}"
	ProjectSection(ProjectDependencies) = postProject
	EndProjectSection
EndProject
Project("{8BC9CEB8-8B4A-11D0-8D11-00A0C91BC942}") = "isqlo", "isql.vcproj", "{12C3379A-BC73-47C2-B025-28A699618C53}"
	ProjectSection(ProjectDependencies) = postProject
		{9322DB42-649D-4219-8D2B-A1B6B1DF3247} = {9322DB42-649D-4219-8D2B-A1B6B1DF3247}
		{82BC51DB-BC68-4016-B477-F02CB908343E} = {82BC51DB-BC68-4016-B477-F02CB908343E}
		{4676C5FB-71DE-44C9-90DB-324C970D058D} = {4676C5FB-71DE-44C9-90DB-324C970D058D}
		{DBD2BEFD-3539-4CAC-9F08-2A55E9E04396} = {DBD2BEFD-3539-4CAC-9F08-2A55E9E04396}
	EndProjectSection
EndProject
Project("{8BC9CEB8-8B4A-11D0-8D11-00A0C91BC942}") = "threads", "threads.vcproj", "{4676C5FB-71DE-44C9-90DB-324C970D058D}"
	ProjectSection(ProjectDependencies) = postProject
	EndProjectSection
EndProject
Project("{8BC9CEB8-8B4A-11D0-8D11-00A0C91BC942}") = "threadw", "threadw.vcproj", "{6618AB6D-22D1-4CE2-A8CA-C2B054C577F7}"
	ProjectSection(ProjectDependencies) = postProject
	EndProjectSection
EndProject
Project("{8BC9CEB8-8B4A-11D0-8D11-00A0C91BC942}") = "tidy", "tidy.vcproj", "{D7282B82-0877-4F65-80DF-7868421921FE}"
	ProjectSection(ProjectDependencies) = postProject
	EndProjectSection
EndProject
Project("{8BC9CEB8-8B4A-11D0-8D11-00A0C91BC942}") = "util", "util.vcproj", "{82BC51DB-BC68-4016-B477-F02CB908343E}"
	ProjectSection(ProjectDependencies) = postProject
		{1194CA71-0A3F-499F-8B09-18A51EFB8237} = {1194CA71-0A3F-499F-8B09-18A51EFB8237}
	EndProjectSection
EndProject
Project("{8BC9CEB8-8B4A-11D0-8D11-00A0C91BC942}") = "wi", "wi.vcproj", "{1194CA71-0A3F-499F-8B09-18A51EFB8237}"
	ProjectSection(ProjectDependencies) = postProject
	EndProjectSection
EndProject
Project("{8BC9CEB8-8B4A-11D0-8D11-00A0C91BC942}") = "wic", "wic.vcproj", "{9322DB42-649D-4219-8D2B-A1B6B1DF3247}"
	ProjectSection(ProjectDependencies) = postProject
	EndProjectSection
EndProject
Project("{8BC9CEB8-8B4A-11D0-8D11-00A0C91BC942}") = "xml", "xml.vcproj", "{B1C0F012-0314-491A-981C-FEC0C0E87B5E}"
	ProjectSection(ProjectDependencies) = postProject
	EndProjectSection
EndProject
Project("{8BC9CEB8-8B4A-11D0-8D11-00A0C91BC942}") = "zlib", "zlib.vcproj", "{41AE0C69-33A0-4683-AE2C-6E85E891E001}"
	ProjectSection(ProjectDependencies) = postProject
	EndProjectSection
EndProject
Project("{8BC9CEB8-8B4A-11D0-8D11-00A0C91BC942}") = "isql", "isql_native.vcproj", "{AFB1D909-86D0-49DE-8BD8-DF89349F934E}"
	ProjectSection(ProjectDependencies) = postProject
		{9322DB42-649D-4219-8D2B-A1B6B1DF3247} = {9322DB42-649D-4219-8D2B-A1B6B1DF3247}
		{82BC51DB-BC68-4016-B477-F02CB908343E} = {82BC51DB-BC68-4016-B477-F02CB908343E}
		{4676C5FB-71DE-44C9-90DB-324C970D058D} = {4676C5FB-71DE-44C9-90DB-324C970D058D}
		{DBD2BEFD-3539-4CAC-9F08-2A55E9E04396} = {DBD2BEFD-3539-4CAC-9F08-2A55E9E04396}
	EndProjectSection
EndProject
Project("{8BC9CEB8-8B4A-11D0-8D11-00A0C91BC942}") = "libvirtuoso_t", "libvirtuoso_odbc_t.vcproj", "{FB836C59-41E1-48EA-A59B-460AB56587EE}"
	ProjectSection(ProjectDependencies) = postProject
		{B1C0F012-0314-491A-981C-FEC0C0E87B5E} = {B1C0F012-0314-491A-981C-FEC0C0E87B5E}
		{9322DB42-649D-4219-8D2B-A1B6B1DF3247} = {9322DB42-649D-4219-8D2B-A1B6B1DF3247}
		{41AE0C69-33A0-4683-AE2C-6E85E891E001} = {41AE0C69-33A0-4683-AE2C-6E85E891E001}
		{6618AB6D-22D1-4CE2-A8CA-C2B054C577F7} = {6618AB6D-22D1-4CE2-A8CA-C2B054C577F7}
		{1194CA71-0A3F-499F-8B09-18A51EFB8237} = {1194CA71-0A3F-499F-8B09-18A51EFB8237}
		{D7282B82-0877-4F65-80DF-7868421921FE} = {D7282B82-0877-4F65-80DF-7868421921FE}
		{98DB19BA-0464-49A9-B087-28025C182849} = {98DB19BA-0464-49A9-B087-28025C182849}
		{82BC51DB-BC68-4016-B477-F02CB908343E} = {82BC51DB-BC68-4016-B477-F02CB908343E}
		{DBD2BEFD-3539-4CAC-9F08-2A55E9E04396} = {DBD2BEFD-3539-4CAC-9F08-2A55E9E04396}
	EndProjectSection
EndProject
Project("{8BC9CEB8-8B4A-11D0-8D11-00A0C91BC942}") = "virtuoso_sample_t", "virtuoso_odbc_sample_t.vcproj", "{8D07389F-F48A-49B9-BED9-F71FCBACC4A8}"
	ProjectSection(ProjectDependencies) = postProject
		{B1C0F012-0314-491A-981C-FEC0C0E87B5E} = {B1C0F012-0314-491A-981C-FEC0C0E87B5E}
		{FB836C59-41E1-48EA-A59B-460AB56587EE} = {FB836C59-41E1-48EA-A59B-460AB56587EE}
		{41AE0C69-33A0-4683-AE2C-6E85E891E001} = {41AE0C69-33A0-4683-AE2C-6E85E891E001}
		{6618AB6D-22D1-4CE2-A8CA-C2B054C577F7} = {6618AB6D-22D1-4CE2-A8CA-C2B054C577F7}
		{1194CA71-0A3F-499F-8B09-18A51EFB8237} = {1194CA71-0A3F-499F-8B09-18A51EFB8237}
		{D7282B82-0877-4F65-80DF-7868421921FE} = {D7282B82-0877-4F65-80DF-7868421921FE}
		{98DB19BA-0464-49A9-B087-28025C182849} = {98DB19BA-0464-49A9-B087-28025C182849}
		{82BC51DB-BC68-4016-B477-F02CB908343E} = {82BC51DB-BC68-4016-B477-F02CB908343E}
		{4676C5FB-71DE-44C9-90DB-324C970D058D} = {4676C5FB-71DE-44C9-90DB-324C970D058D}
	EndProjectSection
EndProject
Project("{8BC9CEB8-8B4A-11D0-8D11-00A0C91BC942}") = "virtuoso_javavm_t", "virtuoso_odbc_javavm_t.vcproj", "{8D07389F-F48A-49B9-BED9-F71FCBACC4A8}"
	ProjectSection(ProjectDependencies) = postProject
		{FB836C59-41E1-48EA-A59B-460AB56587EE} = {FB836C59-41E1-48EA-A59B-460AB56587EE}
	EndProjectSection
EndProject
Project("{8BC9CEB8-8B4A-11D0-8D11-00A0C91BC942}") = "virtuoso_clr_t", "virtuoso_odbc_clr_t.vcproj", "{8D07389F-F48A-49B9-BED9-F71FCBACC4A8}"
	ProjectSection(ProjectDependencies) = postProject
		{FB836C59-41E1-48EA-A59B-460AB56587EE} = {FB836C59-41E1-48EA-A59B-460AB56587EE}
	EndProjectSection
EndProject
Project("{8BC9CEB8-8B4A-11D0-8D11-00A0C91BC942}") = "demodb", "demodb.vcproj", "{CA03DBF1-2C7E-4732-8F41-65030876DDE7}"
	ProjectSection(ProjectDependencies) = postProject
		{AFB1D909-86D0-49DE-8BD8-DF89349F934E} = {AFB1D909-86D0-49DE-8BD8-DF89349F934E}
		{6E10B655-C324-491F-B202-73565D6B30FB} = {6E10B655-C324-491F-B202-73565D6B30FB}
		{69204472-6F3E-4D1F-B264-89AA58C523ED} = {69204472-6F3E-4D1F-B264-89AA58C523ED}
	EndProjectSection
EndProject
Project("{8BC9CEB8-8B4A-11D0-8D11-00A0C91BC942}") = "virtuoso_php_t", "virtuoso_odbc_php_t.vcproj", "{8D07389F-F48A-49B9-BED9-F71FCBACC4A8}"
	ProjectSection(ProjectDependencies) = postProject
		{FB836C59-41E1-48EA-A59B-460AB56587EE} = {FB836C59-41E1-48EA-A59B-460AB56587EE}
	EndProjectSection
EndProject
Project("{8BC9CEB8-8B4A-11D0-8D11-00A0C91BC942}") = "cutter", "cutter.vcproj", "{6E10B655-C324-491F-B202-73565D6B30FB}"
	ProjectSection(ProjectDependencies) = postProject
	EndProjectSection
EndProject
Project("{8BC9CEB8-8B4A-11D0-8D11-00A0C91BC942}") = "virtodbc", "virtodbc.vcproj", "{A326A0DF-4F93-4DF6-813D-0B64F98B389F}"
	ProjectSection(ProjectDependencies) = postProject
	EndProjectSection
EndProject
Project("{8BC9CEB8-8B4A-11D0-8D11-00A0C91BC942}") = "virtoledb", "virtoledb.vcproj", "{A326A0DF-4F93-4DF6-813D-0B64F98B389F}"
	ProjectSection(ProjectDependencies) = postProject
	EndProjectSection
EndProject
Project("{8BC9CEB8-8B4A-11D0-8D11-00A0C91BC942}") = "ins", "ins.vcproj", "{9575BFE3-4BF8-4F9D-9BF2-5C4AF397B065}"
	ProjectSection(ProjectDependencies) = postProject
	EndProjectSection
EndProject
Project("{8BC9CEB8-8B4A-11D0-8D11-00A0C91BC942}") = "blobs", "blobs.vcproj", "{9575BFE3-4BF8-4F9D-9BF2-5C4AF397B065}"
	ProjectSection(ProjectDependencies) = postProject
	EndProjectSection
EndProject
Project("{8BC9CEB8-8B4A-11D0-8D11-00A0C91BC942}") = "urlsimu", "urlsimu.vcproj", "{9575BFE3-4BF8-4F9D-9BF2-5C4AF397B065}"
	ProjectSection(ProjectDependencies) = postProject
	EndProjectSection
EndProject
Project("{8BC9CEB8-8B4A-11D0-8D11-00A0C91BC942}") = "tpcc", "tpcc.vcproj", "{9575BFE3-4BF8-4F9D-9BF2-5C4AF397B065}"
	ProjectSection(ProjectDependencies) = postProject
	EndProjectSection
EndProject
Project("{8BC9CEB8-8B4A-11D0-8D11-00A0C91BC942}") = "cursor", "cursor.vcproj", "{9575BFE3-4BF8-4F9D-9BF2-5C4AF397B065}"
	ProjectSection(ProjectDependencies) = postProject
	EndProjectSection
EndProject
Project("{8BC9CEB8-8B4A-11D0-8D11-00A0C91BC942}") = "scroll", "scroll.vcproj", "{9575BFE3-4BF8-4F9D-9BF2-5C4AF397B065}"
	ProjectSection(ProjectDependencies) = postProject
	EndProjectSection
EndProject
Project("{8BC9CEB8-8B4A-11D0-8D11-00A0C91BC942}") = "burstoff", "burstoff.vcproj", "{9575BFE3-4BF8-4F9D-9BF2-5C4AF397B065}"
	ProjectSection(ProjectDependencies) = postProject
	EndProjectSection
EndProject
Project("{8BC9CEB8-8B4A-11D0-8D11-00A0C91BC942}") = "setcurs", "setcurs.vcproj", "{9575BFE3-4BF8-4F9D-9BF2-5C4AF397B065}"
	ProjectSection(ProjectDependencies) = postProject
	EndProjectSection
EndProject
Project("{8BC9CEB8-8B4A-11D0-8D11-00A0C91BC942}") = "getdata", "getdata.vcproj", "{9575BFE3-4BF8-4F9D-9BF2-5C4AF397B065}"
	ProjectSection(ProjectDependencies) = postProject
	EndProjectSection
EndProject
Project("{8BC9CEB8-8B4A-11D0-8D11-00A0C91BC942}") = "wikiv", "wikiv.vcproj", "{A326A0DF-4F93-4DF6-813D-0B64F98B389F}"
	ProjectSection(ProjectDependencies) = postProject
	EndProjectSection
EndProject
Project("{8BC9CEB8-8B4A-11D0-8D11-00A0C91BC942}") = "hosting_perl", "hosting_perl.vcproj", "{A326A0DF-4F93-4DF6-813D-0B64F98B389F}"
	ProjectSection(ProjectDependencies) = postProject
	EndProjectSection
EndProject
Project("{8BC9CEB8-8B4A-11D0-8D11-00A0C91BC942}") = "hosting_python", "hosting_python.vcproj", "{A326A0DF-4F93-4DF6-813D-0B64F98B389F}"
	ProjectSection(ProjectDependencies) = postProject
	EndProjectSection
EndProject
Project("{8BC9CEB8-8B4A-11D0-8D11-00A0C91BC942}") = "im", "im.vcproj", "{A326A0DF-4F93-4DF6-813D-0B64F98B389F}"
	ProjectSection(ProjectDependencies) = postProject
		{82BC51DB-BC68-4016-B477-F02CB908343E} = {82BC51DB-BC68-4016-B477-F02CB908343E}
	EndProjectSection
EndProject
Project("{FAE04EC0-301F-11D3-BF4B-00C04F79EFBC}") = "VirtuosoClient.NET", "..\binsrc\VirtuosoClient.Net\VirtuosoClient.NET.csproj", "{50E2DD3F-5B5E-4E62-9206-A41824905CD7}"
	ProjectSection(ProjectDependencies) = postProject
	EndProjectSection
EndProject
Global
	GlobalSection(SolutionConfiguration) = preSolution
		Debug = Debug
		Release = Release
	EndGlobalSection
	GlobalSection(ProjectConfiguration) = postSolution
		{69204472-6F3E-4D1F-B264-89AA58C523ED}.Debug.ActiveCfg = Debug|Win32
		{69204472-6F3E-4D1F-B264-89AA58C523ED}.Debug.Build.0 = Debug|Win32
		{69204472-6F3E-4D1F-B264-89AA58C523ED}.Release.ActiveCfg = Release|Win32
		{69204472-6F3E-4D1F-B264-89AA58C523ED}.Release.Build.0 = Release|Win32
		{DBD2BEFD-3539-4CAC-9F08-2A55E9E04396}.Debug.ActiveCfg = Debug|Win32
		{DBD2BEFD-3539-4CAC-9F08-2A55E9E04396}.Debug.Build.0 = Debug|Win32
		{DBD2BEFD-3539-4CAC-9F08-2A55E9E04396}.Release.ActiveCfg = Release|Win32
		{DBD2BEFD-3539-4CAC-9F08-2A55E9E04396}.Release.Build.0 = Release|Win32
		{98DB19BA-0464-49A9-B087-28025C182849}.Debug.ActiveCfg = Debug|Win32
		{98DB19BA-0464-49A9-B087-28025C182849}.Debug.Build.0 = Debug|Win32
		{98DB19BA-0464-49A9-B087-28025C182849}.Release.ActiveCfg = Release|Win32
		{98DB19BA-0464-49A9-B087-28025C182849}.Release.Build.0 = Release|Win32
		{12C3379A-BC73-47C2-B025-28A699618C53}.Debug.ActiveCfg = Debug|Win32
		{12C3379A-BC73-47C2-B025-28A699618C53}.Debug.Build.0 = Debug|Win32
		{12C3379A-BC73-47C2-B025-28A699618C53}.Release.ActiveCfg = Release|Win32
		{12C3379A-BC73-47C2-B025-28A699618C53}.Release.Build.0 = Release|Win32
		{4676C5FB-71DE-44C9-90DB-324C970D058D}.Debug.ActiveCfg = Debug|Win32
		{4676C5FB-71DE-44C9-90DB-324C970D058D}.Debug.Build.0 = Debug|Win32
		{4676C5FB-71DE-44C9-90DB-324C970D058D}.Release.ActiveCfg = Release|Win32
		{4676C5FB-71DE-44C9-90DB-324C970D058D}.Release.Build.0 = Release|Win32
		{6618AB6D-22D1-4CE2-A8CA-C2B054C577F7}.Debug.ActiveCfg = Debug|Win32
		{6618AB6D-22D1-4CE2-A8CA-C2B054C577F7}.Debug.Build.0 = Debug|Win32
		{6618AB6D-22D1-4CE2-A8CA-C2B054C577F7}.Release.ActiveCfg = Release|Win32
		{6618AB6D-22D1-4CE2-A8CA-C2B054C577F7}.Release.Build.0 = Release|Win32
		{D7282B82-0877-4F65-80DF-7868421921FE}.Debug.ActiveCfg = Debug|Win32
		{D7282B82-0877-4F65-80DF-7868421921FE}.Debug.Build.0 = Debug|Win32
		{D7282B82-0877-4F65-80DF-7868421921FE}.Release.ActiveCfg = Release|Win32
		{D7282B82-0877-4F65-80DF-7868421921FE}.Release.Build.0 = Release|Win32
		{82BC51DB-BC68-4016-B477-F02CB908343E}.Debug.ActiveCfg = Debug|Win32
		{82BC51DB-BC68-4016-B477-F02CB908343E}.Debug.Build.0 = Debug|Win32
		{82BC51DB-BC68-4016-B477-F02CB908343E}.Release.ActiveCfg = Release|Win32
		{82BC51DB-BC68-4016-B477-F02CB908343E}.Release.Build.0 = Release|Win32
		{1194CA71-0A3F-499F-8B09-18A51EFB8237}.Debug.ActiveCfg = Debug|Win32
		{1194CA71-0A3F-499F-8B09-18A51EFB8237}.Debug.Build.0 = Debug|Win32
		{1194CA71-0A3F-499F-8B09-18A51EFB8237}.Release.ActiveCfg = Release|Win32
		{1194CA71-0A3F-499F-8B09-18A51EFB8237}.Release.Build.0 = Release|Win32
		{9322DB42-649D-4219-8D2B-A1B6B1DF3247}.Debug.ActiveCfg = Debug|Win32
		{9322DB42-649D-4219-8D2B-A1B6B1DF3247}.Debug.Build.0 = Debug|Win32
		{9322DB42-649D-4219-8D2B-A1B6B1DF3247}.Release.ActiveCfg = Release|Win32
		{9322DB42-649D-4219-8D2B-A1B6B1DF3247}.Release.Build.0 = Release|Win32
		{B1C0F012-0314-491A-981C-FEC0C0E87B5E}.Debug.ActiveCfg = Debug|Win32
		{B1C0F012-0314-491A-981C-FEC0C0E87B5E}.Debug.Build.0 = Debug|Win32
		{B1C0F012-0314-491A-981C-FEC0C0E87B5E}.Release.ActiveCfg = Release|Win32
		{B1C0F012-0314-491A-981C-FEC0C0E87B5E}.Release.Build.0 = Release|Win32
		{41AE0C69-33A0-4683-AE2C-6E85E891E001}.Debug.ActiveCfg = Debug|Win32
		{41AE0C69-33A0-4683-AE2C-6E85E891E001}.Debug.Build.0 = Debug|Win32
		{41AE0C69-33A0-4683-AE2C-6E85E891E001}.Release.ActiveCfg = Release|Win32
		{41AE0C69-33A0-4683-AE2C-6E85E891E001}.Release.Build.0 = Release|Win32
		{AFB1D909-86D0-49DE-8BD8-DF89349F934E}.Debug.ActiveCfg = Debug|Win32
		{AFB1D909-86D0-49DE-8BD8-DF89349F934E}.Debug.Build.0 = Debug|Win32
		{AFB1D909-86D0-49DE-8BD8-DF89349F934E}.Release.ActiveCfg = Release|Win32
		{AFB1D909-86D0-49DE-8BD8-DF89349F934E}.Release.Build.0 = Release|Win32
		{FB836C59-41E1-48EA-A59B-460AB56587EE}.Debug.ActiveCfg = Debug|Win32
		{FB836C59-41E1-48EA-A59B-460AB56587EE}.Debug.Build.0 = Debug|Win32
		{FB836C59-41E1-48EA-A59B-460AB56587EE}.Release.ActiveCfg = Release|Win32
		{FB836C59-41E1-48EA-A59B-460AB56587EE}.Release.Build.0 = Release|Win32
		{8D07389F-F48A-49B9-BED9-F71FCBACC4A8}.Debug.ActiveCfg = Debug|Win32
		{8D07389F-F48A-49B9-BED9-F71FCBACC4A8}.Debug.Build.0 = Debug|Win32
		{8D07389F-F48A-49B9-BED9-F71FCBACC4A8}.Release.ActiveCfg = Release|Win32
		{8D07389F-F48A-49B9-BED9-F71FCBACC4A8}.Release.Build.0 = Release|Win32
		{8D07389F-F48A-49B9-BED9-F71FCBACC4A8}.Debug.ActiveCfg = Debug|Win32
		{8D07389F-F48A-49B9-BED9-F71FCBACC4A8}.Debug.Build.0 = Debug|Win32
		{8D07389F-F48A-49B9-BED9-F71FCBACC4A8}.Release.ActiveCfg = Release|Win32
		{8D07389F-F48A-49B9-BED9-F71FCBACC4A8}.Release.Build.0 = Release|Win32
		{8D07389F-F48A-49B9-BED9-F71FCBACC4A8}.Debug.ActiveCfg = Debug|Win32
		{8D07389F-F48A-49B9-BED9-F71FCBACC4A8}.Debug.Build.0 = Debug|Win32
		{8D07389F-F48A-49B9-BED9-F71FCBACC4A8}.Release.ActiveCfg = Release|Win32
		{8D07389F-F48A-49B9-BED9-F71FCBACC4A8}.Release.Build.0 = Release|Win32
		{CA03DBF1-2C7E-4732-8F41-65030876DDE7}.Debug.ActiveCfg = Debug|Win32
		{CA03DBF1-2C7E-4732-8F41-65030876DDE7}.Debug.Build.0 = Debug|Win32
		{CA03DBF1-2C7E-4732-8F41-65030876DDE7}.Release.ActiveCfg = Release|Win32
		{CA03DBF1-2C7E-4732-8F41-65030876DDE7}.Release.Build.0 = Release|Win32
		{8D07389F-F48A-49B9-BED9-F71FCBACC4A8}.Debug.ActiveCfg = Debug|Win32
		{8D07389F-F48A-49B9-BED9-F71FCBACC4A8}.Debug.Build.0 = Debug|Win32
		{8D07389F-F48A-49B9-BED9-F71FCBACC4A8}.Release.ActiveCfg = Release|Win32
		{8D07389F-F48A-49B9-BED9-F71FCBACC4A8}.Release.Build.0 = Release|Win32
		{6E10B655-C324-491F-B202-73565D6B30FB}.Debug.ActiveCfg = Debug|Win32
		{6E10B655-C324-491F-B202-73565D6B30FB}.Debug.Build.0 = Debug|Win32
		{6E10B655-C324-491F-B202-73565D6B30FB}.Release.ActiveCfg = Release|Win32
		{6E10B655-C324-491F-B202-73565D6B30FB}.Release.Build.0 = Release|Win32
		{A326A0DF-4F93-4DF6-813D-0B64F98B389F}.Debug.ActiveCfg = Debug|Win32
		{A326A0DF-4F93-4DF6-813D-0B64F98B389F}.Debug.Build.0 = Debug|Win32
		{A326A0DF-4F93-4DF6-813D-0B64F98B389F}.Release.ActiveCfg = Release|Win32
		{A326A0DF-4F93-4DF6-813D-0B64F98B389F}.Release.Build.0 = Release|Win32
		{A326A0DF-4F93-4DF6-813D-0B64F98B389F}.Debug.ActiveCfg = Debug|Win32
		{A326A0DF-4F93-4DF6-813D-0B64F98B389F}.Debug.Build.0 = Debug|Win32
		{A326A0DF-4F93-4DF6-813D-0B64F98B389F}.Release.ActiveCfg = Release|Win32
		{A326A0DF-4F93-4DF6-813D-0B64F98B389F}.Release.Build.0 = Release|Win32
		{9575BFE3-4BF8-4F9D-9BF2-5C4AF397B065}.Debug.ActiveCfg = Debug|Win32
		{9575BFE3-4BF8-4F9D-9BF2-5C4AF397B065}.Debug.Build.0 = Debug|Win32
		{9575BFE3-4BF8-4F9D-9BF2-5C4AF397B065}.Release.ActiveCfg = Release|Win32
		{9575BFE3-4BF8-4F9D-9BF2-5C4AF397B065}.Release.Build.0 = Release|Win32
		{9575BFE3-4BF8-4F9D-9BF2-5C4AF397B065}.Debug.ActiveCfg = Debug|Win32
		{9575BFE3-4BF8-4F9D-9BF2-5C4AF397B065}.Debug.Build.0 = Debug|Win32
		{9575BFE3-4BF8-4F9D-9BF2-5C4AF397B065}.Release.ActiveCfg = Release|Win32
		{9575BFE3-4BF8-4F9D-9BF2-5C4AF397B065}.Release.Build.0 = Release|Win32
		{9575BFE3-4BF8-4F9D-9BF2-5C4AF397B065}.Debug.ActiveCfg = Debug|Win32
		{9575BFE3-4BF8-4F9D-9BF2-5C4AF397B065}.Debug.Build.0 = Debug|Win32
		{9575BFE3-4BF8-4F9D-9BF2-5C4AF397B065}.Release.ActiveCfg = Release|Win32
		{9575BFE3-4BF8-4F9D-9BF2-5C4AF397B065}.Release.Build.0 = Release|Win32
		{9575BFE3-4BF8-4F9D-9BF2-5C4AF397B065}.Debug.ActiveCfg = Debug|Win32
		{9575BFE3-4BF8-4F9D-9BF2-5C4AF397B065}.Debug.Build.0 = Debug|Win32
		{9575BFE3-4BF8-4F9D-9BF2-5C4AF397B065}.Release.ActiveCfg = Release|Win32
		{9575BFE3-4BF8-4F9D-9BF2-5C4AF397B065}.Release.Build.0 = Release|Win32
		{9575BFE3-4BF8-4F9D-9BF2-5C4AF397B065}.Debug.ActiveCfg = Debug|Win32
		{9575BFE3-4BF8-4F9D-9BF2-5C4AF397B065}.Debug.Build.0 = Debug|Win32
		{9575BFE3-4BF8-4F9D-9BF2-5C4AF397B065}.Release.ActiveCfg = Release|Win32
		{9575BFE3-4BF8-4F9D-9BF2-5C4AF397B065}.Release.Build.0 = Release|Win32
		{9575BFE3-4BF8-4F9D-9BF2-5C4AF397B065}.Debug.ActiveCfg = Debug|Win32
		{9575BFE3-4BF8-4F9D-9BF2-5C4AF397B065}.Debug.Build.0 = Debug|Win32
		{9575BFE3-4BF8-4F9D-9BF2-5C4AF397B065}.Release.ActiveCfg = Release|Win32
		{9575BFE3-4BF8-4F9D-9BF2-5C4AF397B065}.Release.Build.0 = Release|Win32
		{9575BFE3-4BF8-4F9D-9BF2-5C4AF397B065}.Debug.ActiveCfg = Debug|Win32
		{9575BFE3-4BF8-4F9D-9BF2-5C4AF397B065}.Debug.Build.0 = Debug|Win32
		{9575BFE3-4BF8-4F9D-9BF2-5C4AF397B065}.Release.ActiveCfg = Release|Win32
		{9575BFE3-4BF8-4F9D-9BF2-5C4AF397B065}.Release.Build.0 = Release|Win32
		{9575BFE3-4BF8-4F9D-9BF2-5C4AF397B065}.Debug.ActiveCfg = Debug|Win32
		{9575BFE3-4BF8-4F9D-9BF2-5C4AF397B065}.Debug.Build.0 = Debug|Win32
		{9575BFE3-4BF8-4F9D-9BF2-5C4AF397B065}.Release.ActiveCfg = Release|Win32
		{9575BFE3-4BF8-4F9D-9BF2-5C4AF397B065}.Release.Build.0 = Release|Win32
		{9575BFE3-4BF8-4F9D-9BF2-5C4AF397B065}.Debug.ActiveCfg = Debug|Win32
		{9575BFE3-4BF8-4F9D-9BF2-5C4AF397B065}.Debug.Build.0 = Debug|Win32
		{9575BFE3-4BF8-4F9D-9BF2-5C4AF397B065}.Release.ActiveCfg = Release|Win32
		{9575BFE3-4BF8-4F9D-9BF2-5C4AF397B065}.Release.Build.0 = Release|Win32
		{A326A0DF-4F93-4DF6-813D-0B64F98B389F}.Debug.ActiveCfg = Debug|Win32
		{A326A0DF-4F93-4DF6-813D-0B64F98B389F}.Debug.Build.0 = Debug|Win32
		{A326A0DF-4F93-4DF6-813D-0B64F98B389F}.Release.ActiveCfg = Release|Win32
		{A326A0DF-4F93-4DF6-813D-0B64F98B389F}.Release.Build.0 = Release|Win32
		{A326A0DF-4F93-4DF6-813D-0B64F98B389F}.Debug.ActiveCfg = Debug|Win32
		{A326A0DF-4F93-4DF6-813D-0B64F98B389F}.Debug.Build.0 = Debug|Win32
		{A326A0DF-4F93-4DF6-813D-0B64F98B389F}.Release.ActiveCfg = Release|Win32
		{A326A0DF-4F93-4DF6-813D-0B64F98B389F}.Release.Build.0 = Release|Win32
		{A326A0DF-4F93-4DF6-813D-0B64F98B389F}.Debug.ActiveCfg = Debug|Win32
		{A326A0DF-4F93-4DF6-813D-0B64F98B389F}.Debug.Build.0 = Debug|Win32
		{A326A0DF-4F93-4DF6-813D-0B64F98B389F}.Release.ActiveCfg = Release|Win32
		{A326A0DF-4F93-4DF6-813D-0B64F98B389F}.Release.Build.0 = Release|Win32
		{A326A0DF-4F93-4DF6-813D-0B64F98B389F}.Debug.ActiveCfg = Debug|Win32
		{A326A0DF-4F93-4DF6-813D-0B64F98B389F}.Debug.Build.0 = Debug|Win32
		{A326A0DF-4F93-4DF6-813D-0B64F98B389F}.Release.ActiveCfg = Release|Win32
		{A326A0DF-4F93-4DF6-813D-0B64F98B389F}.Release.Build.0 = Release|Win32
		{50E2DD3F-5B5E-4E62-9206-A41824905CD7}.Debug.ActiveCfg = Debug|.NET
		{50E2DD3F-5B5E-4E62-9206-A41824905CD7}.Debug.Build.0 = Debug|.NET
		{50E2DD3F-5B5E-4E62-9206-A41824905CD7}.Release.ActiveCfg = Release|.NET
		{50E2DD3F-5B5E-4E62-9206-A41824905CD7}.Release.Build.0 = Release|.NET
	EndGlobalSection
	GlobalSection(ExtensibilityGlobals) = postSolution
	EndGlobalSection
	GlobalSection(ExtensibilityAddIns) = postSolution
	EndGlobalSection
EndGlobal
