Microsoft Visual Studio Solution File, Format Version 9.00
# Visual Studio 2005
Project("{8BC9CEB8-8B4A-11D0-8D11-00A0C91BC942}") = "blobs", "blobs.vcproj", "{72ABF3AE-CF7A-11DA-85E2-A4E5714C712A}"
	ProjectSection(ProjectDependencies) = postProject
		{B619BB2C-A9AC-453D-BA98-3A8F3217B1AB} = {B619BB2C-A9AC-453D-BA98-3A8F3217B1AB}
		{A66E395B-18EE-4877-8F0D-386A7BBAB370} = {A66E395B-18EE-4877-8F0D-386A7BBAB370}
		{031DB868-5294-4738-90BA-F80BB2CEA9DC} = {031DB868-5294-4738-90BA-F80BB2CEA9DC}
		{58F7DCEF-D5DE-402D-8F50-39B67C8B9E9E} = {58F7DCEF-D5DE-402D-8F50-39B67C8B9E9E}
	EndProjectSection
EndProject
Project("{8BC9CEB8-8B4A-11D0-8D11-00A0C91BC942}") = "bpel_vad", "bpel_vad.vcproj", "{3A2B317A-CF7A-11DA-85E2-A4E5714C712A}"
	ProjectSection(ProjectDependencies) = postProject
		{AFB1D909-86D0-49DE-8BD8-DF89349F934E} = {AFB1D909-86D0-49DE-8BD8-DF89349F934E}
		{F4E88BFA-FC96-439D-9E67-0A92AB541EE0} = {F4E88BFA-FC96-439D-9E67-0A92AB541EE0}
	EndProjectSection
EndProject
Project("{8BC9CEB8-8B4A-11D0-8D11-00A0C91BC942}") = "burstoff", "burstoff.vcproj", "{7B2A50F2-CF7A-11DA-85E2-A4E5714C712A}"
	ProjectSection(ProjectDependencies) = postProject
		{B619BB2C-A9AC-453D-BA98-3A8F3217B1AB} = {B619BB2C-A9AC-453D-BA98-3A8F3217B1AB}
		{A66E395B-18EE-4877-8F0D-386A7BBAB370} = {A66E395B-18EE-4877-8F0D-386A7BBAB370}
		{58F7DCEF-D5DE-402D-8F50-39B67C8B9E9E} = {58F7DCEF-D5DE-402D-8F50-39B67C8B9E9E}
	EndProjectSection
EndProject
Project("{8BC9CEB8-8B4A-11D0-8D11-00A0C91BC942}") = "conductor_vad", "conductor_vad.vcproj", "{828BB6BA-CF7A-11DA-85E2-A4E5714C712A}"
	ProjectSection(ProjectDependencies) = postProject
		{AFB1D909-86D0-49DE-8BD8-DF89349F934E} = {AFB1D909-86D0-49DE-8BD8-DF89349F934E}
		{F4E88BFA-FC96-439D-9E67-0A92AB541EE0} = {F4E88BFA-FC96-439D-9E67-0A92AB541EE0}
	EndProjectSection
EndProject
Project("{8BC9CEB8-8B4A-11D0-8D11-00A0C91BC942}") = "cursor", "cursor.vcproj", "{97D467CE-CF7A-11DA-85E2-A4E5714C712A}"
	ProjectSection(ProjectDependencies) = postProject
		{B619BB2C-A9AC-453D-BA98-3A8F3217B1AB} = {B619BB2C-A9AC-453D-BA98-3A8F3217B1AB}
		{A66E395B-18EE-4877-8F0D-386A7BBAB370} = {A66E395B-18EE-4877-8F0D-386A7BBAB370}
		{031DB868-5294-4738-90BA-F80BB2CEA9DC} = {031DB868-5294-4738-90BA-F80BB2CEA9DC}
		{58F7DCEF-D5DE-402D-8F50-39B67C8B9E9E} = {58F7DCEF-D5DE-402D-8F50-39B67C8B9E9E}
	EndProjectSection
EndProject
Project("{8BC9CEB8-8B4A-11D0-8D11-00A0C91BC942}") = "cutter", "cutter.vcproj", "{6E10B655-C324-491F-B202-73565D6B30FB}"
EndProject
Project("{8BC9CEB8-8B4A-11D0-8D11-00A0C91BC942}") = "demodb", "demodb.vcproj", "{CA03DBF1-2C7E-4732-8F41-65030876DDE7}"
	ProjectSection(ProjectDependencies) = postProject
		{AFB1D909-86D0-49DE-8BD8-DF89349F934E} = {AFB1D909-86D0-49DE-8BD8-DF89349F934E}
		{50E2DD3F-5B5E-4E62-9206-A41824905CD7} = {50E2DD3F-5B5E-4E62-9206-A41824905CD7}
		{A9B1A466-CF7A-11DA-85E2-A4E5714C712A} = {A9B1A466-CF7A-11DA-85E2-A4E5714C712A}
		{3A2B317A-CF7A-11DA-85E2-A4E5714C712A} = {3A2B317A-CF7A-11DA-85E2-A4E5714C712A}
		{EB22A6B6-CF7A-11DA-85E2-A4E5714C712A} = {EB22A6B6-CF7A-11DA-85E2-A4E5714C712A}
		{828BB6BA-CF7A-11DA-85E2-A4E5714C712A} = {828BB6BA-CF7A-11DA-85E2-A4E5714C712A}
		{F4E88BFA-FC96-439D-9E67-0A92AB541EE0} = {F4E88BFA-FC96-439D-9E67-0A92AB541EE0}
	EndProjectSection
EndProject
Project("{8BC9CEB8-8B4A-11D0-8D11-00A0C91BC942}") = "dk1t", "dk1t.vcproj", "{58F7DCEF-D5DE-402D-8F50-39B67C8B9E9E}"
EndProject
Project("{8BC9CEB8-8B4A-11D0-8D11-00A0C91BC942}") = "dksrv", "dksrv.vcproj", "{58867EBA-CA07-4F41-A966-6245FF14773E}"
EndProject
Project("{8BC9CEB8-8B4A-11D0-8D11-00A0C91BC942}") = "doc_vad", "doc_vad.vcproj", "{A9B1A466-CF7A-11DA-85E2-A4E5714C712A}"
	ProjectSection(ProjectDependencies) = postProject
		{AFB1D909-86D0-49DE-8BD8-DF89349F934E} = {AFB1D909-86D0-49DE-8BD8-DF89349F934E}
		{6E10B655-C324-491F-B202-73565D6B30FB} = {6E10B655-C324-491F-B202-73565D6B30FB}
		{F4E88BFA-FC96-439D-9E67-0A92AB541EE0} = {F4E88BFA-FC96-439D-9E67-0A92AB541EE0}
	EndProjectSection
EndProject
Project("{8BC9CEB8-8B4A-11D0-8D11-00A0C91BC942}") = "getdata", "getdata.vcproj", "{AFB15514-CF7A-11DA-85E2-A4E5714C712A}"
	ProjectSection(ProjectDependencies) = postProject
		{B619BB2C-A9AC-453D-BA98-3A8F3217B1AB} = {B619BB2C-A9AC-453D-BA98-3A8F3217B1AB}
		{A66E395B-18EE-4877-8F0D-386A7BBAB370} = {A66E395B-18EE-4877-8F0D-386A7BBAB370}
		{031DB868-5294-4738-90BA-F80BB2CEA9DC} = {031DB868-5294-4738-90BA-F80BB2CEA9DC}
		{58F7DCEF-D5DE-402D-8F50-39B67C8B9E9E} = {58F7DCEF-D5DE-402D-8F50-39B67C8B9E9E}
	EndProjectSection
EndProject
Project("{8BC9CEB8-8B4A-11D0-8D11-00A0C91BC942}") = "hosting_perl", "hosting_perl.vcproj", "{354809B6-CF7B-11DA-85E2-A4E5714C712A}"
	ProjectSection(ProjectDependencies) = postProject
		{93051962-7797-49F0-8958-BB1CE60FFE6F} = {93051962-7797-49F0-8958-BB1CE60FFE6F}
		{031DB868-5294-4738-90BA-F80BB2CEA9DC} = {031DB868-5294-4738-90BA-F80BB2CEA9DC}
	EndProjectSection
EndProject
Project("{8BC9CEB8-8B4A-11D0-8D11-00A0C91BC942}") = "hosting_python", "hosting_python.vcproj", "{B525A234-CF7A-11DA-85E2-A4E5714C712A}"
	ProjectSection(ProjectDependencies) = postProject
		{93051962-7797-49F0-8958-BB1CE60FFE6F} = {93051962-7797-49F0-8958-BB1CE60FFE6F}
		{031DB868-5294-4738-90BA-F80BB2CEA9DC} = {031DB868-5294-4738-90BA-F80BB2CEA9DC}
	EndProjectSection
EndProject
Project("{8BC9CEB8-8B4A-11D0-8D11-00A0C91BC942}") = "im", "im.vcproj", "{C152ADCC-CF7A-11DA-85E2-A4E5714C712A}"
	ProjectSection(ProjectDependencies) = postProject
		{93051962-7797-49F0-8958-BB1CE60FFE6F} = {93051962-7797-49F0-8958-BB1CE60FFE6F}
		{031DB868-5294-4738-90BA-F80BB2CEA9DC} = {031DB868-5294-4738-90BA-F80BB2CEA9DC}
	EndProjectSection
EndProject
Project("{8BC9CEB8-8B4A-11D0-8D11-00A0C91BC942}") = "ins", "ins.vcproj", "{C6C66924-CF7A-11DA-85E2-A4E5714C712A}"
	ProjectSection(ProjectDependencies) = postProject
		{B619BB2C-A9AC-453D-BA98-3A8F3217B1AB} = {B619BB2C-A9AC-453D-BA98-3A8F3217B1AB}
		{A66E395B-18EE-4877-8F0D-386A7BBAB370} = {A66E395B-18EE-4877-8F0D-386A7BBAB370}
		{031DB868-5294-4738-90BA-F80BB2CEA9DC} = {031DB868-5294-4738-90BA-F80BB2CEA9DC}
		{58F7DCEF-D5DE-402D-8F50-39B67C8B9E9E} = {58F7DCEF-D5DE-402D-8F50-39B67C8B9E9E}
	EndProjectSection
EndProject
Project("{8BC9CEB8-8B4A-11D0-8D11-00A0C91BC942}") = "isql", "isql_native.vcproj", "{AFB1D909-86D0-49DE-8BD8-DF89349F934E}"
	ProjectSection(ProjectDependencies) = postProject
		{B619BB2C-A9AC-453D-BA98-3A8F3217B1AB} = {B619BB2C-A9AC-453D-BA98-3A8F3217B1AB}
		{A66E395B-18EE-4877-8F0D-386A7BBAB370} = {A66E395B-18EE-4877-8F0D-386A7BBAB370}
		{031DB868-5294-4738-90BA-F80BB2CEA9DC} = {031DB868-5294-4738-90BA-F80BB2CEA9DC}
		{58F7DCEF-D5DE-402D-8F50-39B67C8B9E9E} = {58F7DCEF-D5DE-402D-8F50-39B67C8B9E9E}
	EndProjectSection
EndProject
Project("{8BC9CEB8-8B4A-11D0-8D11-00A0C91BC942}") = "libvirtuoso_t", "libvirtuoso_odbc_t.vcproj", "{FB836C59-41E1-48EA-A59B-460AB56587EE}"
	ProjectSection(ProjectDependencies) = postProject
		{D3A2882C-410A-4F58-8ACE-A771888073E8} = {D3A2882C-410A-4F58-8ACE-A771888073E8}
		{93051962-7797-49F0-8958-BB1CE60FFE6F} = {93051962-7797-49F0-8958-BB1CE60FFE6F}
		{031DB868-5294-4738-90BA-F80BB2CEA9DC} = {031DB868-5294-4738-90BA-F80BB2CEA9DC}
		{86645C8E-3BBE-4E1E-A8AE-C6990B4ECC64} = {86645C8E-3BBE-4E1E-A8AE-C6990B4ECC64}
		{58867EBA-CA07-4F41-A966-6245FF14773E} = {58867EBA-CA07-4F41-A966-6245FF14773E}
		{D9E130E1-7734-43DF-A7EF-15CD95E467EE} = {D9E130E1-7734-43DF-A7EF-15CD95E467EE}
		{0C234EF0-7725-4BDA-A1C3-47F5835A3837} = {0C234EF0-7725-4BDA-A1C3-47F5835A3837}
	EndProjectSection
EndProject
Project("{8BC9CEB8-8B4A-11D0-8D11-00A0C91BC942}") = "isqlo", "isql.vcproj", "{9FF2579E-CF7B-11DA-85E2-A4E5714C712A}"
	ProjectSection(ProjectDependencies) = postProject
		{B619BB2C-A9AC-453D-BA98-3A8F3217B1AB} = {B619BB2C-A9AC-453D-BA98-3A8F3217B1AB}
		{A66E395B-18EE-4877-8F0D-386A7BBAB370} = {A66E395B-18EE-4877-8F0D-386A7BBAB370}
		{031DB868-5294-4738-90BA-F80BB2CEA9DC} = {031DB868-5294-4738-90BA-F80BB2CEA9DC}
		{58F7DCEF-D5DE-402D-8F50-39B67C8B9E9E} = {58F7DCEF-D5DE-402D-8F50-39B67C8B9E9E}
	EndProjectSection
EndProject
Project("{8BC9CEB8-8B4A-11D0-8D11-00A0C91BC942}") = "scroll", "scroll.vcproj", "{C9EC4A56-CF7A-11DA-85E2-A4E5714C712A}"
	ProjectSection(ProjectDependencies) = postProject
		{B619BB2C-A9AC-453D-BA98-3A8F3217B1AB} = {B619BB2C-A9AC-453D-BA98-3A8F3217B1AB}
		{A66E395B-18EE-4877-8F0D-386A7BBAB370} = {A66E395B-18EE-4877-8F0D-386A7BBAB370}
		{031DB868-5294-4738-90BA-F80BB2CEA9DC} = {031DB868-5294-4738-90BA-F80BB2CEA9DC}
		{58F7DCEF-D5DE-402D-8F50-39B67C8B9E9E} = {58F7DCEF-D5DE-402D-8F50-39B67C8B9E9E}
	EndProjectSection
EndProject
Project("{8BC9CEB8-8B4A-11D0-8D11-00A0C91BC942}") = "setcurs", "setcurs.vcproj", "{DCA407C4-CF7A-11DA-85E2-A4E5714C712A}"
	ProjectSection(ProjectDependencies) = postProject
		{B619BB2C-A9AC-453D-BA98-3A8F3217B1AB} = {B619BB2C-A9AC-453D-BA98-3A8F3217B1AB}
		{A66E395B-18EE-4877-8F0D-386A7BBAB370} = {A66E395B-18EE-4877-8F0D-386A7BBAB370}
		{031DB868-5294-4738-90BA-F80BB2CEA9DC} = {031DB868-5294-4738-90BA-F80BB2CEA9DC}
		{58F7DCEF-D5DE-402D-8F50-39B67C8B9E9E} = {58F7DCEF-D5DE-402D-8F50-39B67C8B9E9E}
	EndProjectSection
EndProject
Project("{8BC9CEB8-8B4A-11D0-8D11-00A0C91BC942}") = "threads", "threads.vcproj", "{B619BB2C-A9AC-453D-BA98-3A8F3217B1AB}"
EndProject
Project("{8BC9CEB8-8B4A-11D0-8D11-00A0C91BC942}") = "threadw", "threadw.vcproj", "{D3A2882C-410A-4F58-8ACE-A771888073E8}"
EndProject
Project("{8BC9CEB8-8B4A-11D0-8D11-00A0C91BC942}") = "tidy", "tidy.vcproj", "{D9E130E1-7734-43DF-A7EF-15CD95E467EE}"
EndProject
Project("{8BC9CEB8-8B4A-11D0-8D11-00A0C91BC942}") = "tpcc", "tpcc.vcproj", "{E5D3D9AA-CF7A-11DA-85E2-A4E5714C712A}"
	ProjectSection(ProjectDependencies) = postProject
		{B619BB2C-A9AC-453D-BA98-3A8F3217B1AB} = {B619BB2C-A9AC-453D-BA98-3A8F3217B1AB}
		{A66E395B-18EE-4877-8F0D-386A7BBAB370} = {A66E395B-18EE-4877-8F0D-386A7BBAB370}
		{031DB868-5294-4738-90BA-F80BB2CEA9DC} = {031DB868-5294-4738-90BA-F80BB2CEA9DC}
		{58F7DCEF-D5DE-402D-8F50-39B67C8B9E9E} = {58F7DCEF-D5DE-402D-8F50-39B67C8B9E9E}
	EndProjectSection
EndProject
Project("{8BC9CEB8-8B4A-11D0-8D11-00A0C91BC942}") = "tutorial_vad", "tutorial_vad.vcproj", "{EB22A6B6-CF7A-11DA-85E2-A4E5714C712A}"
	ProjectSection(ProjectDependencies) = postProject
		{AFB1D909-86D0-49DE-8BD8-DF89349F934E} = {AFB1D909-86D0-49DE-8BD8-DF89349F934E}
		{50E2DD3F-5B5E-4E62-9206-A41824905CD7} = {50E2DD3F-5B5E-4E62-9206-A41824905CD7}
		{F4E88BFA-FC96-439D-9E67-0A92AB541EE0} = {F4E88BFA-FC96-439D-9E67-0A92AB541EE0}
	EndProjectSection
EndProject
Project("{8BC9CEB8-8B4A-11D0-8D11-00A0C91BC942}") = "urlsimu", "urlsimu.vcproj", "{EF98F42A-CF7A-11DA-85E2-A4E5714C712A}"
	ProjectSection(ProjectDependencies) = postProject
		{B619BB2C-A9AC-453D-BA98-3A8F3217B1AB} = {B619BB2C-A9AC-453D-BA98-3A8F3217B1AB}
		{A66E395B-18EE-4877-8F0D-386A7BBAB370} = {A66E395B-18EE-4877-8F0D-386A7BBAB370}
		{031DB868-5294-4738-90BA-F80BB2CEA9DC} = {031DB868-5294-4738-90BA-F80BB2CEA9DC}
		{58F7DCEF-D5DE-402D-8F50-39B67C8B9E9E} = {58F7DCEF-D5DE-402D-8F50-39B67C8B9E9E}
	EndProjectSection
EndProject
Project("{8BC9CEB8-8B4A-11D0-8D11-00A0C91BC942}") = "util", "util.vcproj", "{031DB868-5294-4738-90BA-F80BB2CEA9DC}"
	ProjectSection(ProjectDependencies) = postProject
		{93051962-7797-49F0-8958-BB1CE60FFE6F} = {93051962-7797-49F0-8958-BB1CE60FFE6F}
	EndProjectSection
EndProject
Project("{8BC9CEB8-8B4A-11D0-8D11-00A0C91BC942}") = "virtodbc", "virtodbc.vcproj", "{3D1A94CE-CF7B-11DA-85E2-A4E5714C712A}"
	ProjectSection(ProjectDependencies) = postProject
		{B619BB2C-A9AC-453D-BA98-3A8F3217B1AB} = {B619BB2C-A9AC-453D-BA98-3A8F3217B1AB}
		{A66E395B-18EE-4877-8F0D-386A7BBAB370} = {A66E395B-18EE-4877-8F0D-386A7BBAB370}
		{031DB868-5294-4738-90BA-F80BB2CEA9DC} = {031DB868-5294-4738-90BA-F80BB2CEA9DC}
		{58F7DCEF-D5DE-402D-8F50-39B67C8B9E9E} = {58F7DCEF-D5DE-402D-8F50-39B67C8B9E9E}
	EndProjectSection
EndProject
Project("{8BC9CEB8-8B4A-11D0-8D11-00A0C91BC942}") = "virtoledb", "virtoledb.vcproj", "{F357CF96-CF7A-11DA-85E2-A4E5714C712A}"
	ProjectSection(ProjectDependencies) = postProject
		{B619BB2C-A9AC-453D-BA98-3A8F3217B1AB} = {B619BB2C-A9AC-453D-BA98-3A8F3217B1AB}
		{A66E395B-18EE-4877-8F0D-386A7BBAB370} = {A66E395B-18EE-4877-8F0D-386A7BBAB370}
		{031DB868-5294-4738-90BA-F80BB2CEA9DC} = {031DB868-5294-4738-90BA-F80BB2CEA9DC}
		{58F7DCEF-D5DE-402D-8F50-39B67C8B9E9E} = {58F7DCEF-D5DE-402D-8F50-39B67C8B9E9E}
	EndProjectSection
EndProject
Project("{8BC9CEB8-8B4A-11D0-8D11-00A0C91BC942}") = "virtuoso_clr_t", "virtuoso_odbc_clr_t.vcproj", "{8D07389F-F48A-49B9-BED9-F71FCBACC4A8}"
	ProjectSection(ProjectDependencies) = postProject
		{FB836C59-41E1-48EA-A59B-460AB56587EE} = {FB836C59-41E1-48EA-A59B-460AB56587EE}
	EndProjectSection
EndProject
Project("{8BC9CEB8-8B4A-11D0-8D11-00A0C91BC942}") = "virtuoso_javavm_t", "virtuoso_odbc_javavm_t.vcproj", "{02AD88A0-CF7B-11DA-85E2-A4E5714C712A}"
	ProjectSection(ProjectDependencies) = postProject
		{FB836C59-41E1-48EA-A59B-460AB56587EE} = {FB836C59-41E1-48EA-A59B-460AB56587EE}
	EndProjectSection
EndProject
Project("{8BC9CEB8-8B4A-11D0-8D11-00A0C91BC942}") = "virtuoso_php_t", "virtuoso_odbc_php_t.vcproj", "{08D454B6-CF7B-11DA-85E2-A4E5714C712A}"
	ProjectSection(ProjectDependencies) = postProject
		{FB836C59-41E1-48EA-A59B-460AB56587EE} = {FB836C59-41E1-48EA-A59B-460AB56587EE}
	EndProjectSection
EndProject
Project("{8BC9CEB8-8B4A-11D0-8D11-00A0C91BC942}") = "virtuoso_sample_t", "virtuoso_odbc_sample_t.vcproj", "{0E838FA8-CF7B-11DA-85E2-A4E5714C712A}"
	ProjectSection(ProjectDependencies) = postProject
		{FB836C59-41E1-48EA-A59B-460AB56587EE} = {FB836C59-41E1-48EA-A59B-460AB56587EE}
	EndProjectSection
EndProject
Project("{8BC9CEB8-8B4A-11D0-8D11-00A0C91BC942}") = "virtuoso_t", "virtuoso_odbc_t.vcproj", "{F4E88BFA-FC96-439D-9E67-0A92AB541EE0}"
	ProjectSection(ProjectDependencies) = postProject
		{D3A2882C-410A-4F58-8ACE-A771888073E8} = {D3A2882C-410A-4F58-8ACE-A771888073E8}
		{93051962-7797-49F0-8958-BB1CE60FFE6F} = {93051962-7797-49F0-8958-BB1CE60FFE6F}
		{031DB868-5294-4738-90BA-F80BB2CEA9DC} = {031DB868-5294-4738-90BA-F80BB2CEA9DC}
		{86645C8E-3BBE-4E1E-A8AE-C6990B4ECC64} = {86645C8E-3BBE-4E1E-A8AE-C6990B4ECC64}
		{58867EBA-CA07-4F41-A966-6245FF14773E} = {58867EBA-CA07-4F41-A966-6245FF14773E}
		{D9E130E1-7734-43DF-A7EF-15CD95E467EE} = {D9E130E1-7734-43DF-A7EF-15CD95E467EE}
		{0C234EF0-7725-4BDA-A1C3-47F5835A3837} = {0C234EF0-7725-4BDA-A1C3-47F5835A3837}
	EndProjectSection
EndProject
Project("{8BC9CEB8-8B4A-11D0-8D11-00A0C91BC942}") = "wi", "wi.vcproj", "{93051962-7797-49F0-8958-BB1CE60FFE6F}"
EndProject
Project("{8BC9CEB8-8B4A-11D0-8D11-00A0C91BC942}") = "wic", "wic.vcproj", "{A66E395B-18EE-4877-8F0D-386A7BBAB370}"
EndProject
Project("{8BC9CEB8-8B4A-11D0-8D11-00A0C91BC942}") = "wikiv", "wikiv.vcproj", "{A326A0DF-4F93-4DF6-813D-0B64F98B389F}"
	ProjectSection(ProjectDependencies) = postProject
		{93051962-7797-49F0-8958-BB1CE60FFE6F} = {93051962-7797-49F0-8958-BB1CE60FFE6F}
	EndProjectSection
EndProject
Project("{8BC9CEB8-8B4A-11D0-8D11-00A0C91BC942}") = "xml", "xml.vcproj", "{0C234EF0-7725-4BDA-A1C3-47F5835A3837}"
EndProject
Project("{8BC9CEB8-8B4A-11D0-8D11-00A0C91BC942}") = "zlib", "zlib.vcproj", "{86645C8E-3BBE-4E1E-A8AE-C6990B4ECC64}"
EndProject
Project("{FAE04EC0-301F-11D3-BF4B-00C04F79EFBC}") = "VirtuosoClient.NET.vc2005", "..\binsrc\VirtuosoClient.Net\VirtuosoClient.NET.vc2005.csproj", "{50E2DD3F-5B5E-4E62-9206-A41824905CD7}"
EndProject
Project("{8BC9CEB8-8B4A-11D0-8D11-00A0C91BC942}") = "maildrop", "maildrop.vcproj", "{C5F98602-E5B9-11DA-85E2-A4E5714C712A}"
EndProject
Project("{8BC9CEB8-8B4A-11D0-8D11-00A0C91BC942}") = "virtmail", "odbcmail.vcproj", "{4C517D78-E5B9-11DA-85E2-A4E5714C712A}"
EndProject
Global
	GlobalSection(SolutionConfigurationPlatforms) = preSolution
		Debug|Any CPU = Debug|Any CPU
		Debug|Mixed Platforms = Debug|Mixed Platforms
		Debug|Win32 = Debug|Win32
		Debug|x64 = Debug|x64
		Debug|x86 = Debug|x86
		Release|Any CPU = Release|Any CPU
		Release|Mixed Platforms = Release|Mixed Platforms
		Release|Win32 = Release|Win32
		Release|x64 = Release|x64
		Release|x86 = Release|x86
	EndGlobalSection
	GlobalSection(ProjectConfigurationPlatforms) = postSolution
		{72ABF3AE-CF7A-11DA-85E2-A4E5714C712A}.Debug|Any CPU.ActiveCfg = Debug|Win32
		{72ABF3AE-CF7A-11DA-85E2-A4E5714C712A}.Debug|Mixed Platforms.ActiveCfg = Debug|Win32
		{72ABF3AE-CF7A-11DA-85E2-A4E5714C712A}.Debug|Mixed Platforms.Build.0 = Debug|Win32
		{72ABF3AE-CF7A-11DA-85E2-A4E5714C712A}.Debug|Win32.ActiveCfg = Debug|Win32
		{72ABF3AE-CF7A-11DA-85E2-A4E5714C712A}.Debug|Win32.Build.0 = Debug|Win32
		{72ABF3AE-CF7A-11DA-85E2-A4E5714C712A}.Debug|x64.ActiveCfg = Debug|x64
		{72ABF3AE-CF7A-11DA-85E2-A4E5714C712A}.Debug|x64.Build.0 = Debug|x64
		{72ABF3AE-CF7A-11DA-85E2-A4E5714C712A}.Debug|x86.ActiveCfg = Debug|Win32
		{72ABF3AE-CF7A-11DA-85E2-A4E5714C712A}.Release|Any CPU.ActiveCfg = Release|Win32
		{72ABF3AE-CF7A-11DA-85E2-A4E5714C712A}.Release|Mixed Platforms.ActiveCfg = Release|Win32
		{72ABF3AE-CF7A-11DA-85E2-A4E5714C712A}.Release|Mixed Platforms.Build.0 = Release|Win32
		{72ABF3AE-CF7A-11DA-85E2-A4E5714C712A}.Release|Win32.ActiveCfg = Release|Win32
		{72ABF3AE-CF7A-11DA-85E2-A4E5714C712A}.Release|Win32.Build.0 = Release|Win32
		{72ABF3AE-CF7A-11DA-85E2-A4E5714C712A}.Release|x64.ActiveCfg = Release|x64
		{72ABF3AE-CF7A-11DA-85E2-A4E5714C712A}.Release|x64.Build.0 = Release|x64
		{72ABF3AE-CF7A-11DA-85E2-A4E5714C712A}.Release|x86.ActiveCfg = Release|x64
		{3A2B317A-CF7A-11DA-85E2-A4E5714C712A}.Debug|Any CPU.ActiveCfg = Debug|Win32
		{3A2B317A-CF7A-11DA-85E2-A4E5714C712A}.Debug|Mixed Platforms.ActiveCfg = Debug|Win32
		{3A2B317A-CF7A-11DA-85E2-A4E5714C712A}.Debug|Win32.ActiveCfg = Debug|Win32
		{3A2B317A-CF7A-11DA-85E2-A4E5714C712A}.Debug|Win32.Build.0 = Debug|Win32
		{3A2B317A-CF7A-11DA-85E2-A4E5714C712A}.Debug|x64.ActiveCfg = Debug|x64
		{3A2B317A-CF7A-11DA-85E2-A4E5714C712A}.Debug|x64.Build.0 = Debug|x64
		{3A2B317A-CF7A-11DA-85E2-A4E5714C712A}.Debug|x86.ActiveCfg = Debug|Win32
		{3A2B317A-CF7A-11DA-85E2-A4E5714C712A}.Release|Any CPU.ActiveCfg = Release|Win32
		{3A2B317A-CF7A-11DA-85E2-A4E5714C712A}.Release|Mixed Platforms.ActiveCfg = Release|Win32
		{3A2B317A-CF7A-11DA-85E2-A4E5714C712A}.Release|Mixed Platforms.Build.0 = Release|Win32
		{3A2B317A-CF7A-11DA-85E2-A4E5714C712A}.Release|Win32.ActiveCfg = Release|Win32
		{3A2B317A-CF7A-11DA-85E2-A4E5714C712A}.Release|Win32.Build.0 = Release|Win32
		{3A2B317A-CF7A-11DA-85E2-A4E5714C712A}.Release|x64.ActiveCfg = Release|x64
		{3A2B317A-CF7A-11DA-85E2-A4E5714C712A}.Release|x64.Build.0 = Release|x64
		{3A2B317A-CF7A-11DA-85E2-A4E5714C712A}.Release|x86.ActiveCfg = Release|x64
		{7B2A50F2-CF7A-11DA-85E2-A4E5714C712A}.Debug|Any CPU.ActiveCfg = Debug|Win32
		{7B2A50F2-CF7A-11DA-85E2-A4E5714C712A}.Debug|Mixed Platforms.ActiveCfg = Debug|Win32
		{7B2A50F2-CF7A-11DA-85E2-A4E5714C712A}.Debug|Mixed Platforms.Build.0 = Debug|Win32
		{7B2A50F2-CF7A-11DA-85E2-A4E5714C712A}.Debug|Win32.ActiveCfg = Debug|Win32
		{7B2A50F2-CF7A-11DA-85E2-A4E5714C712A}.Debug|Win32.Build.0 = Debug|Win32
		{7B2A50F2-CF7A-11DA-85E2-A4E5714C712A}.Debug|x64.ActiveCfg = Debug|x64
		{7B2A50F2-CF7A-11DA-85E2-A4E5714C712A}.Debug|x64.Build.0 = Debug|x64
		{7B2A50F2-CF7A-11DA-85E2-A4E5714C712A}.Debug|x86.ActiveCfg = Debug|Win32
		{7B2A50F2-CF7A-11DA-85E2-A4E5714C712A}.Release|Any CPU.ActiveCfg = Release|Win32
		{7B2A50F2-CF7A-11DA-85E2-A4E5714C712A}.Release|Mixed Platforms.ActiveCfg = Release|Win32
		{7B2A50F2-CF7A-11DA-85E2-A4E5714C712A}.Release|Mixed Platforms.Build.0 = Release|Win32
		{7B2A50F2-CF7A-11DA-85E2-A4E5714C712A}.Release|Win32.ActiveCfg = Release|Win32
		{7B2A50F2-CF7A-11DA-85E2-A4E5714C712A}.Release|Win32.Build.0 = Release|Win32
		{7B2A50F2-CF7A-11DA-85E2-A4E5714C712A}.Release|x64.ActiveCfg = Release|x64
		{7B2A50F2-CF7A-11DA-85E2-A4E5714C712A}.Release|x64.Build.0 = Release|x64
		{7B2A50F2-CF7A-11DA-85E2-A4E5714C712A}.Release|x86.ActiveCfg = Release|x64
		{828BB6BA-CF7A-11DA-85E2-A4E5714C712A}.Debug|Any CPU.ActiveCfg = Debug|Win32
		{828BB6BA-CF7A-11DA-85E2-A4E5714C712A}.Debug|Mixed Platforms.ActiveCfg = Debug|Win32
		{828BB6BA-CF7A-11DA-85E2-A4E5714C712A}.Debug|Win32.ActiveCfg = Debug|Win32
		{828BB6BA-CF7A-11DA-85E2-A4E5714C712A}.Debug|Win32.Build.0 = Debug|Win32
		{828BB6BA-CF7A-11DA-85E2-A4E5714C712A}.Debug|x64.ActiveCfg = Debug|x64
		{828BB6BA-CF7A-11DA-85E2-A4E5714C712A}.Debug|x64.Build.0 = Debug|x64
		{828BB6BA-CF7A-11DA-85E2-A4E5714C712A}.Debug|x86.ActiveCfg = Debug|Win32
		{828BB6BA-CF7A-11DA-85E2-A4E5714C712A}.Release|Any CPU.ActiveCfg = Release|Win32
		{828BB6BA-CF7A-11DA-85E2-A4E5714C712A}.Release|Mixed Platforms.ActiveCfg = Release|Win32
		{828BB6BA-CF7A-11DA-85E2-A4E5714C712A}.Release|Mixed Platforms.Build.0 = Release|Win32
		{828BB6BA-CF7A-11DA-85E2-A4E5714C712A}.Release|Win32.ActiveCfg = Release|Win32
		{828BB6BA-CF7A-11DA-85E2-A4E5714C712A}.Release|Win32.Build.0 = Release|Win32
		{828BB6BA-CF7A-11DA-85E2-A4E5714C712A}.Release|x64.ActiveCfg = Release|x64
		{828BB6BA-CF7A-11DA-85E2-A4E5714C712A}.Release|x64.Build.0 = Release|x64
		{828BB6BA-CF7A-11DA-85E2-A4E5714C712A}.Release|x86.ActiveCfg = Release|x64
		{97D467CE-CF7A-11DA-85E2-A4E5714C712A}.Debug|Any CPU.ActiveCfg = Debug|Win32
		{97D467CE-CF7A-11DA-85E2-A4E5714C712A}.Debug|Mixed Platforms.ActiveCfg = Debug|Win32
		{97D467CE-CF7A-11DA-85E2-A4E5714C712A}.Debug|Mixed Platforms.Build.0 = Debug|Win32
		{97D467CE-CF7A-11DA-85E2-A4E5714C712A}.Debug|Win32.ActiveCfg = Debug|Win32
		{97D467CE-CF7A-11DA-85E2-A4E5714C712A}.Debug|Win32.Build.0 = Debug|Win32
		{97D467CE-CF7A-11DA-85E2-A4E5714C712A}.Debug|x64.ActiveCfg = Debug|x64
		{97D467CE-CF7A-11DA-85E2-A4E5714C712A}.Debug|x64.Build.0 = Debug|x64
		{97D467CE-CF7A-11DA-85E2-A4E5714C712A}.Debug|x86.ActiveCfg = Debug|Win32
		{97D467CE-CF7A-11DA-85E2-A4E5714C712A}.Release|Any CPU.ActiveCfg = Release|Win32
		{97D467CE-CF7A-11DA-85E2-A4E5714C712A}.Release|Mixed Platforms.ActiveCfg = Release|Win32
		{97D467CE-CF7A-11DA-85E2-A4E5714C712A}.Release|Mixed Platforms.Build.0 = Release|Win32
		{97D467CE-CF7A-11DA-85E2-A4E5714C712A}.Release|Win32.ActiveCfg = Release|Win32
		{97D467CE-CF7A-11DA-85E2-A4E5714C712A}.Release|Win32.Build.0 = Release|Win32
		{97D467CE-CF7A-11DA-85E2-A4E5714C712A}.Release|x64.ActiveCfg = Release|x64
		{97D467CE-CF7A-11DA-85E2-A4E5714C712A}.Release|x64.Build.0 = Release|x64
		{97D467CE-CF7A-11DA-85E2-A4E5714C712A}.Release|x86.ActiveCfg = Release|x64
		{6E10B655-C324-491F-B202-73565D6B30FB}.Debug|Any CPU.ActiveCfg = Debug|Win32
		{6E10B655-C324-491F-B202-73565D6B30FB}.Debug|Mixed Platforms.ActiveCfg = Debug|Win32
		{6E10B655-C324-491F-B202-73565D6B30FB}.Debug|Mixed Platforms.Build.0 = Debug|Win32
		{6E10B655-C324-491F-B202-73565D6B30FB}.Debug|Win32.ActiveCfg = Debug|Win32
		{6E10B655-C324-491F-B202-73565D6B30FB}.Debug|Win32.Build.0 = Debug|Win32
		{6E10B655-C324-491F-B202-73565D6B30FB}.Debug|x64.ActiveCfg = Debug|x64
		{6E10B655-C324-491F-B202-73565D6B30FB}.Debug|x64.Build.0 = Debug|x64
		{6E10B655-C324-491F-B202-73565D6B30FB}.Debug|x86.ActiveCfg = Debug|Win32
		{6E10B655-C324-491F-B202-73565D6B30FB}.Release|Any CPU.ActiveCfg = Release|Win32
		{6E10B655-C324-491F-B202-73565D6B30FB}.Release|Mixed Platforms.ActiveCfg = Release|Win32
		{6E10B655-C324-491F-B202-73565D6B30FB}.Release|Mixed Platforms.Build.0 = Release|Win32
		{6E10B655-C324-491F-B202-73565D6B30FB}.Release|Win32.ActiveCfg = Release|Win32
		{6E10B655-C324-491F-B202-73565D6B30FB}.Release|Win32.Build.0 = Release|Win32
		{6E10B655-C324-491F-B202-73565D6B30FB}.Release|x64.ActiveCfg = Release|x64
		{6E10B655-C324-491F-B202-73565D6B30FB}.Release|x64.Build.0 = Release|x64
		{6E10B655-C324-491F-B202-73565D6B30FB}.Release|x86.ActiveCfg = Release|x64
		{CA03DBF1-2C7E-4732-8F41-65030876DDE7}.Debug|Any CPU.ActiveCfg = Debug|Win32
		{CA03DBF1-2C7E-4732-8F41-65030876DDE7}.Debug|Mixed Platforms.ActiveCfg = Debug|Win32
		{CA03DBF1-2C7E-4732-8F41-65030876DDE7}.Debug|Win32.ActiveCfg = Debug|Win32
		{CA03DBF1-2C7E-4732-8F41-65030876DDE7}.Debug|Win32.Build.0 = Debug|Win32
		{CA03DBF1-2C7E-4732-8F41-65030876DDE7}.Debug|x64.ActiveCfg = Debug|x64
		{CA03DBF1-2C7E-4732-8F41-65030876DDE7}.Debug|x64.Build.0 = Debug|x64
		{CA03DBF1-2C7E-4732-8F41-65030876DDE7}.Debug|x86.ActiveCfg = Debug|Win32
		{CA03DBF1-2C7E-4732-8F41-65030876DDE7}.Release|Any CPU.ActiveCfg = Release|Win32
		{CA03DBF1-2C7E-4732-8F41-65030876DDE7}.Release|Mixed Platforms.ActiveCfg = Release|Win32
		{CA03DBF1-2C7E-4732-8F41-65030876DDE7}.Release|Mixed Platforms.Build.0 = Release|Win32
		{CA03DBF1-2C7E-4732-8F41-65030876DDE7}.Release|Win32.ActiveCfg = Release|Win32
		{CA03DBF1-2C7E-4732-8F41-65030876DDE7}.Release|Win32.Build.0 = Release|Win32
		{CA03DBF1-2C7E-4732-8F41-65030876DDE7}.Release|x64.ActiveCfg = Release|x64
		{CA03DBF1-2C7E-4732-8F41-65030876DDE7}.Release|x64.Build.0 = Release|x64
		{CA03DBF1-2C7E-4732-8F41-65030876DDE7}.Release|x86.ActiveCfg = Release|x64
		{58F7DCEF-D5DE-402D-8F50-39B67C8B9E9E}.Debug|Any CPU.ActiveCfg = Debug|Win32
		{58F7DCEF-D5DE-402D-8F50-39B67C8B9E9E}.Debug|Mixed Platforms.ActiveCfg = Debug|Win32
		{58F7DCEF-D5DE-402D-8F50-39B67C8B9E9E}.Debug|Mixed Platforms.Build.0 = Debug|Win32
		{58F7DCEF-D5DE-402D-8F50-39B67C8B9E9E}.Debug|Win32.ActiveCfg = Debug|Win32
		{58F7DCEF-D5DE-402D-8F50-39B67C8B9E9E}.Debug|Win32.Build.0 = Debug|Win32
		{58F7DCEF-D5DE-402D-8F50-39B67C8B9E9E}.Debug|x64.ActiveCfg = Debug|x64
		{58F7DCEF-D5DE-402D-8F50-39B67C8B9E9E}.Debug|x64.Build.0 = Debug|x64
		{58F7DCEF-D5DE-402D-8F50-39B67C8B9E9E}.Debug|x86.ActiveCfg = Debug|Win32
		{58F7DCEF-D5DE-402D-8F50-39B67C8B9E9E}.Release|Any CPU.ActiveCfg = Release|Win32
		{58F7DCEF-D5DE-402D-8F50-39B67C8B9E9E}.Release|Mixed Platforms.ActiveCfg = Release|Win32
		{58F7DCEF-D5DE-402D-8F50-39B67C8B9E9E}.Release|Mixed Platforms.Build.0 = Release|Win32
		{58F7DCEF-D5DE-402D-8F50-39B67C8B9E9E}.Release|Win32.ActiveCfg = Release|Win32
		{58F7DCEF-D5DE-402D-8F50-39B67C8B9E9E}.Release|Win32.Build.0 = Release|Win32
		{58F7DCEF-D5DE-402D-8F50-39B67C8B9E9E}.Release|x64.ActiveCfg = Release|x64
		{58F7DCEF-D5DE-402D-8F50-39B67C8B9E9E}.Release|x64.Build.0 = Release|x64
		{58F7DCEF-D5DE-402D-8F50-39B67C8B9E9E}.Release|x86.ActiveCfg = Release|x64
		{58867EBA-CA07-4F41-A966-6245FF14773E}.Debug|Any CPU.ActiveCfg = Debug|Win32
		{58867EBA-CA07-4F41-A966-6245FF14773E}.Debug|Mixed Platforms.ActiveCfg = Debug|Win32
		{58867EBA-CA07-4F41-A966-6245FF14773E}.Debug|Mixed Platforms.Build.0 = Debug|Win32
		{58867EBA-CA07-4F41-A966-6245FF14773E}.Debug|Win32.ActiveCfg = Debug|Win32
		{58867EBA-CA07-4F41-A966-6245FF14773E}.Debug|Win32.Build.0 = Debug|Win32
		{58867EBA-CA07-4F41-A966-6245FF14773E}.Debug|x64.ActiveCfg = Debug|x64
		{58867EBA-CA07-4F41-A966-6245FF14773E}.Debug|x64.Build.0 = Debug|x64
		{58867EBA-CA07-4F41-A966-6245FF14773E}.Debug|x86.ActiveCfg = Debug|Win32
		{58867EBA-CA07-4F41-A966-6245FF14773E}.Release|Any CPU.ActiveCfg = Release|Win32
		{58867EBA-CA07-4F41-A966-6245FF14773E}.Release|Mixed Platforms.ActiveCfg = Release|Win32
		{58867EBA-CA07-4F41-A966-6245FF14773E}.Release|Mixed Platforms.Build.0 = Release|Win32
		{58867EBA-CA07-4F41-A966-6245FF14773E}.Release|Win32.ActiveCfg = Release|Win32
		{58867EBA-CA07-4F41-A966-6245FF14773E}.Release|Win32.Build.0 = Release|Win32
		{58867EBA-CA07-4F41-A966-6245FF14773E}.Release|x64.ActiveCfg = Release|x64
		{58867EBA-CA07-4F41-A966-6245FF14773E}.Release|x64.Build.0 = Release|x64
		{58867EBA-CA07-4F41-A966-6245FF14773E}.Release|x86.ActiveCfg = Release|x64
		{A9B1A466-CF7A-11DA-85E2-A4E5714C712A}.Debug|Any CPU.ActiveCfg = Debug|Win32
		{A9B1A466-CF7A-11DA-85E2-A4E5714C712A}.Debug|Mixed Platforms.ActiveCfg = Debug|Win32
		{A9B1A466-CF7A-11DA-85E2-A4E5714C712A}.Debug|Win32.ActiveCfg = Debug|Win32
		{A9B1A466-CF7A-11DA-85E2-A4E5714C712A}.Debug|Win32.Build.0 = Debug|Win32
		{A9B1A466-CF7A-11DA-85E2-A4E5714C712A}.Debug|x64.ActiveCfg = Debug|x64
		{A9B1A466-CF7A-11DA-85E2-A4E5714C712A}.Debug|x64.Build.0 = Debug|x64
		{A9B1A466-CF7A-11DA-85E2-A4E5714C712A}.Debug|x86.ActiveCfg = Debug|Win32
		{A9B1A466-CF7A-11DA-85E2-A4E5714C712A}.Release|Any CPU.ActiveCfg = Release|Win32
		{A9B1A466-CF7A-11DA-85E2-A4E5714C712A}.Release|Mixed Platforms.ActiveCfg = Release|Win32
		{A9B1A466-CF7A-11DA-85E2-A4E5714C712A}.Release|Mixed Platforms.Build.0 = Release|Win32
		{A9B1A466-CF7A-11DA-85E2-A4E5714C712A}.Release|Win32.ActiveCfg = Release|Win32
		{A9B1A466-CF7A-11DA-85E2-A4E5714C712A}.Release|Win32.Build.0 = Release|Win32
		{A9B1A466-CF7A-11DA-85E2-A4E5714C712A}.Release|x64.ActiveCfg = Release|x64
		{A9B1A466-CF7A-11DA-85E2-A4E5714C712A}.Release|x64.Build.0 = Release|x64
		{A9B1A466-CF7A-11DA-85E2-A4E5714C712A}.Release|x86.ActiveCfg = Release|x64
		{AFB15514-CF7A-11DA-85E2-A4E5714C712A}.Debug|Any CPU.ActiveCfg = Debug|Win32
		{AFB15514-CF7A-11DA-85E2-A4E5714C712A}.Debug|Mixed Platforms.ActiveCfg = Debug|Win32
		{AFB15514-CF7A-11DA-85E2-A4E5714C712A}.Debug|Mixed Platforms.Build.0 = Debug|Win32
		{AFB15514-CF7A-11DA-85E2-A4E5714C712A}.Debug|Win32.ActiveCfg = Debug|Win32
		{AFB15514-CF7A-11DA-85E2-A4E5714C712A}.Debug|Win32.Build.0 = Debug|Win32
		{AFB15514-CF7A-11DA-85E2-A4E5714C712A}.Debug|x64.ActiveCfg = Debug|x64
		{AFB15514-CF7A-11DA-85E2-A4E5714C712A}.Debug|x64.Build.0 = Debug|x64
		{AFB15514-CF7A-11DA-85E2-A4E5714C712A}.Debug|x86.ActiveCfg = Debug|Win32
		{AFB15514-CF7A-11DA-85E2-A4E5714C712A}.Release|Any CPU.ActiveCfg = Release|Win32
		{AFB15514-CF7A-11DA-85E2-A4E5714C712A}.Release|Mixed Platforms.ActiveCfg = Release|Win32
		{AFB15514-CF7A-11DA-85E2-A4E5714C712A}.Release|Mixed Platforms.Build.0 = Release|Win32
		{AFB15514-CF7A-11DA-85E2-A4E5714C712A}.Release|Win32.ActiveCfg = Release|Win32
		{AFB15514-CF7A-11DA-85E2-A4E5714C712A}.Release|Win32.Build.0 = Release|Win32
		{AFB15514-CF7A-11DA-85E2-A4E5714C712A}.Release|x64.ActiveCfg = Release|x64
		{AFB15514-CF7A-11DA-85E2-A4E5714C712A}.Release|x64.Build.0 = Release|x64
		{AFB15514-CF7A-11DA-85E2-A4E5714C712A}.Release|x86.ActiveCfg = Release|x64
		{354809B6-CF7B-11DA-85E2-A4E5714C712A}.Debug|Any CPU.ActiveCfg = Debug|Win32
		{354809B6-CF7B-11DA-85E2-A4E5714C712A}.Debug|Mixed Platforms.ActiveCfg = Debug|Win32
		{354809B6-CF7B-11DA-85E2-A4E5714C712A}.Debug|Mixed Platforms.Build.0 = Debug|Win32
		{354809B6-CF7B-11DA-85E2-A4E5714C712A}.Debug|Win32.ActiveCfg = Debug|Win32
		{354809B6-CF7B-11DA-85E2-A4E5714C712A}.Debug|Win32.Build.0 = Debug|Win32
		{354809B6-CF7B-11DA-85E2-A4E5714C712A}.Debug|x64.ActiveCfg = Debug|x64
		{354809B6-CF7B-11DA-85E2-A4E5714C712A}.Debug|x86.ActiveCfg = Debug|Win32
		{354809B6-CF7B-11DA-85E2-A4E5714C712A}.Release|Any CPU.ActiveCfg = Release|Win32
		{354809B6-CF7B-11DA-85E2-A4E5714C712A}.Release|Mixed Platforms.ActiveCfg = Release|Win32
		{354809B6-CF7B-11DA-85E2-A4E5714C712A}.Release|Mixed Platforms.Build.0 = Release|Win32
		{354809B6-CF7B-11DA-85E2-A4E5714C712A}.Release|Win32.ActiveCfg = Release|Win32
		{354809B6-CF7B-11DA-85E2-A4E5714C712A}.Release|Win32.Build.0 = Release|Win32
		{354809B6-CF7B-11DA-85E2-A4E5714C712A}.Release|x64.ActiveCfg = Release|x64
		{354809B6-CF7B-11DA-85E2-A4E5714C712A}.Release|x86.ActiveCfg = Release|x64
		{B525A234-CF7A-11DA-85E2-A4E5714C712A}.Debug|Any CPU.ActiveCfg = Debug|Win32
		{B525A234-CF7A-11DA-85E2-A4E5714C712A}.Debug|Mixed Platforms.ActiveCfg = Debug|Win32
		{B525A234-CF7A-11DA-85E2-A4E5714C712A}.Debug|Mixed Platforms.Build.0 = Debug|Win32
		{B525A234-CF7A-11DA-85E2-A4E5714C712A}.Debug|Win32.ActiveCfg = Debug|Win32
		{B525A234-CF7A-11DA-85E2-A4E5714C712A}.Debug|Win32.Build.0 = Debug|Win32
		{B525A234-CF7A-11DA-85E2-A4E5714C712A}.Debug|x64.ActiveCfg = Debug|x64
		{B525A234-CF7A-11DA-85E2-A4E5714C712A}.Debug|x86.ActiveCfg = Debug|Win32
		{B525A234-CF7A-11DA-85E2-A4E5714C712A}.Release|Any CPU.ActiveCfg = Release|Win32
		{B525A234-CF7A-11DA-85E2-A4E5714C712A}.Release|Mixed Platforms.ActiveCfg = Release|Win32
		{B525A234-CF7A-11DA-85E2-A4E5714C712A}.Release|Mixed Platforms.Build.0 = Release|Win32
		{B525A234-CF7A-11DA-85E2-A4E5714C712A}.Release|Win32.ActiveCfg = Release|Win32
		{B525A234-CF7A-11DA-85E2-A4E5714C712A}.Release|Win32.Build.0 = Release|Win32
		{B525A234-CF7A-11DA-85E2-A4E5714C712A}.Release|x64.ActiveCfg = Release|x64
		{B525A234-CF7A-11DA-85E2-A4E5714C712A}.Release|x86.ActiveCfg = Release|x64
		{C152ADCC-CF7A-11DA-85E2-A4E5714C712A}.Debug|Any CPU.ActiveCfg = Debug|Win32
		{C152ADCC-CF7A-11DA-85E2-A4E5714C712A}.Debug|Mixed Platforms.ActiveCfg = Debug|Win32
		{C152ADCC-CF7A-11DA-85E2-A4E5714C712A}.Debug|Win32.ActiveCfg = Debug|Win32
		{C152ADCC-CF7A-11DA-85E2-A4E5714C712A}.Debug|Win32.Build.0 = Debug|Win32
		{C152ADCC-CF7A-11DA-85E2-A4E5714C712A}.Debug|x64.ActiveCfg = Debug|x64
		{C152ADCC-CF7A-11DA-85E2-A4E5714C712A}.Debug|x86.ActiveCfg = Debug|Win32
		{C152ADCC-CF7A-11DA-85E2-A4E5714C712A}.Release|Any CPU.ActiveCfg = Release|Win32
		{C152ADCC-CF7A-11DA-85E2-A4E5714C712A}.Release|Mixed Platforms.ActiveCfg = Release|Win32
		{C152ADCC-CF7A-11DA-85E2-A4E5714C712A}.Release|Mixed Platforms.Build.0 = Release|Win32
		{C152ADCC-CF7A-11DA-85E2-A4E5714C712A}.Release|Win32.ActiveCfg = Release|Win32
		{C152ADCC-CF7A-11DA-85E2-A4E5714C712A}.Release|Win32.Build.0 = Release|Win32
		{C152ADCC-CF7A-11DA-85E2-A4E5714C712A}.Release|x64.ActiveCfg = Release|x64
		{C152ADCC-CF7A-11DA-85E2-A4E5714C712A}.Release|x86.ActiveCfg = Release|x64
		{C6C66924-CF7A-11DA-85E2-A4E5714C712A}.Debug|Any CPU.ActiveCfg = Debug|Win32
		{C6C66924-CF7A-11DA-85E2-A4E5714C712A}.Debug|Mixed Platforms.ActiveCfg = Debug|Win32
		{C6C66924-CF7A-11DA-85E2-A4E5714C712A}.Debug|Mixed Platforms.Build.0 = Debug|Win32
		{C6C66924-CF7A-11DA-85E2-A4E5714C712A}.Debug|Win32.ActiveCfg = Debug|Win32
		{C6C66924-CF7A-11DA-85E2-A4E5714C712A}.Debug|Win32.Build.0 = Debug|Win32
		{C6C66924-CF7A-11DA-85E2-A4E5714C712A}.Debug|x64.ActiveCfg = Debug|x64
		{C6C66924-CF7A-11DA-85E2-A4E5714C712A}.Debug|x64.Build.0 = Debug|x64
		{C6C66924-CF7A-11DA-85E2-A4E5714C712A}.Debug|x86.ActiveCfg = Debug|Win32
		{C6C66924-CF7A-11DA-85E2-A4E5714C712A}.Release|Any CPU.ActiveCfg = Release|Win32
		{C6C66924-CF7A-11DA-85E2-A4E5714C712A}.Release|Mixed Platforms.ActiveCfg = Release|Win32
		{C6C66924-CF7A-11DA-85E2-A4E5714C712A}.Release|Mixed Platforms.Build.0 = Release|Win32
		{C6C66924-CF7A-11DA-85E2-A4E5714C712A}.Release|Win32.ActiveCfg = Release|Win32
		{C6C66924-CF7A-11DA-85E2-A4E5714C712A}.Release|Win32.Build.0 = Release|Win32
		{C6C66924-CF7A-11DA-85E2-A4E5714C712A}.Release|x64.ActiveCfg = Release|x64
		{C6C66924-CF7A-11DA-85E2-A4E5714C712A}.Release|x64.Build.0 = Release|x64
		{C6C66924-CF7A-11DA-85E2-A4E5714C712A}.Release|x86.ActiveCfg = Release|x64
		{AFB1D909-86D0-49DE-8BD8-DF89349F934E}.Debug|Any CPU.ActiveCfg = Debug|Win32
		{AFB1D909-86D0-49DE-8BD8-DF89349F934E}.Debug|Mixed Platforms.ActiveCfg = Debug|Win32
		{AFB1D909-86D0-49DE-8BD8-DF89349F934E}.Debug|Mixed Platforms.Build.0 = Debug|Win32
		{AFB1D909-86D0-49DE-8BD8-DF89349F934E}.Debug|Win32.ActiveCfg = Debug|Win32
		{AFB1D909-86D0-49DE-8BD8-DF89349F934E}.Debug|Win32.Build.0 = Debug|Win32
		{AFB1D909-86D0-49DE-8BD8-DF89349F934E}.Debug|x64.ActiveCfg = Debug|x64
		{AFB1D909-86D0-49DE-8BD8-DF89349F934E}.Debug|x64.Build.0 = Debug|x64
		{AFB1D909-86D0-49DE-8BD8-DF89349F934E}.Debug|x86.ActiveCfg = Debug|Win32
		{AFB1D909-86D0-49DE-8BD8-DF89349F934E}.Release|Any CPU.ActiveCfg = Release|Win32
		{AFB1D909-86D0-49DE-8BD8-DF89349F934E}.Release|Mixed Platforms.ActiveCfg = Release|Win32
		{AFB1D909-86D0-49DE-8BD8-DF89349F934E}.Release|Mixed Platforms.Build.0 = Release|Win32
		{AFB1D909-86D0-49DE-8BD8-DF89349F934E}.Release|Win32.ActiveCfg = Release|Win32
		{AFB1D909-86D0-49DE-8BD8-DF89349F934E}.Release|Win32.Build.0 = Release|Win32
		{AFB1D909-86D0-49DE-8BD8-DF89349F934E}.Release|x64.ActiveCfg = Release|x64
		{AFB1D909-86D0-49DE-8BD8-DF89349F934E}.Release|x64.Build.0 = Release|x64
		{AFB1D909-86D0-49DE-8BD8-DF89349F934E}.Release|x86.ActiveCfg = Release|x64
		{FB836C59-41E1-48EA-A59B-460AB56587EE}.Debug|Any CPU.ActiveCfg = Debug|Win32
		{FB836C59-41E1-48EA-A59B-460AB56587EE}.Debug|Mixed Platforms.ActiveCfg = Debug|Win32
		{FB836C59-41E1-48EA-A59B-460AB56587EE}.Debug|Mixed Platforms.Build.0 = Debug|Win32
		{FB836C59-41E1-48EA-A59B-460AB56587EE}.Debug|Win32.ActiveCfg = Debug|Win32
		{FB836C59-41E1-48EA-A59B-460AB56587EE}.Debug|Win32.Build.0 = Debug|Win32
		{FB836C59-41E1-48EA-A59B-460AB56587EE}.Debug|x64.ActiveCfg = Debug|x64
		{FB836C59-41E1-48EA-A59B-460AB56587EE}.Debug|x64.Build.0 = Debug|x64
		{FB836C59-41E1-48EA-A59B-460AB56587EE}.Debug|x86.ActiveCfg = Debug|Win32
		{FB836C59-41E1-48EA-A59B-460AB56587EE}.Release|Any CPU.ActiveCfg = Release|Win32
		{FB836C59-41E1-48EA-A59B-460AB56587EE}.Release|Mixed Platforms.ActiveCfg = Release|Win32
		{FB836C59-41E1-48EA-A59B-460AB56587EE}.Release|Mixed Platforms.Build.0 = Release|Win32
		{FB836C59-41E1-48EA-A59B-460AB56587EE}.Release|Win32.ActiveCfg = Release|Win32
		{FB836C59-41E1-48EA-A59B-460AB56587EE}.Release|Win32.Build.0 = Release|Win32
		{FB836C59-41E1-48EA-A59B-460AB56587EE}.Release|x64.ActiveCfg = Release|x64
		{FB836C59-41E1-48EA-A59B-460AB56587EE}.Release|x64.Build.0 = Release|x64
		{FB836C59-41E1-48EA-A59B-460AB56587EE}.Release|x86.ActiveCfg = Release|x64
		{9FF2579E-CF7B-11DA-85E2-A4E5714C712A}.Debug|Any CPU.ActiveCfg = Debug|Win32
		{9FF2579E-CF7B-11DA-85E2-A4E5714C712A}.Debug|Mixed Platforms.ActiveCfg = Debug|Win32
		{9FF2579E-CF7B-11DA-85E2-A4E5714C712A}.Debug|Mixed Platforms.Build.0 = Debug|Win32
		{9FF2579E-CF7B-11DA-85E2-A4E5714C712A}.Debug|Win32.ActiveCfg = Debug|Win32
		{9FF2579E-CF7B-11DA-85E2-A4E5714C712A}.Debug|Win32.Build.0 = Debug|Win32
		{9FF2579E-CF7B-11DA-85E2-A4E5714C712A}.Debug|x64.ActiveCfg = Debug|x64
		{9FF2579E-CF7B-11DA-85E2-A4E5714C712A}.Debug|x64.Build.0 = Debug|x64
		{9FF2579E-CF7B-11DA-85E2-A4E5714C712A}.Debug|x86.ActiveCfg = Debug|Win32
		{9FF2579E-CF7B-11DA-85E2-A4E5714C712A}.Release|Any CPU.ActiveCfg = Release|Win32
		{9FF2579E-CF7B-11DA-85E2-A4E5714C712A}.Release|Mixed Platforms.ActiveCfg = Release|Win32
		{9FF2579E-CF7B-11DA-85E2-A4E5714C712A}.Release|Mixed Platforms.Build.0 = Release|Win32
		{9FF2579E-CF7B-11DA-85E2-A4E5714C712A}.Release|Win32.ActiveCfg = Release|Win32
		{9FF2579E-CF7B-11DA-85E2-A4E5714C712A}.Release|Win32.Build.0 = Release|Win32
		{9FF2579E-CF7B-11DA-85E2-A4E5714C712A}.Release|x64.ActiveCfg = Release|Win32
		{9FF2579E-CF7B-11DA-85E2-A4E5714C712A}.Release|x86.ActiveCfg = Release|Win32
		{C9EC4A56-CF7A-11DA-85E2-A4E5714C712A}.Debug|Any CPU.ActiveCfg = Debug|Win32
		{C9EC4A56-CF7A-11DA-85E2-A4E5714C712A}.Debug|Mixed Platforms.ActiveCfg = Debug|Win32
		{C9EC4A56-CF7A-11DA-85E2-A4E5714C712A}.Debug|Mixed Platforms.Build.0 = Debug|Win32
		{C9EC4A56-CF7A-11DA-85E2-A4E5714C712A}.Debug|Win32.ActiveCfg = Debug|Win32
		{C9EC4A56-CF7A-11DA-85E2-A4E5714C712A}.Debug|Win32.Build.0 = Debug|Win32
		{C9EC4A56-CF7A-11DA-85E2-A4E5714C712A}.Debug|x64.ActiveCfg = Debug|x64
		{C9EC4A56-CF7A-11DA-85E2-A4E5714C712A}.Debug|x64.Build.0 = Debug|x64
		{C9EC4A56-CF7A-11DA-85E2-A4E5714C712A}.Debug|x86.ActiveCfg = Debug|Win32
		{C9EC4A56-CF7A-11DA-85E2-A4E5714C712A}.Release|Any CPU.ActiveCfg = Release|Win32
		{C9EC4A56-CF7A-11DA-85E2-A4E5714C712A}.Release|Mixed Platforms.ActiveCfg = Release|Win32
		{C9EC4A56-CF7A-11DA-85E2-A4E5714C712A}.Release|Mixed Platforms.Build.0 = Release|Win32
		{C9EC4A56-CF7A-11DA-85E2-A4E5714C712A}.Release|Win32.ActiveCfg = Release|Win32
		{C9EC4A56-CF7A-11DA-85E2-A4E5714C712A}.Release|Win32.Build.0 = Release|Win32
		{C9EC4A56-CF7A-11DA-85E2-A4E5714C712A}.Release|x64.ActiveCfg = Release|x64
		{C9EC4A56-CF7A-11DA-85E2-A4E5714C712A}.Release|x64.Build.0 = Release|x64
		{C9EC4A56-CF7A-11DA-85E2-A4E5714C712A}.Release|x86.ActiveCfg = Release|x64
		{DCA407C4-CF7A-11DA-85E2-A4E5714C712A}.Debug|Any CPU.ActiveCfg = Debug|Win32
		{DCA407C4-CF7A-11DA-85E2-A4E5714C712A}.Debug|Mixed Platforms.ActiveCfg = Debug|Win32
		{DCA407C4-CF7A-11DA-85E2-A4E5714C712A}.Debug|Mixed Platforms.Build.0 = Debug|Win32
		{DCA407C4-CF7A-11DA-85E2-A4E5714C712A}.Debug|Win32.ActiveCfg = Debug|Win32
		{DCA407C4-CF7A-11DA-85E2-A4E5714C712A}.Debug|Win32.Build.0 = Debug|Win32
		{DCA407C4-CF7A-11DA-85E2-A4E5714C712A}.Debug|x64.ActiveCfg = Debug|x64
		{DCA407C4-CF7A-11DA-85E2-A4E5714C712A}.Debug|x64.Build.0 = Debug|x64
		{DCA407C4-CF7A-11DA-85E2-A4E5714C712A}.Debug|x86.ActiveCfg = Debug|Win32
		{DCA407C4-CF7A-11DA-85E2-A4E5714C712A}.Release|Any CPU.ActiveCfg = Release|Win32
		{DCA407C4-CF7A-11DA-85E2-A4E5714C712A}.Release|Mixed Platforms.ActiveCfg = Release|Win32
		{DCA407C4-CF7A-11DA-85E2-A4E5714C712A}.Release|Mixed Platforms.Build.0 = Release|Win32
		{DCA407C4-CF7A-11DA-85E2-A4E5714C712A}.Release|Win32.ActiveCfg = Release|Win32
		{DCA407C4-CF7A-11DA-85E2-A4E5714C712A}.Release|Win32.Build.0 = Release|Win32
		{DCA407C4-CF7A-11DA-85E2-A4E5714C712A}.Release|x64.ActiveCfg = Release|x64
		{DCA407C4-CF7A-11DA-85E2-A4E5714C712A}.Release|x64.Build.0 = Release|x64
		{DCA407C4-CF7A-11DA-85E2-A4E5714C712A}.Release|x86.ActiveCfg = Release|x64
		{B619BB2C-A9AC-453D-BA98-3A8F3217B1AB}.Debug|Any CPU.ActiveCfg = Debug|Win32
		{B619BB2C-A9AC-453D-BA98-3A8F3217B1AB}.Debug|Mixed Platforms.ActiveCfg = Debug|Win32
		{B619BB2C-A9AC-453D-BA98-3A8F3217B1AB}.Debug|Mixed Platforms.Build.0 = Debug|Win32
		{B619BB2C-A9AC-453D-BA98-3A8F3217B1AB}.Debug|Win32.ActiveCfg = Debug|Win32
		{B619BB2C-A9AC-453D-BA98-3A8F3217B1AB}.Debug|Win32.Build.0 = Debug|Win32
		{B619BB2C-A9AC-453D-BA98-3A8F3217B1AB}.Debug|x64.ActiveCfg = Debug|x64
		{B619BB2C-A9AC-453D-BA98-3A8F3217B1AB}.Debug|x64.Build.0 = Debug|x64
		{B619BB2C-A9AC-453D-BA98-3A8F3217B1AB}.Debug|x86.ActiveCfg = Debug|Win32
		{B619BB2C-A9AC-453D-BA98-3A8F3217B1AB}.Release|Any CPU.ActiveCfg = Release|Win32
		{B619BB2C-A9AC-453D-BA98-3A8F3217B1AB}.Release|Mixed Platforms.ActiveCfg = Release|Win32
		{B619BB2C-A9AC-453D-BA98-3A8F3217B1AB}.Release|Mixed Platforms.Build.0 = Release|Win32
		{B619BB2C-A9AC-453D-BA98-3A8F3217B1AB}.Release|Win32.ActiveCfg = Release|Win32
		{B619BB2C-A9AC-453D-BA98-3A8F3217B1AB}.Release|Win32.Build.0 = Release|Win32
		{B619BB2C-A9AC-453D-BA98-3A8F3217B1AB}.Release|x64.ActiveCfg = Release|x64
		{B619BB2C-A9AC-453D-BA98-3A8F3217B1AB}.Release|x64.Build.0 = Release|x64
		{B619BB2C-A9AC-453D-BA98-3A8F3217B1AB}.Release|x86.ActiveCfg = Release|x64
		{D3A2882C-410A-4F58-8ACE-A771888073E8}.Debug|Any CPU.ActiveCfg = Debug|Win32
		{D3A2882C-410A-4F58-8ACE-A771888073E8}.Debug|Mixed Platforms.ActiveCfg = Debug|Win32
		{D3A2882C-410A-4F58-8ACE-A771888073E8}.Debug|Mixed Platforms.Build.0 = Debug|Win32
		{D3A2882C-410A-4F58-8ACE-A771888073E8}.Debug|Win32.ActiveCfg = Debug|Win32
		{D3A2882C-410A-4F58-8ACE-A771888073E8}.Debug|Win32.Build.0 = Debug|Win32
		{D3A2882C-410A-4F58-8ACE-A771888073E8}.Debug|x64.ActiveCfg = Debug|x64
		{D3A2882C-410A-4F58-8ACE-A771888073E8}.Debug|x64.Build.0 = Debug|x64
		{D3A2882C-410A-4F58-8ACE-A771888073E8}.Debug|x86.ActiveCfg = Debug|Win32
		{D3A2882C-410A-4F58-8ACE-A771888073E8}.Release|Any CPU.ActiveCfg = Release|Win32
		{D3A2882C-410A-4F58-8ACE-A771888073E8}.Release|Mixed Platforms.ActiveCfg = Release|Win32
		{D3A2882C-410A-4F58-8ACE-A771888073E8}.Release|Mixed Platforms.Build.0 = Release|Win32
		{D3A2882C-410A-4F58-8ACE-A771888073E8}.Release|Win32.ActiveCfg = Release|Win32
		{D3A2882C-410A-4F58-8ACE-A771888073E8}.Release|Win32.Build.0 = Release|Win32
		{D3A2882C-410A-4F58-8ACE-A771888073E8}.Release|x64.ActiveCfg = Release|x64
		{D3A2882C-410A-4F58-8ACE-A771888073E8}.Release|x64.Build.0 = Release|x64
		{D3A2882C-410A-4F58-8ACE-A771888073E8}.Release|x86.ActiveCfg = Release|x64
		{D9E130E1-7734-43DF-A7EF-15CD95E467EE}.Debug|Any CPU.ActiveCfg = Debug|Win32
		{D9E130E1-7734-43DF-A7EF-15CD95E467EE}.Debug|Mixed Platforms.ActiveCfg = Debug|Win32
		{D9E130E1-7734-43DF-A7EF-15CD95E467EE}.Debug|Mixed Platforms.Build.0 = Debug|Win32
		{D9E130E1-7734-43DF-A7EF-15CD95E467EE}.Debug|Win32.ActiveCfg = Debug|Win32
		{D9E130E1-7734-43DF-A7EF-15CD95E467EE}.Debug|Win32.Build.0 = Debug|Win32
		{D9E130E1-7734-43DF-A7EF-15CD95E467EE}.Debug|x64.ActiveCfg = Debug|x64
		{D9E130E1-7734-43DF-A7EF-15CD95E467EE}.Debug|x64.Build.0 = Debug|x64
		{D9E130E1-7734-43DF-A7EF-15CD95E467EE}.Debug|x86.ActiveCfg = Debug|Win32
		{D9E130E1-7734-43DF-A7EF-15CD95E467EE}.Release|Any CPU.ActiveCfg = Release|Win32
		{D9E130E1-7734-43DF-A7EF-15CD95E467EE}.Release|Mixed Platforms.ActiveCfg = Release|Win32
		{D9E130E1-7734-43DF-A7EF-15CD95E467EE}.Release|Mixed Platforms.Build.0 = Release|Win32
		{D9E130E1-7734-43DF-A7EF-15CD95E467EE}.Release|Win32.ActiveCfg = Release|Win32
		{D9E130E1-7734-43DF-A7EF-15CD95E467EE}.Release|Win32.Build.0 = Release|Win32
		{D9E130E1-7734-43DF-A7EF-15CD95E467EE}.Release|x64.ActiveCfg = Release|x64
		{D9E130E1-7734-43DF-A7EF-15CD95E467EE}.Release|x64.Build.0 = Release|x64
		{D9E130E1-7734-43DF-A7EF-15CD95E467EE}.Release|x86.ActiveCfg = Release|x64
		{E5D3D9AA-CF7A-11DA-85E2-A4E5714C712A}.Debug|Any CPU.ActiveCfg = Debug|Win32
		{E5D3D9AA-CF7A-11DA-85E2-A4E5714C712A}.Debug|Mixed Platforms.ActiveCfg = Debug|Win32
		{E5D3D9AA-CF7A-11DA-85E2-A4E5714C712A}.Debug|Mixed Platforms.Build.0 = Debug|Win32
		{E5D3D9AA-CF7A-11DA-85E2-A4E5714C712A}.Debug|Win32.ActiveCfg = Debug|Win32
		{E5D3D9AA-CF7A-11DA-85E2-A4E5714C712A}.Debug|Win32.Build.0 = Debug|Win32
		{E5D3D9AA-CF7A-11DA-85E2-A4E5714C712A}.Debug|x64.ActiveCfg = Debug|x64
		{E5D3D9AA-CF7A-11DA-85E2-A4E5714C712A}.Debug|x64.Build.0 = Debug|x64
		{E5D3D9AA-CF7A-11DA-85E2-A4E5714C712A}.Debug|x86.ActiveCfg = Debug|Win32
		{E5D3D9AA-CF7A-11DA-85E2-A4E5714C712A}.Release|Any CPU.ActiveCfg = Release|Win32
		{E5D3D9AA-CF7A-11DA-85E2-A4E5714C712A}.Release|Mixed Platforms.ActiveCfg = Release|Win32
		{E5D3D9AA-CF7A-11DA-85E2-A4E5714C712A}.Release|Mixed Platforms.Build.0 = Release|Win32
		{E5D3D9AA-CF7A-11DA-85E2-A4E5714C712A}.Release|Win32.ActiveCfg = Release|Win32
		{E5D3D9AA-CF7A-11DA-85E2-A4E5714C712A}.Release|Win32.Build.0 = Release|Win32
		{E5D3D9AA-CF7A-11DA-85E2-A4E5714C712A}.Release|x64.ActiveCfg = Release|x64
		{E5D3D9AA-CF7A-11DA-85E2-A4E5714C712A}.Release|x64.Build.0 = Release|x64
		{E5D3D9AA-CF7A-11DA-85E2-A4E5714C712A}.Release|x86.ActiveCfg = Release|x64
		{EB22A6B6-CF7A-11DA-85E2-A4E5714C712A}.Debug|Any CPU.ActiveCfg = Debug|Win32
		{EB22A6B6-CF7A-11DA-85E2-A4E5714C712A}.Debug|Mixed Platforms.ActiveCfg = Debug|Win32
		{EB22A6B6-CF7A-11DA-85E2-A4E5714C712A}.Debug|Win32.ActiveCfg = Debug|Win32
		{EB22A6B6-CF7A-11DA-85E2-A4E5714C712A}.Debug|Win32.Build.0 = Debug|Win32
		{EB22A6B6-CF7A-11DA-85E2-A4E5714C712A}.Debug|x64.ActiveCfg = Debug|x64
		{EB22A6B6-CF7A-11DA-85E2-A4E5714C712A}.Debug|x64.Build.0 = Debug|x64
		{EB22A6B6-CF7A-11DA-85E2-A4E5714C712A}.Debug|x86.ActiveCfg = Debug|Win32
		{EB22A6B6-CF7A-11DA-85E2-A4E5714C712A}.Release|Any CPU.ActiveCfg = Release|Win32
		{EB22A6B6-CF7A-11DA-85E2-A4E5714C712A}.Release|Mixed Platforms.ActiveCfg = Release|Win32
		{EB22A6B6-CF7A-11DA-85E2-A4E5714C712A}.Release|Mixed Platforms.Build.0 = Release|Win32
		{EB22A6B6-CF7A-11DA-85E2-A4E5714C712A}.Release|Win32.ActiveCfg = Release|Win32
		{EB22A6B6-CF7A-11DA-85E2-A4E5714C712A}.Release|Win32.Build.0 = Release|Win32
		{EB22A6B6-CF7A-11DA-85E2-A4E5714C712A}.Release|x64.ActiveCfg = Release|x64
		{EB22A6B6-CF7A-11DA-85E2-A4E5714C712A}.Release|x64.Build.0 = Release|x64
		{EB22A6B6-CF7A-11DA-85E2-A4E5714C712A}.Release|x86.ActiveCfg = Release|x64
		{EF98F42A-CF7A-11DA-85E2-A4E5714C712A}.Debug|Any CPU.ActiveCfg = Debug|Win32
		{EF98F42A-CF7A-11DA-85E2-A4E5714C712A}.Debug|Mixed Platforms.ActiveCfg = Debug|Win32
		{EF98F42A-CF7A-11DA-85E2-A4E5714C712A}.Debug|Mixed Platforms.Build.0 = Debug|Win32
		{EF98F42A-CF7A-11DA-85E2-A4E5714C712A}.Debug|Win32.ActiveCfg = Debug|Win32
		{EF98F42A-CF7A-11DA-85E2-A4E5714C712A}.Debug|Win32.Build.0 = Debug|Win32
		{EF98F42A-CF7A-11DA-85E2-A4E5714C712A}.Debug|x64.ActiveCfg = Debug|x64
		{EF98F42A-CF7A-11DA-85E2-A4E5714C712A}.Debug|x64.Build.0 = Debug|x64
		{EF98F42A-CF7A-11DA-85E2-A4E5714C712A}.Debug|x86.ActiveCfg = Debug|Win32
		{EF98F42A-CF7A-11DA-85E2-A4E5714C712A}.Release|Any CPU.ActiveCfg = Release|Win32
		{EF98F42A-CF7A-11DA-85E2-A4E5714C712A}.Release|Mixed Platforms.ActiveCfg = Release|Win32
		{EF98F42A-CF7A-11DA-85E2-A4E5714C712A}.Release|Mixed Platforms.Build.0 = Release|Win32
		{EF98F42A-CF7A-11DA-85E2-A4E5714C712A}.Release|Win32.ActiveCfg = Release|Win32
		{EF98F42A-CF7A-11DA-85E2-A4E5714C712A}.Release|Win32.Build.0 = Release|Win32
		{EF98F42A-CF7A-11DA-85E2-A4E5714C712A}.Release|x64.ActiveCfg = Release|x64
		{EF98F42A-CF7A-11DA-85E2-A4E5714C712A}.Release|x64.Build.0 = Release|x64
		{EF98F42A-CF7A-11DA-85E2-A4E5714C712A}.Release|x86.ActiveCfg = Release|x64
		{031DB868-5294-4738-90BA-F80BB2CEA9DC}.Debug|Any CPU.ActiveCfg = Debug|Win32
		{031DB868-5294-4738-90BA-F80BB2CEA9DC}.Debug|Mixed Platforms.ActiveCfg = Debug|Win32
		{031DB868-5294-4738-90BA-F80BB2CEA9DC}.Debug|Mixed Platforms.Build.0 = Debug|Win32
		{031DB868-5294-4738-90BA-F80BB2CEA9DC}.Debug|Win32.ActiveCfg = Debug|Win32
		{031DB868-5294-4738-90BA-F80BB2CEA9DC}.Debug|Win32.Build.0 = Debug|Win32
		{031DB868-5294-4738-90BA-F80BB2CEA9DC}.Debug|x64.ActiveCfg = Debug|x64
		{031DB868-5294-4738-90BA-F80BB2CEA9DC}.Debug|x64.Build.0 = Debug|x64
		{031DB868-5294-4738-90BA-F80BB2CEA9DC}.Debug|x86.ActiveCfg = Debug|Win32
		{031DB868-5294-4738-90BA-F80BB2CEA9DC}.Release|Any CPU.ActiveCfg = Release|Win32
		{031DB868-5294-4738-90BA-F80BB2CEA9DC}.Release|Mixed Platforms.ActiveCfg = Release|Win32
		{031DB868-5294-4738-90BA-F80BB2CEA9DC}.Release|Mixed Platforms.Build.0 = Release|Win32
		{031DB868-5294-4738-90BA-F80BB2CEA9DC}.Release|Win32.ActiveCfg = Release|Win32
		{031DB868-5294-4738-90BA-F80BB2CEA9DC}.Release|Win32.Build.0 = Release|Win32
		{031DB868-5294-4738-90BA-F80BB2CEA9DC}.Release|x64.ActiveCfg = Release|x64
		{031DB868-5294-4738-90BA-F80BB2CEA9DC}.Release|x64.Build.0 = Release|x64
		{031DB868-5294-4738-90BA-F80BB2CEA9DC}.Release|x86.ActiveCfg = Release|x64
		{3D1A94CE-CF7B-11DA-85E2-A4E5714C712A}.Debug|Any CPU.ActiveCfg = Debug|Win32
		{3D1A94CE-CF7B-11DA-85E2-A4E5714C712A}.Debug|Mixed Platforms.ActiveCfg = Debug|Win32
		{3D1A94CE-CF7B-11DA-85E2-A4E5714C712A}.Debug|Mixed Platforms.Build.0 = Debug|Win32
		{3D1A94CE-CF7B-11DA-85E2-A4E5714C712A}.Debug|Win32.ActiveCfg = Debug|Win32
		{3D1A94CE-CF7B-11DA-85E2-A4E5714C712A}.Debug|Win32.Build.0 = Debug|Win32
		{3D1A94CE-CF7B-11DA-85E2-A4E5714C712A}.Debug|x64.ActiveCfg = Debug|x64
		{3D1A94CE-CF7B-11DA-85E2-A4E5714C712A}.Debug|x64.Build.0 = Debug|x64
		{3D1A94CE-CF7B-11DA-85E2-A4E5714C712A}.Debug|x86.ActiveCfg = Debug|Win32
		{3D1A94CE-CF7B-11DA-85E2-A4E5714C712A}.Release|Any CPU.ActiveCfg = Release|Win32
		{3D1A94CE-CF7B-11DA-85E2-A4E5714C712A}.Release|Mixed Platforms.ActiveCfg = Release|Win32
		{3D1A94CE-CF7B-11DA-85E2-A4E5714C712A}.Release|Mixed Platforms.Build.0 = Release|Win32
		{3D1A94CE-CF7B-11DA-85E2-A4E5714C712A}.Release|Win32.ActiveCfg = Release|Win32
		{3D1A94CE-CF7B-11DA-85E2-A4E5714C712A}.Release|Win32.Build.0 = Release|Win32
		{3D1A94CE-CF7B-11DA-85E2-A4E5714C712A}.Release|x64.ActiveCfg = Release|x64
		{3D1A94CE-CF7B-11DA-85E2-A4E5714C712A}.Release|x64.Build.0 = Release|x64
		{3D1A94CE-CF7B-11DA-85E2-A4E5714C712A}.Release|x86.ActiveCfg = Release|x64
		{F357CF96-CF7A-11DA-85E2-A4E5714C712A}.Debug|Any CPU.ActiveCfg = Debug|Win32
		{F357CF96-CF7A-11DA-85E2-A4E5714C712A}.Debug|Mixed Platforms.ActiveCfg = Debug|Win32
		{F357CF96-CF7A-11DA-85E2-A4E5714C712A}.Debug|Win32.ActiveCfg = Debug|Win32
		{F357CF96-CF7A-11DA-85E2-A4E5714C712A}.Debug|x64.ActiveCfg = Debug|x64
		{F357CF96-CF7A-11DA-85E2-A4E5714C712A}.Debug|x86.ActiveCfg = Debug|Win32
		{F357CF96-CF7A-11DA-85E2-A4E5714C712A}.Release|Any CPU.ActiveCfg = Release|Win32
		{F357CF96-CF7A-11DA-85E2-A4E5714C712A}.Release|Mixed Platforms.ActiveCfg = Release|Win32
		{F357CF96-CF7A-11DA-85E2-A4E5714C712A}.Release|Mixed Platforms.Build.0 = Release|Win32
		{F357CF96-CF7A-11DA-85E2-A4E5714C712A}.Release|Win32.ActiveCfg = Release|Win32
		{F357CF96-CF7A-11DA-85E2-A4E5714C712A}.Release|Win32.Build.0 = Release|Win32
		{F357CF96-CF7A-11DA-85E2-A4E5714C712A}.Release|x64.ActiveCfg = Release|x64
		{F357CF96-CF7A-11DA-85E2-A4E5714C712A}.Release|x86.ActiveCfg = Release|x64
		{8D07389F-F48A-49B9-BED9-F71FCBACC4A8}.Debug|Any CPU.ActiveCfg = Debug|Win32
		{8D07389F-F48A-49B9-BED9-F71FCBACC4A8}.Debug|Mixed Platforms.ActiveCfg = Debug|Win32
		{8D07389F-F48A-49B9-BED9-F71FCBACC4A8}.Debug|Mixed Platforms.Build.0 = Debug|Win32
		{8D07389F-F48A-49B9-BED9-F71FCBACC4A8}.Debug|Win32.ActiveCfg = Debug|Win32
		{8D07389F-F48A-49B9-BED9-F71FCBACC4A8}.Debug|Win32.Build.0 = Debug|Win32
		{8D07389F-F48A-49B9-BED9-F71FCBACC4A8}.Debug|x64.ActiveCfg = Debug|x64
		{8D07389F-F48A-49B9-BED9-F71FCBACC4A8}.Debug|x64.Build.0 = Debug|x64
		{8D07389F-F48A-49B9-BED9-F71FCBACC4A8}.Debug|x86.ActiveCfg = Debug|Win32
		{8D07389F-F48A-49B9-BED9-F71FCBACC4A8}.Release|Any CPU.ActiveCfg = Release|Win32
		{8D07389F-F48A-49B9-BED9-F71FCBACC4A8}.Release|Mixed Platforms.ActiveCfg = Release|Win32
		{8D07389F-F48A-49B9-BED9-F71FCBACC4A8}.Release|Mixed Platforms.Build.0 = Release|Win32
		{8D07389F-F48A-49B9-BED9-F71FCBACC4A8}.Release|Win32.ActiveCfg = Release|Win32
		{8D07389F-F48A-49B9-BED9-F71FCBACC4A8}.Release|Win32.Build.0 = Release|Win32
		{8D07389F-F48A-49B9-BED9-F71FCBACC4A8}.Release|x64.ActiveCfg = Release|x64
		{8D07389F-F48A-49B9-BED9-F71FCBACC4A8}.Release|x64.Build.0 = Release|x64
		{8D07389F-F48A-49B9-BED9-F71FCBACC4A8}.Release|x86.ActiveCfg = Release|x64
		{02AD88A0-CF7B-11DA-85E2-A4E5714C712A}.Debug|Any CPU.ActiveCfg = Debug|Win32
		{02AD88A0-CF7B-11DA-85E2-A4E5714C712A}.Debug|Mixed Platforms.ActiveCfg = Debug|Win32
		{02AD88A0-CF7B-11DA-85E2-A4E5714C712A}.Debug|Mixed Platforms.Build.0 = Debug|Win32
		{02AD88A0-CF7B-11DA-85E2-A4E5714C712A}.Debug|Win32.ActiveCfg = Debug|Win32
		{02AD88A0-CF7B-11DA-85E2-A4E5714C712A}.Debug|Win32.Build.0 = Debug|Win32
		{02AD88A0-CF7B-11DA-85E2-A4E5714C712A}.Debug|x64.ActiveCfg = Debug|x64
		{02AD88A0-CF7B-11DA-85E2-A4E5714C712A}.Debug|x86.ActiveCfg = Debug|Win32
		{02AD88A0-CF7B-11DA-85E2-A4E5714C712A}.Release|Any CPU.ActiveCfg = Release|Win32
		{02AD88A0-CF7B-11DA-85E2-A4E5714C712A}.Release|Mixed Platforms.ActiveCfg = Release|Win32
		{02AD88A0-CF7B-11DA-85E2-A4E5714C712A}.Release|Mixed Platforms.Build.0 = Release|Win32
		{02AD88A0-CF7B-11DA-85E2-A4E5714C712A}.Release|Win32.ActiveCfg = Release|Win32
		{02AD88A0-CF7B-11DA-85E2-A4E5714C712A}.Release|Win32.Build.0 = Release|Win32
		{02AD88A0-CF7B-11DA-85E2-A4E5714C712A}.Release|x64.ActiveCfg = Release|x64
		{02AD88A0-CF7B-11DA-85E2-A4E5714C712A}.Release|x64.Build.0 = Release|x64
		{02AD88A0-CF7B-11DA-85E2-A4E5714C712A}.Release|x86.ActiveCfg = Release|x64
		{08D454B6-CF7B-11DA-85E2-A4E5714C712A}.Debug|Any CPU.ActiveCfg = Debug|Win32
		{08D454B6-CF7B-11DA-85E2-A4E5714C712A}.Debug|Mixed Platforms.ActiveCfg = Debug|Win32
		{08D454B6-CF7B-11DA-85E2-A4E5714C712A}.Debug|Win32.ActiveCfg = Debug|Win32
		{08D454B6-CF7B-11DA-85E2-A4E5714C712A}.Debug|Win32.Build.0 = Debug|Win32
		{08D454B6-CF7B-11DA-85E2-A4E5714C712A}.Debug|x64.ActiveCfg = Debug|x64
		{08D454B6-CF7B-11DA-85E2-A4E5714C712A}.Debug|x86.ActiveCfg = Debug|Win32
		{08D454B6-CF7B-11DA-85E2-A4E5714C712A}.Release|Any CPU.ActiveCfg = Release|Win32
		{08D454B6-CF7B-11DA-85E2-A4E5714C712A}.Release|Mixed Platforms.ActiveCfg = Release|Win32
		{08D454B6-CF7B-11DA-85E2-A4E5714C712A}.Release|Mixed Platforms.Build.0 = Release|Win32
		{08D454B6-CF7B-11DA-85E2-A4E5714C712A}.Release|Win32.ActiveCfg = Release|Win32
		{08D454B6-CF7B-11DA-85E2-A4E5714C712A}.Release|Win32.Build.0 = Release|Win32
		{08D454B6-CF7B-11DA-85E2-A4E5714C712A}.Release|x64.ActiveCfg = Release|x64
		{08D454B6-CF7B-11DA-85E2-A4E5714C712A}.Release|x86.ActiveCfg = Release|x64
		{0E838FA8-CF7B-11DA-85E2-A4E5714C712A}.Debug|Any CPU.ActiveCfg = Debug|Win32
		{0E838FA8-CF7B-11DA-85E2-A4E5714C712A}.Debug|Mixed Platforms.ActiveCfg = Debug|Win32
		{0E838FA8-CF7B-11DA-85E2-A4E5714C712A}.Debug|Mixed Platforms.Build.0 = Debug|Win32
		{0E838FA8-CF7B-11DA-85E2-A4E5714C712A}.Debug|Win32.ActiveCfg = Debug|Win32
		{0E838FA8-CF7B-11DA-85E2-A4E5714C712A}.Debug|Win32.Build.0 = Debug|Win32
		{0E838FA8-CF7B-11DA-85E2-A4E5714C712A}.Debug|x64.ActiveCfg = Debug|x64
		{0E838FA8-CF7B-11DA-85E2-A4E5714C712A}.Debug|x64.Build.0 = Debug|x64
		{0E838FA8-CF7B-11DA-85E2-A4E5714C712A}.Debug|x86.ActiveCfg = Debug|Win32
		{0E838FA8-CF7B-11DA-85E2-A4E5714C712A}.Release|Any CPU.ActiveCfg = Release|Win32
		{0E838FA8-CF7B-11DA-85E2-A4E5714C712A}.Release|Mixed Platforms.ActiveCfg = Release|Win32
		{0E838FA8-CF7B-11DA-85E2-A4E5714C712A}.Release|Mixed Platforms.Build.0 = Release|Win32
		{0E838FA8-CF7B-11DA-85E2-A4E5714C712A}.Release|Win32.ActiveCfg = Release|Win32
		{0E838FA8-CF7B-11DA-85E2-A4E5714C712A}.Release|Win32.Build.0 = Release|Win32
		{0E838FA8-CF7B-11DA-85E2-A4E5714C712A}.Release|x64.ActiveCfg = Release|x64
		{0E838FA8-CF7B-11DA-85E2-A4E5714C712A}.Release|x64.Build.0 = Release|x64
		{0E838FA8-CF7B-11DA-85E2-A4E5714C712A}.Release|x86.ActiveCfg = Release|x64
		{F4E88BFA-FC96-439D-9E67-0A92AB541EE0}.Debug|Any CPU.ActiveCfg = Debug|Win32
		{F4E88BFA-FC96-439D-9E67-0A92AB541EE0}.Debug|Mixed Platforms.ActiveCfg = Debug|Win32
		{F4E88BFA-FC96-439D-9E67-0A92AB541EE0}.Debug|Mixed Platforms.Build.0 = Debug|Win32
		{F4E88BFA-FC96-439D-9E67-0A92AB541EE0}.Debug|Win32.ActiveCfg = Debug|Win32
		{F4E88BFA-FC96-439D-9E67-0A92AB541EE0}.Debug|Win32.Build.0 = Debug|Win32
		{F4E88BFA-FC96-439D-9E67-0A92AB541EE0}.Debug|x64.ActiveCfg = Debug|x64
		{F4E88BFA-FC96-439D-9E67-0A92AB541EE0}.Debug|x64.Build.0 = Debug|x64
		{F4E88BFA-FC96-439D-9E67-0A92AB541EE0}.Debug|x86.ActiveCfg = Debug|Win32
		{F4E88BFA-FC96-439D-9E67-0A92AB541EE0}.Release|Any CPU.ActiveCfg = Release|Win32
		{F4E88BFA-FC96-439D-9E67-0A92AB541EE0}.Release|Mixed Platforms.ActiveCfg = Release|Win32
		{F4E88BFA-FC96-439D-9E67-0A92AB541EE0}.Release|Mixed Platforms.Build.0 = Release|Win32
		{F4E88BFA-FC96-439D-9E67-0A92AB541EE0}.Release|Win32.ActiveCfg = Release|Win32
		{F4E88BFA-FC96-439D-9E67-0A92AB541EE0}.Release|Win32.Build.0 = Release|Win32
		{F4E88BFA-FC96-439D-9E67-0A92AB541EE0}.Release|x64.ActiveCfg = Release|x64
		{F4E88BFA-FC96-439D-9E67-0A92AB541EE0}.Release|x64.Build.0 = Release|x64
		{F4E88BFA-FC96-439D-9E67-0A92AB541EE0}.Release|x86.ActiveCfg = Release|x64
		{93051962-7797-49F0-8958-BB1CE60FFE6F}.Debug|Any CPU.ActiveCfg = Debug|Win32
		{93051962-7797-49F0-8958-BB1CE60FFE6F}.Debug|Mixed Platforms.ActiveCfg = Debug|Win32
		{93051962-7797-49F0-8958-BB1CE60FFE6F}.Debug|Mixed Platforms.Build.0 = Debug|Win32
		{93051962-7797-49F0-8958-BB1CE60FFE6F}.Debug|Win32.ActiveCfg = Debug|Win32
		{93051962-7797-49F0-8958-BB1CE60FFE6F}.Debug|Win32.Build.0 = Debug|Win32
		{93051962-7797-49F0-8958-BB1CE60FFE6F}.Debug|x64.ActiveCfg = Debug|x64
		{93051962-7797-49F0-8958-BB1CE60FFE6F}.Debug|x64.Build.0 = Debug|x64
		{93051962-7797-49F0-8958-BB1CE60FFE6F}.Debug|x86.ActiveCfg = Debug|Win32
		{93051962-7797-49F0-8958-BB1CE60FFE6F}.Release|Any CPU.ActiveCfg = Release|Win32
		{93051962-7797-49F0-8958-BB1CE60FFE6F}.Release|Mixed Platforms.ActiveCfg = Release|Win32
		{93051962-7797-49F0-8958-BB1CE60FFE6F}.Release|Mixed Platforms.Build.0 = Release|Win32
		{93051962-7797-49F0-8958-BB1CE60FFE6F}.Release|Win32.ActiveCfg = Release|Win32
		{93051962-7797-49F0-8958-BB1CE60FFE6F}.Release|Win32.Build.0 = Release|Win32
		{93051962-7797-49F0-8958-BB1CE60FFE6F}.Release|x64.ActiveCfg = Release|x64
		{93051962-7797-49F0-8958-BB1CE60FFE6F}.Release|x64.Build.0 = Release|x64
		{93051962-7797-49F0-8958-BB1CE60FFE6F}.Release|x86.ActiveCfg = Release|x64
		{A66E395B-18EE-4877-8F0D-386A7BBAB370}.Debug|Any CPU.ActiveCfg = Debug|Win32
		{A66E395B-18EE-4877-8F0D-386A7BBAB370}.Debug|Mixed Platforms.ActiveCfg = Debug|Win32
		{A66E395B-18EE-4877-8F0D-386A7BBAB370}.Debug|Mixed Platforms.Build.0 = Debug|Win32
		{A66E395B-18EE-4877-8F0D-386A7BBAB370}.Debug|Win32.ActiveCfg = Debug|Win32
		{A66E395B-18EE-4877-8F0D-386A7BBAB370}.Debug|Win32.Build.0 = Debug|Win32
		{A66E395B-18EE-4877-8F0D-386A7BBAB370}.Debug|x64.ActiveCfg = Debug|x64
		{A66E395B-18EE-4877-8F0D-386A7BBAB370}.Debug|x64.Build.0 = Debug|x64
		{A66E395B-18EE-4877-8F0D-386A7BBAB370}.Debug|x86.ActiveCfg = Debug|Win32
		{A66E395B-18EE-4877-8F0D-386A7BBAB370}.Release|Any CPU.ActiveCfg = Release|Win32
		{A66E395B-18EE-4877-8F0D-386A7BBAB370}.Release|Mixed Platforms.ActiveCfg = Release|Win32
		{A66E395B-18EE-4877-8F0D-386A7BBAB370}.Release|Mixed Platforms.Build.0 = Release|Win32
		{A66E395B-18EE-4877-8F0D-386A7BBAB370}.Release|Win32.ActiveCfg = Release|Win32
		{A66E395B-18EE-4877-8F0D-386A7BBAB370}.Release|Win32.Build.0 = Release|Win32
		{A66E395B-18EE-4877-8F0D-386A7BBAB370}.Release|x64.ActiveCfg = Release|x64
		{A66E395B-18EE-4877-8F0D-386A7BBAB370}.Release|x64.Build.0 = Release|x64
		{A66E395B-18EE-4877-8F0D-386A7BBAB370}.Release|x86.ActiveCfg = Release|x64
		{A326A0DF-4F93-4DF6-813D-0B64F98B389F}.Debug|Any CPU.ActiveCfg = Debug|Win32
		{A326A0DF-4F93-4DF6-813D-0B64F98B389F}.Debug|Mixed Platforms.ActiveCfg = Debug|Win32
		{A326A0DF-4F93-4DF6-813D-0B64F98B389F}.Debug|Mixed Platforms.Build.0 = Debug|Win32
		{A326A0DF-4F93-4DF6-813D-0B64F98B389F}.Debug|Win32.ActiveCfg = Debug|Win32
		{A326A0DF-4F93-4DF6-813D-0B64F98B389F}.Debug|Win32.Build.0 = Debug|Win32
		{A326A0DF-4F93-4DF6-813D-0B64F98B389F}.Debug|x64.ActiveCfg = Debug|x64
		{A326A0DF-4F93-4DF6-813D-0B64F98B389F}.Debug|x64.Build.0 = Debug|x64
		{A326A0DF-4F93-4DF6-813D-0B64F98B389F}.Debug|x86.ActiveCfg = Debug|Win32
		{A326A0DF-4F93-4DF6-813D-0B64F98B389F}.Release|Any CPU.ActiveCfg = Release|Win32
		{A326A0DF-4F93-4DF6-813D-0B64F98B389F}.Release|Mixed Platforms.ActiveCfg = Release|Win32
		{A326A0DF-4F93-4DF6-813D-0B64F98B389F}.Release|Mixed Platforms.Build.0 = Release|Win32
		{A326A0DF-4F93-4DF6-813D-0B64F98B389F}.Release|Win32.ActiveCfg = Release|Win32
		{A326A0DF-4F93-4DF6-813D-0B64F98B389F}.Release|Win32.Build.0 = Release|Win32
		{A326A0DF-4F93-4DF6-813D-0B64F98B389F}.Release|x64.ActiveCfg = Release|x64
		{A326A0DF-4F93-4DF6-813D-0B64F98B389F}.Release|x64.Build.0 = Release|x64
		{A326A0DF-4F93-4DF6-813D-0B64F98B389F}.Release|x86.ActiveCfg = Release|x64
		{0C234EF0-7725-4BDA-A1C3-47F5835A3837}.Debug|Any CPU.ActiveCfg = Debug|Win32
		{0C234EF0-7725-4BDA-A1C3-47F5835A3837}.Debug|Mixed Platforms.ActiveCfg = Debug|Win32
		{0C234EF0-7725-4BDA-A1C3-47F5835A3837}.Debug|Mixed Platforms.Build.0 = Debug|Win32
		{0C234EF0-7725-4BDA-A1C3-47F5835A3837}.Debug|Win32.ActiveCfg = Debug|Win32
		{0C234EF0-7725-4BDA-A1C3-47F5835A3837}.Debug|Win32.Build.0 = Debug|Win32
		{0C234EF0-7725-4BDA-A1C3-47F5835A3837}.Debug|x64.ActiveCfg = Debug|x64
		{0C234EF0-7725-4BDA-A1C3-47F5835A3837}.Debug|x64.Build.0 = Debug|x64
		{0C234EF0-7725-4BDA-A1C3-47F5835A3837}.Debug|x86.ActiveCfg = Debug|Win32
		{0C234EF0-7725-4BDA-A1C3-47F5835A3837}.Release|Any CPU.ActiveCfg = Release|Win32
		{0C234EF0-7725-4BDA-A1C3-47F5835A3837}.Release|Mixed Platforms.ActiveCfg = Release|Win32
		{0C234EF0-7725-4BDA-A1C3-47F5835A3837}.Release|Mixed Platforms.Build.0 = Release|Win32
		{0C234EF0-7725-4BDA-A1C3-47F5835A3837}.Release|Win32.ActiveCfg = Release|Win32
		{0C234EF0-7725-4BDA-A1C3-47F5835A3837}.Release|Win32.Build.0 = Release|Win32
		{0C234EF0-7725-4BDA-A1C3-47F5835A3837}.Release|x64.ActiveCfg = Release|x64
		{0C234EF0-7725-4BDA-A1C3-47F5835A3837}.Release|x64.Build.0 = Release|x64
		{0C234EF0-7725-4BDA-A1C3-47F5835A3837}.Release|x86.ActiveCfg = Release|x64
		{86645C8E-3BBE-4E1E-A8AE-C6990B4ECC64}.Debug|Any CPU.ActiveCfg = Debug|Win32
		{86645C8E-3BBE-4E1E-A8AE-C6990B4ECC64}.Debug|Mixed Platforms.ActiveCfg = Debug|Win32
		{86645C8E-3BBE-4E1E-A8AE-C6990B4ECC64}.Debug|Mixed Platforms.Build.0 = Debug|Win32
		{86645C8E-3BBE-4E1E-A8AE-C6990B4ECC64}.Debug|Win32.ActiveCfg = Debug|Win32
		{86645C8E-3BBE-4E1E-A8AE-C6990B4ECC64}.Debug|Win32.Build.0 = Debug|Win32
		{86645C8E-3BBE-4E1E-A8AE-C6990B4ECC64}.Debug|x64.ActiveCfg = Debug|x64
		{86645C8E-3BBE-4E1E-A8AE-C6990B4ECC64}.Debug|x64.Build.0 = Debug|x64
		{86645C8E-3BBE-4E1E-A8AE-C6990B4ECC64}.Debug|x86.ActiveCfg = Debug|Win32
		{86645C8E-3BBE-4E1E-A8AE-C6990B4ECC64}.Release|Any CPU.ActiveCfg = Release|Win32
		{86645C8E-3BBE-4E1E-A8AE-C6990B4ECC64}.Release|Mixed Platforms.ActiveCfg = Release|Win32
		{86645C8E-3BBE-4E1E-A8AE-C6990B4ECC64}.Release|Mixed Platforms.Build.0 = Release|Win32
		{86645C8E-3BBE-4E1E-A8AE-C6990B4ECC64}.Release|Win32.ActiveCfg = Release|Win32
		{86645C8E-3BBE-4E1E-A8AE-C6990B4ECC64}.Release|Win32.Build.0 = Release|Win32
		{86645C8E-3BBE-4E1E-A8AE-C6990B4ECC64}.Release|x64.ActiveCfg = Release|x64
		{86645C8E-3BBE-4E1E-A8AE-C6990B4ECC64}.Release|x64.Build.0 = Release|x64
		{86645C8E-3BBE-4E1E-A8AE-C6990B4ECC64}.Release|x86.ActiveCfg = Release|x64
		{50E2DD3F-5B5E-4E62-9206-A41824905CD7}.Debug|Any CPU.ActiveCfg = Debug|Any CPU
		{50E2DD3F-5B5E-4E62-9206-A41824905CD7}.Debug|Any CPU.Build.0 = Debug|Any CPU
		{50E2DD3F-5B5E-4E62-9206-A41824905CD7}.Debug|Mixed Platforms.ActiveCfg = Debug|x86
		{50E2DD3F-5B5E-4E62-9206-A41824905CD7}.Debug|Mixed Platforms.Build.0 = Debug|x86
		{50E2DD3F-5B5E-4E62-9206-A41824905CD7}.Debug|Win32.ActiveCfg = Debug|x86
		{50E2DD3F-5B5E-4E62-9206-A41824905CD7}.Debug|x64.ActiveCfg = Debug|Any CPU
		{50E2DD3F-5B5E-4E62-9206-A41824905CD7}.Debug|x64.Build.0 = Debug|Any CPU
		{50E2DD3F-5B5E-4E62-9206-A41824905CD7}.Debug|x86.ActiveCfg = Debug|x86
		{50E2DD3F-5B5E-4E62-9206-A41824905CD7}.Debug|x86.Build.0 = Debug|x86
		{50E2DD3F-5B5E-4E62-9206-A41824905CD7}.Release|Any CPU.ActiveCfg = Release|Any CPU
		{50E2DD3F-5B5E-4E62-9206-A41824905CD7}.Release|Any CPU.Build.0 = Release|Any CPU
		{50E2DD3F-5B5E-4E62-9206-A41824905CD7}.Release|Mixed Platforms.ActiveCfg = Release|x86
		{50E2DD3F-5B5E-4E62-9206-A41824905CD7}.Release|Mixed Platforms.Build.0 = Release|x86
		{50E2DD3F-5B5E-4E62-9206-A41824905CD7}.Release|Win32.ActiveCfg = Release|x86
		{50E2DD3F-5B5E-4E62-9206-A41824905CD7}.Release|x64.ActiveCfg = Release|Any CPU
		{50E2DD3F-5B5E-4E62-9206-A41824905CD7}.Release|x64.Build.0 = Release|Any CPU
		{50E2DD3F-5B5E-4E62-9206-A41824905CD7}.Release|x86.ActiveCfg = Release|x86
		{50E2DD3F-5B5E-4E62-9206-A41824905CD7}.Release|x86.Build.0 = Release|x86
		{C5F98602-E5B9-11DA-85E2-A4E5714C712A}.Debug|Any CPU.ActiveCfg = Debug|x64
		{C5F98602-E5B9-11DA-85E2-A4E5714C712A}.Debug|Mixed Platforms.ActiveCfg = Debug|x64
		{C5F98602-E5B9-11DA-85E2-A4E5714C712A}.Debug|Mixed Platforms.Build.0 = Debug|x64
		{C5F98602-E5B9-11DA-85E2-A4E5714C712A}.Debug|Win32.ActiveCfg = Debug|Win32
		{C5F98602-E5B9-11DA-85E2-A4E5714C712A}.Debug|Win32.Build.0 = Debug|Win32
		{C5F98602-E5B9-11DA-85E2-A4E5714C712A}.Debug|x64.ActiveCfg = Debug|x64
		{C5F98602-E5B9-11DA-85E2-A4E5714C712A}.Debug|x86.ActiveCfg = Debug|x64
		{C5F98602-E5B9-11DA-85E2-A4E5714C712A}.Release|Any CPU.ActiveCfg = Release|x64
		{C5F98602-E5B9-11DA-85E2-A4E5714C712A}.Release|Mixed Platforms.ActiveCfg = Release|x64
		{C5F98602-E5B9-11DA-85E2-A4E5714C712A}.Release|Mixed Platforms.Build.0 = Release|x64
		{C5F98602-E5B9-11DA-85E2-A4E5714C712A}.Release|Win32.ActiveCfg = Release|Win32
		{C5F98602-E5B9-11DA-85E2-A4E5714C712A}.Release|Win32.Build.0 = Release|Win32
		{C5F98602-E5B9-11DA-85E2-A4E5714C712A}.Release|x64.ActiveCfg = Release|x64
		{C5F98602-E5B9-11DA-85E2-A4E5714C712A}.Release|x64.Build.0 = Release|x64
		{C5F98602-E5B9-11DA-85E2-A4E5714C712A}.Release|x86.ActiveCfg = Release|x64
		{4C517D78-E5B9-11DA-85E2-A4E5714C712A}.Debug|Any CPU.ActiveCfg = Debug|x64
		{4C517D78-E5B9-11DA-85E2-A4E5714C712A}.Debug|Mixed Platforms.ActiveCfg = Debug|x64
		{4C517D78-E5B9-11DA-85E2-A4E5714C712A}.Debug|Mixed Platforms.Build.0 = Debug|x64
		{4C517D78-E5B9-11DA-85E2-A4E5714C712A}.Debug|Win32.ActiveCfg = Debug|Win32
		{4C517D78-E5B9-11DA-85E2-A4E5714C712A}.Debug|Win32.Build.0 = Debug|Win32
		{4C517D78-E5B9-11DA-85E2-A4E5714C712A}.Debug|x64.ActiveCfg = Debug|x64
		{4C517D78-E5B9-11DA-85E2-A4E5714C712A}.Debug|x86.ActiveCfg = Debug|x64
		{4C517D78-E5B9-11DA-85E2-A4E5714C712A}.Release|Any CPU.ActiveCfg = Release|x64
		{4C517D78-E5B9-11DA-85E2-A4E5714C712A}.Release|Mixed Platforms.ActiveCfg = Release|x64
		{4C517D78-E5B9-11DA-85E2-A4E5714C712A}.Release|Mixed Platforms.Build.0 = Release|x64
		{4C517D78-E5B9-11DA-85E2-A4E5714C712A}.Release|Win32.ActiveCfg = Release|Win32
		{4C517D78-E5B9-11DA-85E2-A4E5714C712A}.Release|Win32.Build.0 = Release|Win32
		{4C517D78-E5B9-11DA-85E2-A4E5714C712A}.Release|x64.ActiveCfg = Release|x64
		{4C517D78-E5B9-11DA-85E2-A4E5714C712A}.Release|x64.Build.0 = Release|x64
		{4C517D78-E5B9-11DA-85E2-A4E5714C712A}.Release|x86.ActiveCfg = Release|x64
	EndGlobalSection
	GlobalSection(SolutionProperties) = preSolution
		HideSolutionNode = FALSE
	EndGlobalSection
EndGlobal
